PODS:
  - BlocksKit (2.2.2):
    - BlocksKit/All
  - BlocksKit/All (2.2.2):
    - BlocksKit/Core
    - BlocksKit/DynamicDelegate
    - BlocksKit/MessageUI
    - BlocksKit/UIKit
  - BlocksKit/Core (2.2.2)
  - BlocksKit/DynamicDelegate (2.2.2)
  - BlocksKit/MessageUI (2.2.2):
    - BlocksKit/Core
    - BlocksKit/DynamicDelegate
  - BlocksKit/UIKit (2.2.2):
    - BlocksKit/Core
    - BlocksKit/DynamicDelegate
  - libextobjc (0.4):
    - libextobjc/EXTADT
    - libextobjc/EXTConcreteProtocol
    - libextobjc/EXTKeyPathCoding
    - libextobjc/EXTNil
    - libextobjc/EXTSafeCategory
    - libextobjc/EXTScope
    - libextobjc/EXTSelectorChecking
    - libextobjc/EXTSynthesize
    - libextobjc/NSInvocation+EXT
    - libextobjc/NSMethodSignature+EXT
    - libextobjc/RuntimeExtensions
    - libextobjc/UmbrellaHeader
  - libextobjc/EXTADT (0.4):
    - libextobjc/RuntimeExtensions
  - libextobjc/EXTConcreteProtocol (0.4):
    - libextobjc/RuntimeExtensions
  - libextobjc/EXTKeyPathCoding (0.4):
    - libextobjc/RuntimeExtensions
  - libextobjc/EXTNil (0.4):
    - libextobjc/RuntimeExtensions
  - libextobjc/EXTSafeCategory (0.4):
    - libextobjc/RuntimeExtensions
  - libextobjc/EXTScope (0.4):
    - libextobjc/RuntimeExtensions
  - libextobjc/EXTSelectorChecking (0.4):
    - libextobjc/RuntimeExtensions
  - libextobjc/EXTSynthesize (0.4):
    - libextobjc/RuntimeExtensions
  - libextobjc/NSInvocation+EXT (0.4):
    - libextobjc/RuntimeExtensions
  - libextobjc/NSMethodSignature+EXT (0.4):
    - libextobjc/RuntimeExtensions
  - libextobjc/RuntimeExtensions (0.4)
  - libextobjc/UmbrellaHeader (0.4)
  - Mantle (1.4.1):
    - Mantle/extobjc
  - Mantle/extobjc (1.4.1)
  - TesseractOCRiOS (2.22)

DEPENDENCIES:
  - BlocksKit
  - libextobjc
  - Mantle
  - TesseractOCRiOS (from `https://github.com/gali8/Tesseract-OCR-iOS.git`)

EXTERNAL SOURCES:
  TesseractOCRiOS:
    :git: https://github.com/gali8/Tesseract-OCR-iOS.git

SPEC CHECKSUMS:
  BlocksKit: 125e4e69a62e3b85bacc5175737dae000b00b9fb
  libextobjc: 2c9fc8226f0f38e562587f65172f93f0c9b4a47a
  Mantle: 0714cdb2b8559d9e6c2410d6a8529e3307bff189
  TesseractOCRiOS: e7915e8f4d34b81fc099980d654cb1cc3a05e51b

COCOAPODS: 0.32.1
