// !$*UTF8*$!
{
	archiveVersion = 1;
	classes = {
	};
	objectVersion = 46;
	objects = {

/* Begin PBXBuildFile section */
		405AC1F215B202DE001BB625 /* SIReceipt.m in Sources */ = {isa = PBXBuildFile; fileRef = 405AC1F115B202DE001BB625 /* SIReceipt.m */; };
		405AC1F915B2072E001BB625 /* SIPerson.m in Sources */ = {isa = PBXBuildFile; fileRef = 405AC1F815B2072E001BB625 /* SIPerson.m */; };
		4066B90B16D190BA0082E878 /* SIReceiptPersonCollectionViewCell.m in Sources */ = {isa = PBXBuildFile; fileRef = 4066B90A16D190BA0082E878 /* SIReceiptPersonCollectionViewCell.m */; };
		407E99D815B1E41B00B930EE /* liblept.a in Frameworks */ = {isa = PBXBuildFile; fileRef = 407E99C615B1E41B00B930EE /* liblept.a */; };
		407E99D915B1E41C00B930EE /* libtesseract.a in Frameworks */ = {isa = PBXBuildFile; fileRef = 407E99C715B1E41B00B930EE /* libtesseract.a */; };
		407E99DA15B1E41C00B930EE /* libtesseract_all.a in Frameworks */ = {isa = PBXBuildFile; fileRef = 407E99C815B1E41B00B930EE /* libtesseract_all.a */; };
		407E99DB15B1E41C00B930EE /* libtesseract_api.a in Frameworks */ = {isa = PBXBuildFile; fileRef = 407E99C915B1E41B00B930EE /* libtesseract_api.a */; };
		407E99DC15B1E41C00B930EE /* libtesseract_ccstruct.a in Frameworks */ = {isa = PBXBuildFile; fileRef = 407E99CA15B1E41B00B930EE /* libtesseract_ccstruct.a */; };
		407E99DD15B1E41C00B930EE /* libtesseract_ccutil.a in Frameworks */ = {isa = PBXBuildFile; fileRef = 407E99CB15B1E41B00B930EE /* libtesseract_ccutil.a */; };
		407E99DE15B1E41C00B930EE /* libtesseract_classify.a in Frameworks */ = {isa = PBXBuildFile; fileRef = 407E99CC15B1E41B00B930EE /* libtesseract_classify.a */; };
		407E99DF15B1E41C00B930EE /* libtesseract_cube.a in Frameworks */ = {isa = PBXBuildFile; fileRef = 407E99CD15B1E41B00B930EE /* libtesseract_cube.a */; };
		407E99E015B1E41C00B930EE /* libtesseract_cutil.a in Frameworks */ = {isa = PBXBuildFile; fileRef = 407E99CE15B1E41B00B930EE /* libtesseract_cutil.a */; };
		407E99E115B1E41C00B930EE /* libtesseract_dict.a in Frameworks */ = {isa = PBXBuildFile; fileRef = 407E99CF15B1E41B00B930EE /* libtesseract_dict.a */; };
		407E99E215B1E41C00B930EE /* libtesseract_image.a in Frameworks */ = {isa = PBXBuildFile; fileRef = 407E99D015B1E41B00B930EE /* libtesseract_image.a */; };
		407E99E315B1E41C00B930EE /* libtesseract_main.a in Frameworks */ = {isa = PBXBuildFile; fileRef = 407E99D115B1E41B00B930EE /* libtesseract_main.a */; };
		407E99E415B1E41C00B930EE /* libtesseract_neural.a in Frameworks */ = {isa = PBXBuildFile; fileRef = 407E99D215B1E41B00B930EE /* libtesseract_neural.a */; };
		407E99E515B1E41C00B930EE /* libtesseract_tessopt.a in Frameworks */ = {isa = PBXBuildFile; fileRef = 407E99D315B1E41B00B930EE /* libtesseract_tessopt.a */; };
		407E99E615B1E41C00B930EE /* libtesseract_textord.a in Frameworks */ = {isa = PBXBuildFile; fileRef = 407E99D415B1E41B00B930EE /* libtesseract_textord.a */; };
		407E99E715B1E41C00B930EE /* libtesseract_training.a in Frameworks */ = {isa = PBXBuildFile; fileRef = 407E99D515B1E41B00B930EE /* libtesseract_training.a */; };
		407E99E815B1E41C00B930EE /* libtesseract_viewer.a in Frameworks */ = {isa = PBXBuildFile; fileRef = 407E99D615B1E41B00B930EE /* libtesseract_viewer.a */; };
		407E99E915B1E41C00B930EE /* libtesseract_wordrec.a in Frameworks */ = {isa = PBXBuildFile; fileRef = 407E99D715B1E41B00B930EE /* libtesseract_wordrec.a */; };
		407E99EC15B1E8C000B930EE /* SITesseractParser.mm in Sources */ = {isa = PBXBuildFile; fileRef = 407E99EB15B1E8C000B930EE /* SITesseractParser.mm */; };
		407E99EE15B1E9D300B930EE /* tessdata in Resources */ = {isa = PBXBuildFile; fileRef = 407E99ED15B1E9D300B930EE /* tessdata */; };
		4094D83816D3137F0088DC7E /* NSDate-Utilities.m in Sources */ = {isa = PBXBuildFile; fileRef = 4094D83716D3137F0088DC7E /* NSDate-Utilities.m */; };
		40A6D4DF16D01F560019AC60 /* MagicalImportFunctions.m in Sources */ = {isa = PBXBuildFile; fileRef = 40A6D4A716D01F560019AC60 /* MagicalImportFunctions.m */; };
		40A6D4E016D01F560019AC60 /* NSAttributeDescription+MagicalDataImport.m in Sources */ = {isa = PBXBuildFile; fileRef = 40A6D4A916D01F560019AC60 /* NSAttributeDescription+MagicalDataImport.m */; };
		40A6D4E116D01F560019AC60 /* NSEntityDescription+MagicalDataImport.m in Sources */ = {isa = PBXBuildFile; fileRef = 40A6D4AB16D01F560019AC60 /* NSEntityDescription+MagicalDataImport.m */; };
		40A6D4E216D01F560019AC60 /* NSNumber+MagicalDataImport.m in Sources */ = {isa = PBXBuildFile; fileRef = 40A6D4AD16D01F560019AC60 /* NSNumber+MagicalDataImport.m */; };
		40A6D4E316D01F560019AC60 /* NSObject+MagicalDataImport.m in Sources */ = {isa = PBXBuildFile; fileRef = 40A6D4AF16D01F560019AC60 /* NSObject+MagicalDataImport.m */; };
		40A6D4E416D01F560019AC60 /* NSRelationshipDescription+MagicalDataImport.m in Sources */ = {isa = PBXBuildFile; fileRef = 40A6D4B116D01F560019AC60 /* NSRelationshipDescription+MagicalDataImport.m */; };
		40A6D4E516D01F560019AC60 /* NSString+MagicalDataImport.m in Sources */ = {isa = PBXBuildFile; fileRef = 40A6D4B316D01F560019AC60 /* NSString+MagicalDataImport.m */; };
		40A6D4E616D01F560019AC60 /* NSManagedObject+MagicalAggregation.m in Sources */ = {isa = PBXBuildFile; fileRef = 40A6D4B616D01F560019AC60 /* NSManagedObject+MagicalAggregation.m */; };
		40A6D4E716D01F560019AC60 /* NSManagedObject+MagicalDataImport.m in Sources */ = {isa = PBXBuildFile; fileRef = 40A6D4B816D01F560019AC60 /* NSManagedObject+MagicalDataImport.m */; };
		40A6D4E816D01F560019AC60 /* NSManagedObject+MagicalFinders.m in Sources */ = {isa = PBXBuildFile; fileRef = 40A6D4BA16D01F560019AC60 /* NSManagedObject+MagicalFinders.m */; };
		40A6D4E916D01F560019AC60 /* NSManagedObject+MagicalRecord.m in Sources */ = {isa = PBXBuildFile; fileRef = 40A6D4BC16D01F560019AC60 /* NSManagedObject+MagicalRecord.m */; };
		40A6D4EA16D01F560019AC60 /* NSManagedObject+MagicalRequests.m in Sources */ = {isa = PBXBuildFile; fileRef = 40A6D4BE16D01F560019AC60 /* NSManagedObject+MagicalRequests.m */; };
		40A6D4EB16D01F560019AC60 /* NSManagedObjectContext+MagicalObserving.m in Sources */ = {isa = PBXBuildFile; fileRef = 40A6D4C116D01F560019AC60 /* NSManagedObjectContext+MagicalObserving.m */; };
		40A6D4EC16D01F560019AC60 /* NSManagedObjectContext+MagicalRecord.m in Sources */ = {isa = PBXBuildFile; fileRef = 40A6D4C316D01F560019AC60 /* NSManagedObjectContext+MagicalRecord.m */; };
		40A6D4ED16D01F560019AC60 /* NSManagedObjectContext+MagicalSaves.m in Sources */ = {isa = PBXBuildFile; fileRef = 40A6D4C516D01F560019AC60 /* NSManagedObjectContext+MagicalSaves.m */; };
		40A6D4EE16D01F560019AC60 /* NSManagedObjectContext+MagicalThreading.m in Sources */ = {isa = PBXBuildFile; fileRef = 40A6D4C716D01F560019AC60 /* NSManagedObjectContext+MagicalThreading.m */; };
		40A6D4EF16D01F560019AC60 /* NSManagedObjectModel+MagicalRecord.m in Sources */ = {isa = PBXBuildFile; fileRef = 40A6D4C916D01F560019AC60 /* NSManagedObjectModel+MagicalRecord.m */; };
		40A6D4F016D01F560019AC60 /* NSPersistentStore+MagicalRecord.m in Sources */ = {isa = PBXBuildFile; fileRef = 40A6D4CB16D01F560019AC60 /* NSPersistentStore+MagicalRecord.m */; };
		40A6D4F116D01F560019AC60 /* NSPersistentStoreCoordinator+MagicalRecord.m in Sources */ = {isa = PBXBuildFile; fileRef = 40A6D4CD16D01F560019AC60 /* NSPersistentStoreCoordinator+MagicalRecord.m */; };
		40A6D4F216D01F560019AC60 /* MagicalRecord+Actions.m in Sources */ = {isa = PBXBuildFile; fileRef = 40A6D4D016D01F560019AC60 /* MagicalRecord+Actions.m */; };
		40A6D4F316D01F560019AC60 /* MagicalRecord+ErrorHandling.m in Sources */ = {isa = PBXBuildFile; fileRef = 40A6D4D216D01F560019AC60 /* MagicalRecord+ErrorHandling.m */; };
		40A6D4F416D01F560019AC60 /* MagicalRecord+iCloud.m in Sources */ = {isa = PBXBuildFile; fileRef = 40A6D4D416D01F560019AC60 /* MagicalRecord+iCloud.m */; };
		40A6D4F516D01F560019AC60 /* MagicalRecord+Options.m in Sources */ = {isa = PBXBuildFile; fileRef = 40A6D4D616D01F560019AC60 /* MagicalRecord+Options.m */; };
		40A6D4F616D01F560019AC60 /* MagicalRecord+Setup.m in Sources */ = {isa = PBXBuildFile; fileRef = 40A6D4D816D01F560019AC60 /* MagicalRecord+Setup.m */; };
		40A6D4F716D01F560019AC60 /* MagicalRecord+ShorthandSupport.m in Sources */ = {isa = PBXBuildFile; fileRef = 40A6D4DA16D01F560019AC60 /* MagicalRecord+ShorthandSupport.m */; };
		40A6D4F816D01F560019AC60 /* MagicalRecord.m in Sources */ = {isa = PBXBuildFile; fileRef = 40A6D4DC16D01F560019AC60 /* MagicalRecord.m */; };
		40A6D4FA16D01FDC0019AC60 /* Default-568h@2x.png in Resources */ = {isa = PBXBuildFile; fileRef = 40A6D4F916D01FDC0019AC60 /* Default-568h@2x.png */; };
		40A6D4FD16D020160019AC60 /* CoreData.framework in Frameworks */ = {isa = PBXBuildFile; fileRef = 40A6D4FB16D0200E0019AC60 /* CoreData.framework */; };
		40A6D50316D0225C0019AC60 /* SIDataModel.xcdatamodeld in Sources */ = {isa = PBXBuildFile; fileRef = 40A6D50116D0225C0019AC60 /* SIDataModel.xcdatamodeld */; };
		40A6D50B16D025330019AC60 /* _SIPerson.m in Sources */ = {isa = PBXBuildFile; fileRef = 40A6D50616D025330019AC60 /* _SIPerson.m */; };
		40A6D50C16D025330019AC60 /* _SIReceipt.m in Sources */ = {isa = PBXBuildFile; fileRef = 40A6D50816D025330019AC60 /* _SIReceipt.m */; };
		40A6D50D16D025330019AC60 /* _SIReceiptItem.m in Sources */ = {isa = PBXBuildFile; fileRef = 40A6D50A16D025330019AC60 /* _SIReceiptItem.m */; };
		40A6D51016D025520019AC60 /* SIReceiptItem.m in Sources */ = {isa = PBXBuildFile; fileRef = 40A6D50F16D025520019AC60 /* SIReceiptItem.m */; };
		40A6D51316D026C40019AC60 /* SIReceiptListViewController.m in Sources */ = {isa = PBXBuildFile; fileRef = 40A6D51216D026C40019AC60 /* SIReceiptListViewController.m */; };
		40A6D51616D02BD90019AC60 /* SIReceiptViewController.m in Sources */ = {isa = PBXBuildFile; fileRef = 40A6D51516D02BD90019AC60 /* SIReceiptViewController.m */; };
		40A6D51916D0387C0019AC60 /* SIReceiptCreateViewController.m in Sources */ = {isa = PBXBuildFile; fileRef = 40A6D51816D0387C0019AC60 /* SIReceiptCreateViewController.m */; };
		40C4655D15B14A860047BB60 /* UIKit.framework in Frameworks */ = {isa = PBXBuildFile; fileRef = 40C4655C15B14A860047BB60 /* UIKit.framework */; };
		40C4655F15B14A860047BB60 /* Foundation.framework in Frameworks */ = {isa = PBXBuildFile; fileRef = 40C4655E15B14A860047BB60 /* Foundation.framework */; };
		40C4656115B14A860047BB60 /* CoreGraphics.framework in Frameworks */ = {isa = PBXBuildFile; fileRef = 40C4656015B14A860047BB60 /* CoreGraphics.framework */; };
		40C4656715B14A860047BB60 /* InfoPlist.strings in Resources */ = {isa = PBXBuildFile; fileRef = 40C4656515B14A860047BB60 /* InfoPlist.strings */; };
		40C4656915B14A860047BB60 /* main.m in Sources */ = {isa = PBXBuildFile; fileRef = 40C4656815B14A860047BB60 /* main.m */; };
		40C4656D15B14A860047BB60 /* SIAppDelegate.m in Sources */ = {isa = PBXBuildFile; fileRef = 40C4656C15B14A860047BB60 /* SIAppDelegate.m */; };
		40C4657015B14A860047BB60 /* MainStoryboard.storyboard in Resources */ = {isa = PBXBuildFile; fileRef = 40C4656E15B14A860047BB60 /* MainStoryboard.storyboard */; };
		40D7D93515B24F8D004978C7 /* NSString+SIAdditions.m in Sources */ = {isa = PBXBuildFile; fileRef = 40D7D93415B24F8D004978C7 /* NSString+SIAdditions.m */; };
/* End PBXBuildFile section */

/* Begin PBXFileReference section */
		405AC1F015B202DE001BB625 /* SIReceipt.h */ = {isa = PBXFileReference; fileEncoding = 4; lastKnownFileType = sourcecode.c.h; path = SIReceipt.h; sourceTree = "<group>"; };
		405AC1F115B202DE001BB625 /* SIReceipt.m */ = {isa = PBXFileReference; fileEncoding = 4; lastKnownFileType = sourcecode.c.objc; path = SIReceipt.m; sourceTree = "<group>"; };
		405AC1F715B2072E001BB625 /* SIPerson.h */ = {isa = PBXFileReference; fileEncoding = 4; lastKnownFileType = sourcecode.c.h; path = SIPerson.h; sourceTree = "<group>"; };
		405AC1F815B2072E001BB625 /* SIPerson.m */ = {isa = PBXFileReference; fileEncoding = 4; lastKnownFileType = sourcecode.c.objc; path = SIPerson.m; sourceTree = "<group>"; };
		4066B90916D190BA0082E878 /* SIReceiptPersonCollectionViewCell.h */ = {isa = PBXFileReference; fileEncoding = 4; lastKnownFileType = sourcecode.c.h; path = SIReceiptPersonCollectionViewCell.h; sourceTree = "<group>"; };
		4066B90A16D190BA0082E878 /* SIReceiptPersonCollectionViewCell.m */ = {isa = PBXFileReference; fileEncoding = 4; lastKnownFileType = sourcecode.c.objc; path = SIReceiptPersonCollectionViewCell.m; sourceTree = "<group>"; };
		407E999C15B1E41B00B930EE /* allheaders.h */ = {isa = PBXFileReference; fileEncoding = 4; lastKnownFileType = sourcecode.c.h; path = allheaders.h; sourceTree = "<group>"; };
		407E999D15B1E41B00B930EE /* alltypes.h */ = {isa = PBXFileReference; fileEncoding = 4; lastKnownFileType = sourcecode.c.h; path = alltypes.h; sourceTree = "<group>"; };
		407E999E15B1E41B00B930EE /* array.h */ = {isa = PBXFileReference; fileEncoding = 4; lastKnownFileType = sourcecode.c.h; path = array.h; sourceTree = "<group>"; };
		407E999F15B1E41B00B930EE /* arrayaccess.h */ = {isa = PBXFileReference; fileEncoding = 4; lastKnownFileType = sourcecode.c.h; path = arrayaccess.h; sourceTree = "<group>"; };
		407E99A015B1E41B00B930EE /* bbuffer.h */ = {isa = PBXFileReference; fileEncoding = 4; lastKnownFileType = sourcecode.c.h; path = bbuffer.h; sourceTree = "<group>"; };
		407E99A115B1E41B00B930EE /* bmf.h */ = {isa = PBXFileReference; fileEncoding = 4; lastKnownFileType = sourcecode.c.h; path = bmf.h; sourceTree = "<group>"; };
		407E99A215B1E41B00B930EE /* bmp.h */ = {isa = PBXFileReference; fileEncoding = 4; lastKnownFileType = sourcecode.c.h; path = bmp.h; sourceTree = "<group>"; };
		407E99A315B1E41B00B930EE /* ccbord.h */ = {isa = PBXFileReference; fileEncoding = 4; lastKnownFileType = sourcecode.c.h; path = ccbord.h; sourceTree = "<group>"; };
		407E99A415B1E41B00B930EE /* dewarp.h */ = {isa = PBXFileReference; fileEncoding = 4; lastKnownFileType = sourcecode.c.h; path = dewarp.h; sourceTree = "<group>"; };
		407E99A515B1E41B00B930EE /* endianness.h */ = {isa = PBXFileReference; fileEncoding = 4; lastKnownFileType = sourcecode.c.h; path = endianness.h; sourceTree = "<group>"; };
		407E99A615B1E41B00B930EE /* environ.h */ = {isa = PBXFileReference; fileEncoding = 4; lastKnownFileType = sourcecode.c.h; path = environ.h; sourceTree = "<group>"; };
		407E99A715B1E41B00B930EE /* freetype.h */ = {isa = PBXFileReference; fileEncoding = 4; lastKnownFileType = sourcecode.c.h; path = freetype.h; sourceTree = "<group>"; };
		407E99A815B1E41B00B930EE /* gplot.h */ = {isa = PBXFileReference; fileEncoding = 4; lastKnownFileType = sourcecode.c.h; path = gplot.h; sourceTree = "<group>"; };
		407E99A915B1E41B00B930EE /* heap.h */ = {isa = PBXFileReference; fileEncoding = 4; lastKnownFileType = sourcecode.c.h; path = heap.h; sourceTree = "<group>"; };
		407E99AA15B1E41B00B930EE /* imageio.h */ = {isa = PBXFileReference; fileEncoding = 4; lastKnownFileType = sourcecode.c.h; path = imageio.h; sourceTree = "<group>"; };
		407E99AB15B1E41B00B930EE /* jbclass.h */ = {isa = PBXFileReference; fileEncoding = 4; lastKnownFileType = sourcecode.c.h; path = jbclass.h; sourceTree = "<group>"; };
		407E99AC15B1E41B00B930EE /* leptwin.h */ = {isa = PBXFileReference; fileEncoding = 4; lastKnownFileType = sourcecode.c.h; path = leptwin.h; sourceTree = "<group>"; };
		407E99AD15B1E41B00B930EE /* list.h */ = {isa = PBXFileReference; fileEncoding = 4; lastKnownFileType = sourcecode.c.h; path = list.h; sourceTree = "<group>"; };
		407E99AE15B1E41B00B930EE /* morph.h */ = {isa = PBXFileReference; fileEncoding = 4; lastKnownFileType = sourcecode.c.h; path = morph.h; sourceTree = "<group>"; };
		407E99AF15B1E41B00B930EE /* pix.h */ = {isa = PBXFileReference; fileEncoding = 4; lastKnownFileType = sourcecode.c.h; path = pix.h; sourceTree = "<group>"; };
		407E99B015B1E41B00B930EE /* ptra.h */ = {isa = PBXFileReference; fileEncoding = 4; lastKnownFileType = sourcecode.c.h; path = ptra.h; sourceTree = "<group>"; };
		407E99B115B1E41B00B930EE /* queue.h */ = {isa = PBXFileReference; fileEncoding = 4; lastKnownFileType = sourcecode.c.h; path = queue.h; sourceTree = "<group>"; };
		407E99B215B1E41B00B930EE /* readbarcode.h */ = {isa = PBXFileReference; fileEncoding = 4; lastKnownFileType = sourcecode.c.h; path = readbarcode.h; sourceTree = "<group>"; };
		407E99B315B1E41B00B930EE /* regutils.h */ = {isa = PBXFileReference; fileEncoding = 4; lastKnownFileType = sourcecode.c.h; path = regutils.h; sourceTree = "<group>"; };
		407E99B415B1E41B00B930EE /* stack.h */ = {isa = PBXFileReference; fileEncoding = 4; lastKnownFileType = sourcecode.c.h; path = stack.h; sourceTree = "<group>"; };
		407E99B515B1E41B00B930EE /* sudoku.h */ = {isa = PBXFileReference; fileEncoding = 4; lastKnownFileType = sourcecode.c.h; path = sudoku.h; sourceTree = "<group>"; };
		407E99B615B1E41B00B930EE /* watershed.h */ = {isa = PBXFileReference; fileEncoding = 4; lastKnownFileType = sourcecode.c.h; path = watershed.h; sourceTree = "<group>"; };
		407E99B815B1E41B00B930EE /* apitypes.h */ = {isa = PBXFileReference; fileEncoding = 4; lastKnownFileType = sourcecode.c.h; path = apitypes.h; sourceTree = "<group>"; };
		407E99B915B1E41B00B930EE /* baseapi.h */ = {isa = PBXFileReference; fileEncoding = 4; lastKnownFileType = sourcecode.c.h; path = baseapi.h; sourceTree = "<group>"; };
		407E99BA15B1E41B00B930EE /* errcode.h */ = {isa = PBXFileReference; fileEncoding = 4; lastKnownFileType = sourcecode.c.h; path = errcode.h; sourceTree = "<group>"; };
		407E99BB15B1E41B00B930EE /* genericvector.h */ = {isa = PBXFileReference; fileEncoding = 4; lastKnownFileType = sourcecode.c.h; path = genericvector.h; sourceTree = "<group>"; };
		407E99BC15B1E41B00B930EE /* helpers.h */ = {isa = PBXFileReference; fileEncoding = 4; lastKnownFileType = sourcecode.c.h; path = helpers.h; sourceTree = "<group>"; };
		407E99BD15B1E41B00B930EE /* host.h */ = {isa = PBXFileReference; fileEncoding = 4; lastKnownFileType = sourcecode.c.h; path = host.h; sourceTree = "<group>"; };
		407E99BE15B1E41B00B930EE /* ndminx.h */ = {isa = PBXFileReference; fileEncoding = 4; lastKnownFileType = sourcecode.c.h; path = ndminx.h; sourceTree = "<group>"; };
		407E99BF15B1E41B00B930EE /* ocrclass.h */ = {isa = PBXFileReference; fileEncoding = 4; lastKnownFileType = sourcecode.c.h; path = ocrclass.h; sourceTree = "<group>"; };
		407E99C015B1E41B00B930EE /* platform.h */ = {isa = PBXFileReference; fileEncoding = 4; lastKnownFileType = sourcecode.c.h; path = platform.h; sourceTree = "<group>"; };
		407E99C115B1E41B00B930EE /* publictypes.h */ = {isa = PBXFileReference; fileEncoding = 4; lastKnownFileType = sourcecode.c.h; path = publictypes.h; sourceTree = "<group>"; };
		407E99C215B1E41B00B930EE /* tesscallback.h */ = {isa = PBXFileReference; fileEncoding = 4; lastKnownFileType = sourcecode.c.h; path = tesscallback.h; sourceTree = "<group>"; };
		407E99C315B1E41B00B930EE /* thresholder.h */ = {isa = PBXFileReference; fileEncoding = 4; lastKnownFileType = sourcecode.c.h; path = thresholder.h; sourceTree = "<group>"; };
		407E99C415B1E41B00B930EE /* unichar.h */ = {isa = PBXFileReference; fileEncoding = 4; lastKnownFileType = sourcecode.c.h; path = unichar.h; sourceTree = "<group>"; };
		407E99C615B1E41B00B930EE /* liblept.a */ = {isa = PBXFileReference; lastKnownFileType = archive.ar; path = liblept.a; sourceTree = "<group>"; };
		407E99C715B1E41B00B930EE /* libtesseract.a */ = {isa = PBXFileReference; lastKnownFileType = archive.ar; path = libtesseract.a; sourceTree = "<group>"; };
		407E99C815B1E41B00B930EE /* libtesseract_all.a */ = {isa = PBXFileReference; lastKnownFileType = archive.ar; path = libtesseract_all.a; sourceTree = "<group>"; };
		407E99C915B1E41B00B930EE /* libtesseract_api.a */ = {isa = PBXFileReference; lastKnownFileType = archive.ar; path = libtesseract_api.a; sourceTree = "<group>"; };
		407E99CA15B1E41B00B930EE /* libtesseract_ccstruct.a */ = {isa = PBXFileReference; lastKnownFileType = archive.ar; path = libtesseract_ccstruct.a; sourceTree = "<group>"; };
		407E99CB15B1E41B00B930EE /* libtesseract_ccutil.a */ = {isa = PBXFileReference; lastKnownFileType = archive.ar; path = libtesseract_ccutil.a; sourceTree = "<group>"; };
		407E99CC15B1E41B00B930EE /* libtesseract_classify.a */ = {isa = PBXFileReference; lastKnownFileType = archive.ar; path = libtesseract_classify.a; sourceTree = "<group>"; };
		407E99CD15B1E41B00B930EE /* libtesseract_cube.a */ = {isa = PBXFileReference; lastKnownFileType = archive.ar; path = libtesseract_cube.a; sourceTree = "<group>"; };
		407E99CE15B1E41B00B930EE /* libtesseract_cutil.a */ = {isa = PBXFileReference; lastKnownFileType = archive.ar; path = libtesseract_cutil.a; sourceTree = "<group>"; };
		407E99CF15B1E41B00B930EE /* libtesseract_dict.a */ = {isa = PBXFileReference; lastKnownFileType = archive.ar; path = libtesseract_dict.a; sourceTree = "<group>"; };
		407E99D015B1E41B00B930EE /* libtesseract_image.a */ = {isa = PBXFileReference; lastKnownFileType = archive.ar; path = libtesseract_image.a; sourceTree = "<group>"; };
		407E99D115B1E41B00B930EE /* libtesseract_main.a */ = {isa = PBXFileReference; lastKnownFileType = archive.ar; path = libtesseract_main.a; sourceTree = "<group>"; };
		407E99D215B1E41B00B930EE /* libtesseract_neural.a */ = {isa = PBXFileReference; lastKnownFileType = archive.ar; path = libtesseract_neural.a; sourceTree = "<group>"; };
		407E99D315B1E41B00B930EE /* libtesseract_tessopt.a */ = {isa = PBXFileReference; lastKnownFileType = archive.ar; path = libtesseract_tessopt.a; sourceTree = "<group>"; };
		407E99D415B1E41B00B930EE /* libtesseract_textord.a */ = {isa = PBXFileReference; lastKnownFileType = archive.ar; path = libtesseract_textord.a; sourceTree = "<group>"; };
		407E99D515B1E41B00B930EE /* libtesseract_training.a */ = {isa = PBXFileReference; lastKnownFileType = archive.ar; path = libtesseract_training.a; sourceTree = "<group>"; };
		407E99D615B1E41B00B930EE /* libtesseract_viewer.a */ = {isa = PBXFileReference; lastKnownFileType = archive.ar; path = libtesseract_viewer.a; sourceTree = "<group>"; };
		407E99D715B1E41B00B930EE /* libtesseract_wordrec.a */ = {isa = PBXFileReference; lastKnownFileType = archive.ar; path = libtesseract_wordrec.a; sourceTree = "<group>"; };
		407E99EA15B1E8C000B930EE /* SITesseractParser.h */ = {isa = PBXFileReference; fileEncoding = 4; lastKnownFileType = sourcecode.c.h; path = SITesseractParser.h; sourceTree = "<group>"; };
		407E99EB15B1E8C000B930EE /* SITesseractParser.mm */ = {isa = PBXFileReference; fileEncoding = 4; lastKnownFileType = sourcecode.cpp.objcpp; path = SITesseractParser.mm; sourceTree = "<group>"; };
		407E99ED15B1E9D300B930EE /* tessdata */ = {isa = PBXFileReference; lastKnownFileType = folder; path = tessdata; sourceTree = "<group>"; };
		4094D83616D3137F0088DC7E /* NSDate-Utilities.h */ = {isa = PBXFileReference; fileEncoding = 4; lastKnownFileType = sourcecode.c.h; name = "NSDate-Utilities.h"; path = "NSDate-Extensions/NSDate-Utilities.h"; sourceTree = SOURCE_ROOT; };
		4094D83716D3137F0088DC7E /* NSDate-Utilities.m */ = {isa = PBXFileReference; fileEncoding = 4; lastKnownFileType = sourcecode.c.objc; name = "NSDate-Utilities.m"; path = "NSDate-Extensions/NSDate-Utilities.m"; sourceTree = SOURCE_ROOT; };
		40A6D4A616D01F560019AC60 /* MagicalImportFunctions.h */ = {isa = PBXFileReference; fileEncoding = 4; lastKnownFileType = sourcecode.c.h; path = MagicalImportFunctions.h; sourceTree = "<group>"; };
		40A6D4A716D01F560019AC60 /* MagicalImportFunctions.m */ = {isa = PBXFileReference; fileEncoding = 4; lastKnownFileType = sourcecode.c.objc; path = MagicalImportFunctions.m; sourceTree = "<group>"; };
		40A6D4A816D01F560019AC60 /* NSAttributeDescription+MagicalDataImport.h */ = {isa = PBXFileReference; fileEncoding = 4; lastKnownFileType = sourcecode.c.h; path = "NSAttributeDescription+MagicalDataImport.h"; sourceTree = "<group>"; };
		40A6D4A916D01F560019AC60 /* NSAttributeDescription+MagicalDataImport.m */ = {isa = PBXFileReference; fileEncoding = 4; lastKnownFileType = sourcecode.c.objc; path = "NSAttributeDescription+MagicalDataImport.m"; sourceTree = "<group>"; };
		40A6D4AA16D01F560019AC60 /* NSEntityDescription+MagicalDataImport.h */ = {isa = PBXFileReference; fileEncoding = 4; lastKnownFileType = sourcecode.c.h; path = "NSEntityDescription+MagicalDataImport.h"; sourceTree = "<group>"; };
		40A6D4AB16D01F560019AC60 /* NSEntityDescription+MagicalDataImport.m */ = {isa = PBXFileReference; fileEncoding = 4; lastKnownFileType = sourcecode.c.objc; path = "NSEntityDescription+MagicalDataImport.m"; sourceTree = "<group>"; };
		40A6D4AC16D01F560019AC60 /* NSNumber+MagicalDataImport.h */ = {isa = PBXFileReference; fileEncoding = 4; lastKnownFileType = sourcecode.c.h; path = "NSNumber+MagicalDataImport.h"; sourceTree = "<group>"; };
		40A6D4AD16D01F560019AC60 /* NSNumber+MagicalDataImport.m */ = {isa = PBXFileReference; fileEncoding = 4; lastKnownFileType = sourcecode.c.objc; path = "NSNumber+MagicalDataImport.m"; sourceTree = "<group>"; };
		40A6D4AE16D01F560019AC60 /* NSObject+MagicalDataImport.h */ = {isa = PBXFileReference; fileEncoding = 4; lastKnownFileType = sourcecode.c.h; path = "NSObject+MagicalDataImport.h"; sourceTree = "<group>"; };
		40A6D4AF16D01F560019AC60 /* NSObject+MagicalDataImport.m */ = {isa = PBXFileReference; fileEncoding = 4; lastKnownFileType = sourcecode.c.objc; path = "NSObject+MagicalDataImport.m"; sourceTree = "<group>"; };
		40A6D4B016D01F560019AC60 /* NSRelationshipDescription+MagicalDataImport.h */ = {isa = PBXFileReference; fileEncoding = 4; lastKnownFileType = sourcecode.c.h; path = "NSRelationshipDescription+MagicalDataImport.h"; sourceTree = "<group>"; };
		40A6D4B116D01F560019AC60 /* NSRelationshipDescription+MagicalDataImport.m */ = {isa = PBXFileReference; fileEncoding = 4; lastKnownFileType = sourcecode.c.objc; path = "NSRelationshipDescription+MagicalDataImport.m"; sourceTree = "<group>"; };
		40A6D4B216D01F560019AC60 /* NSString+MagicalDataImport.h */ = {isa = PBXFileReference; fileEncoding = 4; lastKnownFileType = sourcecode.c.h; path = "NSString+MagicalDataImport.h"; sourceTree = "<group>"; };
		40A6D4B316D01F560019AC60 /* NSString+MagicalDataImport.m */ = {isa = PBXFileReference; fileEncoding = 4; lastKnownFileType = sourcecode.c.objc; path = "NSString+MagicalDataImport.m"; sourceTree = "<group>"; };
		40A6D4B516D01F560019AC60 /* NSManagedObject+MagicalAggregation.h */ = {isa = PBXFileReference; fileEncoding = 4; lastKnownFileType = sourcecode.c.h; path = "NSManagedObject+MagicalAggregation.h"; sourceTree = "<group>"; };
		40A6D4B616D01F560019AC60 /* NSManagedObject+MagicalAggregation.m */ = {isa = PBXFileReference; fileEncoding = 4; lastKnownFileType = sourcecode.c.objc; path = "NSManagedObject+MagicalAggregation.m"; sourceTree = "<group>"; };
		40A6D4B716D01F560019AC60 /* NSManagedObject+MagicalDataImport.h */ = {isa = PBXFileReference; fileEncoding = 4; lastKnownFileType = sourcecode.c.h; path = "NSManagedObject+MagicalDataImport.h"; sourceTree = "<group>"; };
		40A6D4B816D01F560019AC60 /* NSManagedObject+MagicalDataImport.m */ = {isa = PBXFileReference; fileEncoding = 4; lastKnownFileType = sourcecode.c.objc; path = "NSManagedObject+MagicalDataImport.m"; sourceTree = "<group>"; };
		40A6D4B916D01F560019AC60 /* NSManagedObject+MagicalFinders.h */ = {isa = PBXFileReference; fileEncoding = 4; lastKnownFileType = sourcecode.c.h; path = "NSManagedObject+MagicalFinders.h"; sourceTree = "<group>"; };
		40A6D4BA16D01F560019AC60 /* NSManagedObject+MagicalFinders.m */ = {isa = PBXFileReference; fileEncoding = 4; lastKnownFileType = sourcecode.c.objc; path = "NSManagedObject+MagicalFinders.m"; sourceTree = "<group>"; };
		40A6D4BB16D01F560019AC60 /* NSManagedObject+MagicalRecord.h */ = {isa = PBXFileReference; fileEncoding = 4; lastKnownFileType = sourcecode.c.h; path = "NSManagedObject+MagicalRecord.h"; sourceTree = "<group>"; };
		40A6D4BC16D01F560019AC60 /* NSManagedObject+MagicalRecord.m */ = {isa = PBXFileReference; fileEncoding = 4; lastKnownFileType = sourcecode.c.objc; path = "NSManagedObject+MagicalRecord.m"; sourceTree = "<group>"; };
		40A6D4BD16D01F560019AC60 /* NSManagedObject+MagicalRequests.h */ = {isa = PBXFileReference; fileEncoding = 4; lastKnownFileType = sourcecode.c.h; path = "NSManagedObject+MagicalRequests.h"; sourceTree = "<group>"; };
		40A6D4BE16D01F560019AC60 /* NSManagedObject+MagicalRequests.m */ = {isa = PBXFileReference; fileEncoding = 4; lastKnownFileType = sourcecode.c.objc; path = "NSManagedObject+MagicalRequests.m"; sourceTree = "<group>"; };
		40A6D4C016D01F560019AC60 /* NSManagedObjectContext+MagicalObserving.h */ = {isa = PBXFileReference; fileEncoding = 4; lastKnownFileType = sourcecode.c.h; path = "NSManagedObjectContext+MagicalObserving.h"; sourceTree = "<group>"; };
		40A6D4C116D01F560019AC60 /* NSManagedObjectContext+MagicalObserving.m */ = {isa = PBXFileReference; fileEncoding = 4; lastKnownFileType = sourcecode.c.objc; path = "NSManagedObjectContext+MagicalObserving.m"; sourceTree = "<group>"; };
		40A6D4C216D01F560019AC60 /* NSManagedObjectContext+MagicalRecord.h */ = {isa = PBXFileReference; fileEncoding = 4; lastKnownFileType = sourcecode.c.h; path = "NSManagedObjectContext+MagicalRecord.h"; sourceTree = "<group>"; };
		40A6D4C316D01F560019AC60 /* NSManagedObjectContext+MagicalRecord.m */ = {isa = PBXFileReference; fileEncoding = 4; lastKnownFileType = sourcecode.c.objc; path = "NSManagedObjectContext+MagicalRecord.m"; sourceTree = "<group>"; };
		40A6D4C416D01F560019AC60 /* NSManagedObjectContext+MagicalSaves.h */ = {isa = PBXFileReference; fileEncoding = 4; lastKnownFileType = sourcecode.c.h; path = "NSManagedObjectContext+MagicalSaves.h"; sourceTree = "<group>"; };
		40A6D4C516D01F560019AC60 /* NSManagedObjectContext+MagicalSaves.m */ = {isa = PBXFileReference; fileEncoding = 4; lastKnownFileType = sourcecode.c.objc; path = "NSManagedObjectContext+MagicalSaves.m"; sourceTree = "<group>"; };
		40A6D4C616D01F560019AC60 /* NSManagedObjectContext+MagicalThreading.h */ = {isa = PBXFileReference; fileEncoding = 4; lastKnownFileType = sourcecode.c.h; path = "NSManagedObjectContext+MagicalThreading.h"; sourceTree = "<group>"; };
		40A6D4C716D01F560019AC60 /* NSManagedObjectContext+MagicalThreading.m */ = {isa = PBXFileReference; fileEncoding = 4; lastKnownFileType = sourcecode.c.objc; path = "NSManagedObjectContext+MagicalThreading.m"; sourceTree = "<group>"; };
		40A6D4C816D01F560019AC60 /* NSManagedObjectModel+MagicalRecord.h */ = {isa = PBXFileReference; fileEncoding = 4; lastKnownFileType = sourcecode.c.h; path = "NSManagedObjectModel+MagicalRecord.h"; sourceTree = "<group>"; };
		40A6D4C916D01F560019AC60 /* NSManagedObjectModel+MagicalRecord.m */ = {isa = PBXFileReference; fileEncoding = 4; lastKnownFileType = sourcecode.c.objc; path = "NSManagedObjectModel+MagicalRecord.m"; sourceTree = "<group>"; };
		40A6D4CA16D01F560019AC60 /* NSPersistentStore+MagicalRecord.h */ = {isa = PBXFileReference; fileEncoding = 4; lastKnownFileType = sourcecode.c.h; path = "NSPersistentStore+MagicalRecord.h"; sourceTree = "<group>"; };
		40A6D4CB16D01F560019AC60 /* NSPersistentStore+MagicalRecord.m */ = {isa = PBXFileReference; fileEncoding = 4; lastKnownFileType = sourcecode.c.objc; path = "NSPersistentStore+MagicalRecord.m"; sourceTree = "<group>"; };
		40A6D4CC16D01F560019AC60 /* NSPersistentStoreCoordinator+MagicalRecord.h */ = {isa = PBXFileReference; fileEncoding = 4; lastKnownFileType = sourcecode.c.h; path = "NSPersistentStoreCoordinator+MagicalRecord.h"; sourceTree = "<group>"; };
		40A6D4CD16D01F560019AC60 /* NSPersistentStoreCoordinator+MagicalRecord.m */ = {isa = PBXFileReference; fileEncoding = 4; lastKnownFileType = sourcecode.c.objc; path = "NSPersistentStoreCoordinator+MagicalRecord.m"; sourceTree = "<group>"; };
		40A6D4CF16D01F560019AC60 /* MagicalRecord+Actions.h */ = {isa = PBXFileReference; fileEncoding = 4; lastKnownFileType = sourcecode.c.h; path = "MagicalRecord+Actions.h"; sourceTree = "<group>"; };
		40A6D4D016D01F560019AC60 /* MagicalRecord+Actions.m */ = {isa = PBXFileReference; fileEncoding = 4; lastKnownFileType = sourcecode.c.objc; path = "MagicalRecord+Actions.m"; sourceTree = "<group>"; };
		40A6D4D116D01F560019AC60 /* MagicalRecord+ErrorHandling.h */ = {isa = PBXFileReference; fileEncoding = 4; lastKnownFileType = sourcecode.c.h; path = "MagicalRecord+ErrorHandling.h"; sourceTree = "<group>"; };
		40A6D4D216D01F560019AC60 /* MagicalRecord+ErrorHandling.m */ = {isa = PBXFileReference; fileEncoding = 4; lastKnownFileType = sourcecode.c.objc; path = "MagicalRecord+ErrorHandling.m"; sourceTree = "<group>"; };
		40A6D4D316D01F560019AC60 /* MagicalRecord+iCloud.h */ = {isa = PBXFileReference; fileEncoding = 4; lastKnownFileType = sourcecode.c.h; path = "MagicalRecord+iCloud.h"; sourceTree = "<group>"; };
		40A6D4D416D01F560019AC60 /* MagicalRecord+iCloud.m */ = {isa = PBXFileReference; fileEncoding = 4; lastKnownFileType = sourcecode.c.objc; path = "MagicalRecord+iCloud.m"; sourceTree = "<group>"; };
		40A6D4D516D01F560019AC60 /* MagicalRecord+Options.h */ = {isa = PBXFileReference; fileEncoding = 4; lastKnownFileType = sourcecode.c.h; path = "MagicalRecord+Options.h"; sourceTree = "<group>"; };
		40A6D4D616D01F560019AC60 /* MagicalRecord+Options.m */ = {isa = PBXFileReference; fileEncoding = 4; lastKnownFileType = sourcecode.c.objc; path = "MagicalRecord+Options.m"; sourceTree = "<group>"; };
		40A6D4D716D01F560019AC60 /* MagicalRecord+Setup.h */ = {isa = PBXFileReference; fileEncoding = 4; lastKnownFileType = sourcecode.c.h; path = "MagicalRecord+Setup.h"; sourceTree = "<group>"; };
		40A6D4D816D01F560019AC60 /* MagicalRecord+Setup.m */ = {isa = PBXFileReference; fileEncoding = 4; lastKnownFileType = sourcecode.c.objc; path = "MagicalRecord+Setup.m"; sourceTree = "<group>"; };
		40A6D4D916D01F560019AC60 /* MagicalRecord+ShorthandSupport.h */ = {isa = PBXFileReference; fileEncoding = 4; lastKnownFileType = sourcecode.c.h; path = "MagicalRecord+ShorthandSupport.h"; sourceTree = "<group>"; };
		40A6D4DA16D01F560019AC60 /* MagicalRecord+ShorthandSupport.m */ = {isa = PBXFileReference; fileEncoding = 4; lastKnownFileType = sourcecode.c.objc; path = "MagicalRecord+ShorthandSupport.m"; sourceTree = "<group>"; };
		40A6D4DB16D01F560019AC60 /* MagicalRecord.h */ = {isa = PBXFileReference; fileEncoding = 4; lastKnownFileType = sourcecode.c.h; path = MagicalRecord.h; sourceTree = "<group>"; };
		40A6D4DC16D01F560019AC60 /* MagicalRecord.m */ = {isa = PBXFileReference; fileEncoding = 4; lastKnownFileType = sourcecode.c.objc; path = MagicalRecord.m; sourceTree = "<group>"; };
		40A6D4DD16D01F560019AC60 /* MagicalRecordShorthand.h */ = {isa = PBXFileReference; fileEncoding = 4; lastKnownFileType = sourcecode.c.h; path = MagicalRecordShorthand.h; sourceTree = "<group>"; };
		40A6D4DE16D01F560019AC60 /* CoreData+MagicalRecord.h */ = {isa = PBXFileReference; fileEncoding = 4; lastKnownFileType = sourcecode.c.h; path = "CoreData+MagicalRecord.h"; sourceTree = "<group>"; };
		40A6D4F916D01FDC0019AC60 /* Default-568h@2x.png */ = {isa = PBXFileReference; lastKnownFileType = image.png; path = "Default-568h@2x.png"; sourceTree = "<group>"; };
		40A6D4FB16D0200E0019AC60 /* CoreData.framework */ = {isa = PBXFileReference; lastKnownFileType = wrapper.framework; name = CoreData.framework; path = System/Library/Frameworks/CoreData.framework; sourceTree = SDKROOT; };
		40A6D50216D0225C0019AC60 /* SIDataModel.xcdatamodel */ = {isa = PBXFileReference; lastKnownFileType = wrapper.xcdatamodel; path = SIDataModel.xcdatamodel; sourceTree = "<group>"; };
		40A6D50516D025330019AC60 /* _SIPerson.h */ = {isa = PBXFileReference; fileEncoding = 4; lastKnownFileType = sourcecode.c.h; path = _SIPerson.h; sourceTree = "<group>"; };
		40A6D50616D025330019AC60 /* _SIPerson.m */ = {isa = PBXFileReference; fileEncoding = 4; lastKnownFileType = sourcecode.c.objc; path = _SIPerson.m; sourceTree = "<group>"; };
		40A6D50716D025330019AC60 /* _SIReceipt.h */ = {isa = PBXFileReference; fileEncoding = 4; lastKnownFileType = sourcecode.c.h; path = _SIReceipt.h; sourceTree = "<group>"; };
		40A6D50816D025330019AC60 /* _SIReceipt.m */ = {isa = PBXFileReference; fileEncoding = 4; lastKnownFileType = sourcecode.c.objc; path = _SIReceipt.m; sourceTree = "<group>"; };
		40A6D50916D025330019AC60 /* _SIReceiptItem.h */ = {isa = PBXFileReference; fileEncoding = 4; lastKnownFileType = sourcecode.c.h; path = _SIReceiptItem.h; sourceTree = "<group>"; };
		40A6D50A16D025330019AC60 /* _SIReceiptItem.m */ = {isa = PBXFileReference; fileEncoding = 4; lastKnownFileType = sourcecode.c.objc; path = _SIReceiptItem.m; sourceTree = "<group>"; };
		40A6D50E16D025520019AC60 /* SIReceiptItem.h */ = {isa = PBXFileReference; fileEncoding = 4; lastKnownFileType = sourcecode.c.h; path = SIReceiptItem.h; sourceTree = "<group>"; };
		40A6D50F16D025520019AC60 /* SIReceiptItem.m */ = {isa = PBXFileReference; fileEncoding = 4; lastKnownFileType = sourcecode.c.objc; path = SIReceiptItem.m; sourceTree = "<group>"; };
		40A6D51116D026C40019AC60 /* SIReceiptListViewController.h */ = {isa = PBXFileReference; fileEncoding = 4; lastKnownFileType = sourcecode.c.h; path = SIReceiptListViewController.h; sourceTree = "<group>"; };
		40A6D51216D026C40019AC60 /* SIReceiptListViewController.m */ = {isa = PBXFileReference; fileEncoding = 4; lastKnownFileType = sourcecode.c.objc; path = SIReceiptListViewController.m; sourceTree = "<group>"; };
		40A6D51416D02BD90019AC60 /* SIReceiptViewController.h */ = {isa = PBXFileReference; fileEncoding = 4; lastKnownFileType = sourcecode.c.h; path = SIReceiptViewController.h; sourceTree = "<group>"; };
		40A6D51516D02BD90019AC60 /* SIReceiptViewController.m */ = {isa = PBXFileReference; fileEncoding = 4; lastKnownFileType = sourcecode.c.objc; path = SIReceiptViewController.m; sourceTree = "<group>"; };
		40A6D51716D0387C0019AC60 /* SIReceiptCreateViewController.h */ = {isa = PBXFileReference; fileEncoding = 4; lastKnownFileType = sourcecode.c.h; path = SIReceiptCreateViewController.h; sourceTree = "<group>"; };
		40A6D51816D0387C0019AC60 /* SIReceiptCreateViewController.m */ = {isa = PBXFileReference; fileEncoding = 4; lastKnownFileType = sourcecode.c.objc; path = SIReceiptCreateViewController.m; sourceTree = "<group>"; };
		40C4655815B14A860047BB60 /* Mince.app */ = {isa = PBXFileReference; explicitFileType = wrapper.application; includeInIndex = 0; path = Mince.app; sourceTree = BUILT_PRODUCTS_DIR; };
		40C4655C15B14A860047BB60 /* UIKit.framework */ = {isa = PBXFileReference; lastKnownFileType = wrapper.framework; name = UIKit.framework; path = System/Library/Frameworks/UIKit.framework; sourceTree = SDKROOT; };
		40C4655E15B14A860047BB60 /* Foundation.framework */ = {isa = PBXFileReference; lastKnownFileType = wrapper.framework; name = Foundation.framework; path = System/Library/Frameworks/Foundation.framework; sourceTree = SDKROOT; };
		40C4656015B14A860047BB60 /* CoreGraphics.framework */ = {isa = PBXFileReference; lastKnownFileType = wrapper.framework; name = CoreGraphics.framework; path = System/Library/Frameworks/CoreGraphics.framework; sourceTree = SDKROOT; };
		40C4656415B14A860047BB60 /* Stab-Info.plist */ = {isa = PBXFileReference; lastKnownFileType = text.plist.xml; path = "Stab-Info.plist"; sourceTree = "<group>"; };
		40C4656615B14A860047BB60 /* en */ = {isa = PBXFileReference; lastKnownFileType = text.plist.strings; name = en; path = en.lproj/InfoPlist.strings; sourceTree = "<group>"; };
		40C4656815B14A860047BB60 /* main.m */ = {isa = PBXFileReference; lastKnownFileType = sourcecode.c.objc; path = main.m; sourceTree = "<group>"; };
		40C4656A15B14A860047BB60 /* Stab-Prefix.pch */ = {isa = PBXFileReference; lastKnownFileType = sourcecode.c.h; path = "Stab-Prefix.pch"; sourceTree = "<group>"; };
		40C4656B15B14A860047BB60 /* SIAppDelegate.h */ = {isa = PBXFileReference; lastKnownFileType = sourcecode.c.h; path = SIAppDelegate.h; sourceTree = "<group>"; };
		40C4656C15B14A860047BB60 /* SIAppDelegate.m */ = {isa = PBXFileReference; lastKnownFileType = sourcecode.c.objc; path = SIAppDelegate.m; sourceTree = "<group>"; };
		40C4656F15B14A860047BB60 /* en */ = {isa = PBXFileReference; lastKnownFileType = file.storyboard; name = en; path = en.lproj/MainStoryboard.storyboard; sourceTree = "<group>"; };
		40D7D93315B24F8D004978C7 /* NSString+SIAdditions.h */ = {isa = PBXFileReference; fileEncoding = 4; lastKnownFileType = sourcecode.c.h; path = "NSString+SIAdditions.h"; sourceTree = "<group>"; };
		40D7D93415B24F8D004978C7 /* NSString+SIAdditions.m */ = {isa = PBXFileReference; fileEncoding = 4; lastKnownFileType = sourcecode.c.objc; path = "NSString+SIAdditions.m"; sourceTree = "<group>"; };
/* End PBXFileReference section */

/* Begin PBXFrameworksBuildPhase section */
		40C4655515B14A860047BB60 /* Frameworks */ = {
			isa = PBXFrameworksBuildPhase;
			buildActionMask = 2147483647;
			files = (
				40C4655D15B14A860047BB60 /* UIKit.framework in Frameworks */,
				40C4655F15B14A860047BB60 /* Foundation.framework in Frameworks */,
				40C4656115B14A860047BB60 /* CoreGraphics.framework in Frameworks */,
				40A6D4FD16D020160019AC60 /* CoreData.framework in Frameworks */,
				407E99D815B1E41B00B930EE /* liblept.a in Frameworks */,
				407E99D915B1E41C00B930EE /* libtesseract.a in Frameworks */,
				407E99DA15B1E41C00B930EE /* libtesseract_all.a in Frameworks */,
				407E99DB15B1E41C00B930EE /* libtesseract_api.a in Frameworks */,
				407E99DC15B1E41C00B930EE /* libtesseract_ccstruct.a in Frameworks */,
				407E99DD15B1E41C00B930EE /* libtesseract_ccutil.a in Frameworks */,
				407E99DE15B1E41C00B930EE /* libtesseract_classify.a in Frameworks */,
				407E99DF15B1E41C00B930EE /* libtesseract_cube.a in Frameworks */,
				407E99E015B1E41C00B930EE /* libtesseract_cutil.a in Frameworks */,
				407E99E115B1E41C00B930EE /* libtesseract_dict.a in Frameworks */,
				407E99E215B1E41C00B930EE /* libtesseract_image.a in Frameworks */,
				407E99E315B1E41C00B930EE /* libtesseract_main.a in Frameworks */,
				407E99E415B1E41C00B930EE /* libtesseract_neural.a in Frameworks */,
				407E99E515B1E41C00B930EE /* libtesseract_tessopt.a in Frameworks */,
				407E99E615B1E41C00B930EE /* libtesseract_textord.a in Frameworks */,
				407E99E715B1E41C00B930EE /* libtesseract_training.a in Frameworks */,
				407E99E815B1E41C00B930EE /* libtesseract_viewer.a in Frameworks */,
				407E99E915B1E41C00B930EE /* libtesseract_wordrec.a in Frameworks */,
			);
			runOnlyForDeploymentPostprocessing = 0;
		};
/* End PBXFrameworksBuildPhase section */

/* Begin PBXGroup section */
		407E999915B1E3F000B930EE /* Tesseract */ = {
			isa = PBXGroup;
			children = (
				407E99ED15B1E9D300B930EE /* tessdata */,
				407E999A15B1E41B00B930EE /* include */,
				407E99C515B1E41B00B930EE /* lib */,
				407E99EA15B1E8C000B930EE /* SITesseractParser.h */,
				407E99EB15B1E8C000B930EE /* SITesseractParser.mm */,
			);
			path = Tesseract;
			sourceTree = "<group>";
		};
		407E999A15B1E41B00B930EE /* include */ = {
			isa = PBXGroup;
			children = (
				407E999B15B1E41B00B930EE /* leptonica */,
				407E99B715B1E41B00B930EE /* tesseract */,
			);
			path = include;
			sourceTree = "<group>";
		};
		407E999B15B1E41B00B930EE /* leptonica */ = {
			isa = PBXGroup;
			children = (
				407E999C15B1E41B00B930EE /* allheaders.h */,
				407E999D15B1E41B00B930EE /* alltypes.h */,
				407E999E15B1E41B00B930EE /* array.h */,
				407E999F15B1E41B00B930EE /* arrayaccess.h */,
				407E99A015B1E41B00B930EE /* bbuffer.h */,
				407E99A115B1E41B00B930EE /* bmf.h */,
				407E99A215B1E41B00B930EE /* bmp.h */,
				407E99A315B1E41B00B930EE /* ccbord.h */,
				407E99A415B1E41B00B930EE /* dewarp.h */,
				407E99A515B1E41B00B930EE /* endianness.h */,
				407E99A615B1E41B00B930EE /* environ.h */,
				407E99A715B1E41B00B930EE /* freetype.h */,
				407E99A815B1E41B00B930EE /* gplot.h */,
				407E99A915B1E41B00B930EE /* heap.h */,
				407E99AA15B1E41B00B930EE /* imageio.h */,
				407E99AB15B1E41B00B930EE /* jbclass.h */,
				407E99AC15B1E41B00B930EE /* leptwin.h */,
				407E99AD15B1E41B00B930EE /* list.h */,
				407E99AE15B1E41B00B930EE /* morph.h */,
				407E99AF15B1E41B00B930EE /* pix.h */,
				407E99B015B1E41B00B930EE /* ptra.h */,
				407E99B115B1E41B00B930EE /* queue.h */,
				407E99B215B1E41B00B930EE /* readbarcode.h */,
				407E99B315B1E41B00B930EE /* regutils.h */,
				407E99B415B1E41B00B930EE /* stack.h */,
				407E99B515B1E41B00B930EE /* sudoku.h */,
				407E99B615B1E41B00B930EE /* watershed.h */,
			);
			path = leptonica;
			sourceTree = "<group>";
		};
		407E99B715B1E41B00B930EE /* tesseract */ = {
			isa = PBXGroup;
			children = (
				407E99B815B1E41B00B930EE /* apitypes.h */,
				407E99B915B1E41B00B930EE /* baseapi.h */,
				407E99BA15B1E41B00B930EE /* errcode.h */,
				407E99BB15B1E41B00B930EE /* genericvector.h */,
				407E99BC15B1E41B00B930EE /* helpers.h */,
				407E99BD15B1E41B00B930EE /* host.h */,
				407E99BE15B1E41B00B930EE /* ndminx.h */,
				407E99BF15B1E41B00B930EE /* ocrclass.h */,
				407E99C015B1E41B00B930EE /* platform.h */,
				407E99C115B1E41B00B930EE /* publictypes.h */,
				407E99C215B1E41B00B930EE /* tesscallback.h */,
				407E99C315B1E41B00B930EE /* thresholder.h */,
				407E99C415B1E41B00B930EE /* unichar.h */,
			);
			path = tesseract;
			sourceTree = "<group>";
		};
		407E99C515B1E41B00B930EE /* lib */ = {
			isa = PBXGroup;
			children = (
				407E99C615B1E41B00B930EE /* liblept.a */,
				407E99C715B1E41B00B930EE /* libtesseract.a */,
				407E99C815B1E41B00B930EE /* libtesseract_all.a */,
				407E99C915B1E41B00B930EE /* libtesseract_api.a */,
				407E99CA15B1E41B00B930EE /* libtesseract_ccstruct.a */,
				407E99CB15B1E41B00B930EE /* libtesseract_ccutil.a */,
				407E99CC15B1E41B00B930EE /* libtesseract_classify.a */,
				407E99CD15B1E41B00B930EE /* libtesseract_cube.a */,
				407E99CE15B1E41B00B930EE /* libtesseract_cutil.a */,
				407E99CF15B1E41B00B930EE /* libtesseract_dict.a */,
				407E99D015B1E41B00B930EE /* libtesseract_image.a */,
				407E99D115B1E41B00B930EE /* libtesseract_main.a */,
				407E99D215B1E41B00B930EE /* libtesseract_neural.a */,
				407E99D315B1E41B00B930EE /* libtesseract_tessopt.a */,
				407E99D415B1E41B00B930EE /* libtesseract_textord.a */,
				407E99D515B1E41B00B930EE /* libtesseract_training.a */,
				407E99D615B1E41B00B930EE /* libtesseract_viewer.a */,
				407E99D715B1E41B00B930EE /* libtesseract_wordrec.a */,
			);
			path = lib;
			sourceTree = "<group>";
		};
		40A6D4A316D01F560019AC60 /* MagicalRecord */ = {
			isa = PBXGroup;
			children = (
				40A6D4A416D01F560019AC60 /* Categories */,
				40A6D4CE16D01F560019AC60 /* Core */,
				40A6D4DE16D01F560019AC60 /* CoreData+MagicalRecord.h */,
			);
			name = MagicalRecord;
			path = MagicalRecord/MagicalRecord;
			sourceTree = "<group>";
		};
		40A6D4A416D01F560019AC60 /* Categories */ = {
			isa = PBXGroup;
			children = (
				40A6D4A516D01F560019AC60 /* DataImport */,
				40A6D4B416D01F560019AC60 /* NSManagedObject */,
				40A6D4BF16D01F560019AC60 /* NSManagedObjectContext */,
				40A6D4C816D01F560019AC60 /* NSManagedObjectModel+MagicalRecord.h */,
				40A6D4C916D01F560019AC60 /* NSManagedObjectModel+MagicalRecord.m */,
				40A6D4CA16D01F560019AC60 /* NSPersistentStore+MagicalRecord.h */,
				40A6D4CB16D01F560019AC60 /* NSPersistentStore+MagicalRecord.m */,
				40A6D4CC16D01F560019AC60 /* NSPersistentStoreCoordinator+MagicalRecord.h */,
				40A6D4CD16D01F560019AC60 /* NSPersistentStoreCoordinator+MagicalRecord.m */,
			);
			path = Categories;
			sourceTree = "<group>";
		};
		40A6D4A516D01F560019AC60 /* DataImport */ = {
			isa = PBXGroup;
			children = (
				40A6D4A616D01F560019AC60 /* MagicalImportFunctions.h */,
				40A6D4A716D01F560019AC60 /* MagicalImportFunctions.m */,
				40A6D4A816D01F560019AC60 /* NSAttributeDescription+MagicalDataImport.h */,
				40A6D4A916D01F560019AC60 /* NSAttributeDescription+MagicalDataImport.m */,
				40A6D4AA16D01F560019AC60 /* NSEntityDescription+MagicalDataImport.h */,
				40A6D4AB16D01F560019AC60 /* NSEntityDescription+MagicalDataImport.m */,
				40A6D4AC16D01F560019AC60 /* NSNumber+MagicalDataImport.h */,
				40A6D4AD16D01F560019AC60 /* NSNumber+MagicalDataImport.m */,
				40A6D4AE16D01F560019AC60 /* NSObject+MagicalDataImport.h */,
				40A6D4AF16D01F560019AC60 /* NSObject+MagicalDataImport.m */,
				40A6D4B016D01F560019AC60 /* NSRelationshipDescription+MagicalDataImport.h */,
				40A6D4B116D01F560019AC60 /* NSRelationshipDescription+MagicalDataImport.m */,
				40A6D4B216D01F560019AC60 /* NSString+MagicalDataImport.h */,
				40A6D4B316D01F560019AC60 /* NSString+MagicalDataImport.m */,
			);
			path = DataImport;
			sourceTree = "<group>";
		};
		40A6D4B416D01F560019AC60 /* NSManagedObject */ = {
			isa = PBXGroup;
			children = (
				40A6D4B516D01F560019AC60 /* NSManagedObject+MagicalAggregation.h */,
				40A6D4B616D01F560019AC60 /* NSManagedObject+MagicalAggregation.m */,
				40A6D4B716D01F560019AC60 /* NSManagedObject+MagicalDataImport.h */,
				40A6D4B816D01F560019AC60 /* NSManagedObject+MagicalDataImport.m */,
				40A6D4B916D01F560019AC60 /* NSManagedObject+MagicalFinders.h */,
				40A6D4BA16D01F560019AC60 /* NSManagedObject+MagicalFinders.m */,
				40A6D4BB16D01F560019AC60 /* NSManagedObject+MagicalRecord.h */,
				40A6D4BC16D01F560019AC60 /* NSManagedObject+MagicalRecord.m */,
				40A6D4BD16D01F560019AC60 /* NSManagedObject+MagicalRequests.h */,
				40A6D4BE16D01F560019AC60 /* NSManagedObject+MagicalRequests.m */,
			);
			path = NSManagedObject;
			sourceTree = "<group>";
		};
		40A6D4BF16D01F560019AC60 /* NSManagedObjectContext */ = {
			isa = PBXGroup;
			children = (
				40A6D4C016D01F560019AC60 /* NSManagedObjectContext+MagicalObserving.h */,
				40A6D4C116D01F560019AC60 /* NSManagedObjectContext+MagicalObserving.m */,
				40A6D4C216D01F560019AC60 /* NSManagedObjectContext+MagicalRecord.h */,
				40A6D4C316D01F560019AC60 /* NSManagedObjectContext+MagicalRecord.m */,
				40A6D4C416D01F560019AC60 /* NSManagedObjectContext+MagicalSaves.h */,
				40A6D4C516D01F560019AC60 /* NSManagedObjectContext+MagicalSaves.m */,
				40A6D4C616D01F560019AC60 /* NSManagedObjectContext+MagicalThreading.h */,
				40A6D4C716D01F560019AC60 /* NSManagedObjectContext+MagicalThreading.m */,
			);
			path = NSManagedObjectContext;
			sourceTree = "<group>";
		};
		40A6D4CE16D01F560019AC60 /* Core */ = {
			isa = PBXGroup;
			children = (
				40A6D4CF16D01F560019AC60 /* MagicalRecord+Actions.h */,
				40A6D4D016D01F560019AC60 /* MagicalRecord+Actions.m */,
				40A6D4D116D01F560019AC60 /* MagicalRecord+ErrorHandling.h */,
				40A6D4D216D01F560019AC60 /* MagicalRecord+ErrorHandling.m */,
				40A6D4D316D01F560019AC60 /* MagicalRecord+iCloud.h */,
				40A6D4D416D01F560019AC60 /* MagicalRecord+iCloud.m */,
				40A6D4D516D01F560019AC60 /* MagicalRecord+Options.h */,
				40A6D4D616D01F560019AC60 /* MagicalRecord+Options.m */,
				40A6D4D716D01F560019AC60 /* MagicalRecord+Setup.h */,
				40A6D4D816D01F560019AC60 /* MagicalRecord+Setup.m */,
				40A6D4D916D01F560019AC60 /* MagicalRecord+ShorthandSupport.h */,
				40A6D4DA16D01F560019AC60 /* MagicalRecord+ShorthandSupport.m */,
				40A6D4DB16D01F560019AC60 /* MagicalRecord.h */,
				40A6D4DC16D01F560019AC60 /* MagicalRecord.m */,
				40A6D4DD16D01F560019AC60 /* MagicalRecordShorthand.h */,
			);
			path = Core;
			sourceTree = "<group>";
		};
		40A6D4FE16D021DF0019AC60 /* Model */ = {
			isa = PBXGroup;
			children = (
				40A6D50416D025250019AC60 /* Generated */,
				405AC1F715B2072E001BB625 /* SIPerson.h */,
				405AC1F815B2072E001BB625 /* SIPerson.m */,
				405AC1F015B202DE001BB625 /* SIReceipt.h */,
				405AC1F115B202DE001BB625 /* SIReceipt.m */,
				40A6D50E16D025520019AC60 /* SIReceiptItem.h */,
				40A6D50F16D025520019AC60 /* SIReceiptItem.m */,
				40A6D50116D0225C0019AC60 /* SIDataModel.xcdatamodeld */,
			);
			name = Model;
			sourceTree = "<group>";
		};
		40A6D4FF16D021E50019AC60 /* View */ = {
			isa = PBXGroup;
			children = (
				4066B90916D190BA0082E878 /* SIReceiptPersonCollectionViewCell.h */,
				4066B90A16D190BA0082E878 /* SIReceiptPersonCollectionViewCell.m */,
			);
			name = View;
			sourceTree = "<group>";
		};
		40A6D50016D021E90019AC60 /* Controller */ = {
			isa = PBXGroup;
			children = (
				40A6D51416D02BD90019AC60 /* SIReceiptViewController.h */,
				40A6D51516D02BD90019AC60 /* SIReceiptViewController.m */,
				40A6D51116D026C40019AC60 /* SIReceiptListViewController.h */,
				40A6D51216D026C40019AC60 /* SIReceiptListViewController.m */,
				40A6D51716D0387C0019AC60 /* SIReceiptCreateViewController.h */,
				40A6D51816D0387C0019AC60 /* SIReceiptCreateViewController.m */,
			);
			name = Controller;
			sourceTree = "<group>";
		};
		40A6D50416D025250019AC60 /* Generated */ = {
			isa = PBXGroup;
			children = (
				40A6D50516D025330019AC60 /* _SIPerson.h */,
				40A6D50616D025330019AC60 /* _SIPerson.m */,
				40A6D50716D025330019AC60 /* _SIReceipt.h */,
				40A6D50816D025330019AC60 /* _SIReceipt.m */,
				40A6D50916D025330019AC60 /* _SIReceiptItem.h */,
				40A6D50A16D025330019AC60 /* _SIReceiptItem.m */,
			);
			name = Generated;
			sourceTree = "<group>";
		};
		40C4654D15B14A860047BB60 = {
			isa = PBXGroup;
			children = (
				40A6D4F916D01FDC0019AC60 /* Default-568h@2x.png */,
				40A6D4A316D01F560019AC60 /* MagicalRecord */,
				407E999915B1E3F000B930EE /* Tesseract */,
				40C4656215B14A860047BB60 /* Stab */,
				40C4655B15B14A860047BB60 /* Frameworks */,
				40C4655915B14A860047BB60 /* Products */,
			);
			sourceTree = "<group>";
		};
		40C4655915B14A860047BB60 /* Products */ = {
			isa = PBXGroup;
			children = (
				40C4655815B14A860047BB60 /* Mince.app */,
			);
			name = Products;
			sourceTree = "<group>";
		};
		40C4655B15B14A860047BB60 /* Frameworks */ = {
			isa = PBXGroup;
			children = (
				40C4655C15B14A860047BB60 /* UIKit.framework */,
				40C4655E15B14A860047BB60 /* Foundation.framework */,
				40C4656015B14A860047BB60 /* CoreGraphics.framework */,
				40A6D4FB16D0200E0019AC60 /* CoreData.framework */,
			);
			name = Frameworks;
			sourceTree = "<group>";
		};
		40C4656215B14A860047BB60 /* Stab */ = {
			isa = PBXGroup;
			children = (
				40A6D4FE16D021DF0019AC60 /* Model */,
				40A6D4FF16D021E50019AC60 /* View */,
				40A6D50016D021E90019AC60 /* Controller */,
				40C4656B15B14A860047BB60 /* SIAppDelegate.h */,
				40C4656C15B14A860047BB60 /* SIAppDelegate.m */,
				4094D83616D3137F0088DC7E /* NSDate-Utilities.h */,
				4094D83716D3137F0088DC7E /* NSDate-Utilities.m */,
				40D7D93315B24F8D004978C7 /* NSString+SIAdditions.h */,
				40D7D93415B24F8D004978C7 /* NSString+SIAdditions.m */,
				40C4656E15B14A860047BB60 /* MainStoryboard.storyboard */,
				40C4656315B14A860047BB60 /* Supporting Files */,
			);
			path = Stab;
			sourceTree = "<group>";
		};
		40C4656315B14A860047BB60 /* Supporting Files */ = {
			isa = PBXGroup;
			children = (
				40C4656415B14A860047BB60 /* Stab-Info.plist */,
				40C4656515B14A860047BB60 /* InfoPlist.strings */,
				40C4656815B14A860047BB60 /* main.m */,
				40C4656A15B14A860047BB60 /* Stab-Prefix.pch */,
			);
			name = "Supporting Files";
			sourceTree = "<group>";
		};
/* End PBXGroup section */

/* Begin PBXNativeTarget section */
		40C4655715B14A860047BB60 /* Mince */ = {
			isa = PBXNativeTarget;
			buildConfigurationList = 40C4657615B14A860047BB60 /* Build configuration list for PBXNativeTarget "Mince" */;
			buildPhases = (
				40C4655415B14A860047BB60 /* Sources */,
				40C4655515B14A860047BB60 /* Frameworks */,
				40C4655615B14A860047BB60 /* Resources */,
			);
			buildRules = (
			);
			dependencies = (
			);
			name = Mince;
			productName = Stab;
			productReference = 40C4655815B14A860047BB60 /* Mince.app */;
			productType = "com.apple.product-type.application";
		};
/* End PBXNativeTarget section */

/* Begin PBXProject section */
		40C4654F15B14A860047BB60 /* Project object */ = {
			isa = PBXProject;
			attributes = {
				CLASSPREFIX = SI;
				LastUpgradeCheck = 0460;
			};
			buildConfigurationList = 40C4655215B14A860047BB60 /* Build configuration list for PBXProject "Stab" */;
			compatibilityVersion = "Xcode 3.2";
			developmentRegion = English;
			hasScannedForEncodings = 0;
			knownRegions = (
				en,
			);
			mainGroup = 40C4654D15B14A860047BB60;
			productRefGroup = 40C4655915B14A860047BB60 /* Products */;
			projectDirPath = "";
			projectRoot = "";
			targets = (
				40C4655715B14A860047BB60 /* Mince */,
			);
		};
/* End PBXProject section */

/* Begin PBXResourcesBuildPhase section */
		40C4655615B14A860047BB60 /* Resources */ = {
			isa = PBXResourcesBuildPhase;
			buildActionMask = 2147483647;
			files = (
				40C4656715B14A860047BB60 /* InfoPlist.strings in Resources */,
				40C4657015B14A860047BB60 /* MainStoryboard.storyboard in Resources */,
				407E99EE15B1E9D300B930EE /* tessdata in Resources */,
				40A6D4FA16D01FDC0019AC60 /* Default-568h@2x.png in Resources */,
			);
			runOnlyForDeploymentPostprocessing = 0;
		};
/* End PBXResourcesBuildPhase section */

/* Begin PBXSourcesBuildPhase section */
		40C4655415B14A860047BB60 /* Sources */ = {
			isa = PBXSourcesBuildPhase;
			buildActionMask = 2147483647;
			files = (
				40C4656915B14A860047BB60 /* main.m in Sources */,
				40C4656D15B14A860047BB60 /* SIAppDelegate.m in Sources */,
				407E99EC15B1E8C000B930EE /* SITesseractParser.mm in Sources */,
				405AC1F215B202DE001BB625 /* SIReceipt.m in Sources */,
				405AC1F915B2072E001BB625 /* SIPerson.m in Sources */,
				40D7D93515B24F8D004978C7 /* NSString+SIAdditions.m in Sources */,
				40A6D4DF16D01F560019AC60 /* MagicalImportFunctions.m in Sources */,
				40A6D4E016D01F560019AC60 /* NSAttributeDescription+MagicalDataImport.m in Sources */,
				40A6D4E116D01F560019AC60 /* NSEntityDescription+MagicalDataImport.m in Sources */,
				40A6D4E216D01F560019AC60 /* NSNumber+MagicalDataImport.m in Sources */,
				40A6D4E316D01F560019AC60 /* NSObject+MagicalDataImport.m in Sources */,
				40A6D4E416D01F560019AC60 /* NSRelationshipDescription+MagicalDataImport.m in Sources */,
				40A6D4E516D01F560019AC60 /* NSString+MagicalDataImport.m in Sources */,
				40A6D4E616D01F560019AC60 /* NSManagedObject+MagicalAggregation.m in Sources */,
				40A6D4E716D01F560019AC60 /* NSManagedObject+MagicalDataImport.m in Sources */,
				40A6D4E816D01F560019AC60 /* NSManagedObject+MagicalFinders.m in Sources */,
				40A6D4E916D01F560019AC60 /* NSManagedObject+MagicalRecord.m in Sources */,
				40A6D4EA16D01F560019AC60 /* NSManagedObject+MagicalRequests.m in Sources */,
				40A6D4EB16D01F560019AC60 /* NSManagedObjectContext+MagicalObserving.m in Sources */,
				40A6D4EC16D01F560019AC60 /* NSManagedObjectContext+MagicalRecord.m in Sources */,
				40A6D4ED16D01F560019AC60 /* NSManagedObjectContext+MagicalSaves.m in Sources */,
				40A6D4EE16D01F560019AC60 /* NSManagedObjectContext+MagicalThreading.m in Sources */,
				40A6D4EF16D01F560019AC60 /* NSManagedObjectModel+MagicalRecord.m in Sources */,
				40A6D4F016D01F560019AC60 /* NSPersistentStore+MagicalRecord.m in Sources */,
				40A6D4F116D01F560019AC60 /* NSPersistentStoreCoordinator+MagicalRecord.m in Sources */,
				40A6D4F216D01F560019AC60 /* MagicalRecord+Actions.m in Sources */,
				40A6D4F316D01F560019AC60 /* MagicalRecord+ErrorHandling.m in Sources */,
				40A6D4F416D01F560019AC60 /* MagicalRecord+iCloud.m in Sources */,
				40A6D4F516D01F560019AC60 /* MagicalRecord+Options.m in Sources */,
				40A6D4F616D01F560019AC60 /* MagicalRecord+Setup.m in Sources */,
				40A6D4F716D01F560019AC60 /* MagicalRecord+ShorthandSupport.m in Sources */,
				40A6D4F816D01F560019AC60 /* MagicalRecord.m in Sources */,
				40A6D50316D0225C0019AC60 /* SIDataModel.xcdatamodeld in Sources */,
				40A6D50B16D025330019AC60 /* _SIPerson.m in Sources */,
				40A6D50C16D025330019AC60 /* _SIReceipt.m in Sources */,
				40A6D50D16D025330019AC60 /* _SIReceiptItem.m in Sources */,
				40A6D51016D025520019AC60 /* SIReceiptItem.m in Sources */,
				40A6D51316D026C40019AC60 /* SIReceiptListViewController.m in Sources */,
				40A6D51616D02BD90019AC60 /* SIReceiptViewController.m in Sources */,
				40A6D51916D0387C0019AC60 /* SIReceiptCreateViewController.m in Sources */,
				4066B90B16D190BA0082E878 /* SIReceiptPersonCollectionViewCell.m in Sources */,
				4094D83816D3137F0088DC7E /* NSDate-Utilities.m in Sources */,
			);
			runOnlyForDeploymentPostprocessing = 0;
		};
/* End PBXSourcesBuildPhase section */

/* Begin PBXVariantGroup section */
		40C4656515B14A860047BB60 /* InfoPlist.strings */ = {
			isa = PBXVariantGroup;
			children = (
				40C4656615B14A860047BB60 /* en */,
			);
			name = InfoPlist.strings;
			sourceTree = "<group>";
		};
		40C4656E15B14A860047BB60 /* MainStoryboard.storyboard */ = {
			isa = PBXVariantGroup;
			children = (
				40C4656F15B14A860047BB60 /* en */,
			);
			name = MainStoryboard.storyboard;
			sourceTree = "<group>";
		};
/* End PBXVariantGroup section */

/* Begin XCBuildConfiguration section */
		40C4657415B14A860047BB60 /* Debug */ = {
			isa = XCBuildConfiguration;
			buildSettings = {
				ALWAYS_SEARCH_USER_PATHS = NO;
				ARCHS = "$(ARCHS_STANDARD_32_BIT)";
				CLANG_ENABLE_OBJC_ARC = YES;
				CLANG_WARN_CONSTANT_CONVERSION = YES;
				CLANG_WARN_ENUM_CONVERSION = YES;
				CLANG_WARN_INT_CONVERSION = YES;
				CLANG_WARN__DUPLICATE_METHOD_MATCH = YES;
				"CODE_SIGN_IDENTITY[sdk=iphoneos*]" = "iPhone Developer";
				COPY_PHASE_STRIP = NO;
				GCC_C_LANGUAGE_STANDARD = gnu99;
				GCC_DYNAMIC_NO_PIC = NO;
				GCC_OPTIMIZATION_LEVEL = 0;
				GCC_PREPROCESSOR_DEFINITIONS = (
					"DEBUG=1",
					"$(inherited)",
				);
				GCC_SYMBOLS_PRIVATE_EXTERN = NO;
				GCC_VERSION = com.apple.compilers.llvm.clang.1_0;
				GCC_WARN_ABOUT_RETURN_TYPE = YES;
				GCC_WARN_UNINITIALIZED_AUTOS = YES;
				GCC_WARN_UNUSED_VARIABLE = YES;
				IPHONEOS_DEPLOYMENT_TARGET = 6.0;
				SDKROOT = iphoneos;
			};
			name = Debug;
		};
		40C4657515B14A860047BB60 /* Release */ = {
			isa = XCBuildConfiguration;
			buildSettings = {
				ALWAYS_SEARCH_USER_PATHS = NO;
				ARCHS = "$(ARCHS_STANDARD_32_BIT)";
				CLANG_ENABLE_OBJC_ARC = YES;
				CLANG_WARN_CONSTANT_CONVERSION = YES;
				CLANG_WARN_ENUM_CONVERSION = YES;
				CLANG_WARN_INT_CONVERSION = YES;
				CLANG_WARN__DUPLICATE_METHOD_MATCH = YES;
				"CODE_SIGN_IDENTITY[sdk=iphoneos*]" = "iPhone Developer";
				COPY_PHASE_STRIP = YES;
				GCC_C_LANGUAGE_STANDARD = gnu99;
				GCC_VERSION = com.apple.compilers.llvm.clang.1_0;
				GCC_WARN_ABOUT_RETURN_TYPE = YES;
				GCC_WARN_UNINITIALIZED_AUTOS = YES;
				GCC_WARN_UNUSED_VARIABLE = YES;
				IPHONEOS_DEPLOYMENT_TARGET = 6.0;
				OTHER_CFLAGS = "-DNS_BLOCK_ASSERTIONS=1";
				SDKROOT = iphoneos;
				VALIDATE_PRODUCT = YES;
			};
			name = Release;
		};
		40C4657715B14A860047BB60 /* Debug */ = {
			isa = XCBuildConfiguration;
			buildSettings = {
				GCC_PRECOMPILE_PREFIX_HEADER = YES;
				GCC_PREFIX_HEADER = "Stab/Stab-Prefix.pch";
				INFOPLIST_FILE = "Stab/Stab-Info.plist";
				IPHONEOS_DEPLOYMENT_TARGET = 6.0;
				LIBRARY_SEARCH_PATHS = (
					"$(inherited)",
					"\"$(SRCROOT)/Tesseract/lib\"",
				);
				PRODUCT_NAME = "$(TARGET_NAME)";
				WRAPPER_EXTENSION = app;
			};
			name = Debug;
		};
		40C4657815B14A860047BB60 /* Release */ = {
			isa = XCBuildConfiguration;
			buildSettings = {
				GCC_PRECOMPILE_PREFIX_HEADER = YES;
				GCC_PREFIX_HEADER = "Stab/Stab-Prefix.pch";
				INFOPLIST_FILE = "Stab/Stab-Info.plist";
				IPHONEOS_DEPLOYMENT_TARGET = 6.0;
				LIBRARY_SEARCH_PATHS = (
					"$(inherited)",
					"\"$(SRCROOT)/Tesseract/lib\"",
				);
				PRODUCT_NAME = "$(TARGET_NAME)";
				WRAPPER_EXTENSION = app;
			};
			name = Release;
		};
/* End XCBuildConfiguration section */

/* Begin XCConfigurationList section */
		40C4655215B14A860047BB60 /* Build configuration list for PBXProject "Stab" */ = {
			isa = XCConfigurationList;
			buildConfigurations = (
				40C4657415B14A860047BB60 /* Debug */,
				40C4657515B14A860047BB60 /* Release */,
			);
			defaultConfigurationIsVisible = 0;
			defaultConfigurationName = Release;
		};
		40C4657615B14A860047BB60 /* Build configuration list for PBXNativeTarget "Mince" */ = {
			isa = XCConfigurationList;
			buildConfigurations = (
				40C4657715B14A860047BB60 /* Debug */,
				40C4657815B14A860047BB60 /* Release */,
			);
			defaultConfigurationIsVisible = 0;
			defaultConfigurationName = Release;
		};
/* End XCConfigurationList section */

/* Begin XCVersionGroup section */
		40A6D50116D0225C0019AC60 /* SIDataModel.xcdatamodeld */ = {
			isa = XCVersionGroup;
			children = (
				40A6D50216D0225C0019AC60 /* SIDataModel.xcdatamodel */,
			);
			currentVersion = 40A6D50216D0225C0019AC60 /* SIDataModel.xcdatamodel */;
			path = SIDataModel.xcdatamodeld;
			sourceTree = "<group>";
			versionGroupType = wrapper.xcdatamodel;
		};
/* End XCVersionGroup section */
	};
	rootObject = 40C4654F15B14A860047BB60 /* Project object */;
}
