// !$*UTF8*$!
{
	archiveVersion = 1;
	classes = {
	};
	objectVersion = 46;
	objects = {

/* Begin PBXBuildFile section */
		405AC1F215B202DE001BB625 /* SIReceipt.m in Sources */ = {isa = PBXBuildFile; fileRef = 405AC1F115B202DE001BB625 /* SIReceipt.m */; };
		405AC1F915B2072E001BB625 /* SIPerson.m in Sources */ = {isa = PBXBuildFile; fileRef = 405AC1F815B2072E001BB625 /* SIPerson.m */; };
		4066B90B16D190BA0082E878 /* SIReceiptPersonCollectionViewCell.m in Sources */ = {isa = PBXBuildFile; fileRef = 4066B90A16D190BA0082E878 /* SIReceiptPersonCollectionViewCell.m */; };
		409A716A16F7EF8B008D1DA0 /* SIReceiptPeopleViewController.m in Sources */ = {isa = PBXBuildFile; fileRef = 409A716916F7EF8B008D1DA0 /* SIReceiptPeopleViewController.m */; };
		40A6D4FA16D01FDC0019AC60 /* Default-568h@2x.png in Resources */ = {isa = PBXBuildFile; fileRef = 40A6D4F916D01FDC0019AC60 /* Default-568h@2x.png */; };
		40A6D4FD16D020160019AC60 /* CoreData.framework in Frameworks */ = {isa = PBXBuildFile; fileRef = 40A6D4FB16D0200E0019AC60 /* CoreData.framework */; };
		40A6D51016D025520019AC60 /* SIReceiptItem.m in Sources */ = {isa = PBXBuildFile; fileRef = 40A6D50F16D025520019AC60 /* SIReceiptItem.m */; };
		40A6D51316D026C40019AC60 /* SIReceiptListViewController.m in Sources */ = {isa = PBXBuildFile; fileRef = 40A6D51216D026C40019AC60 /* SIReceiptListViewController.m */; };
		40A6D51616D02BD90019AC60 /* SIReceiptItemsViewController.m in Sources */ = {isa = PBXBuildFile; fileRef = 40A6D51516D02BD90019AC60 /* SIReceiptItemsViewController.m */; };
		40A905F416F692460039677F /* SIReceiptViewController.m in Sources */ = {isa = PBXBuildFile; fileRef = 40A905F316F692460039677F /* SIReceiptViewController.m */; };
		40C4655D15B14A860047BB60 /* UIKit.framework in Frameworks */ = {isa = PBXBuildFile; fileRef = 40C4655C15B14A860047BB60 /* UIKit.framework */; };
		40C4655F15B14A860047BB60 /* Foundation.framework in Frameworks */ = {isa = PBXBuildFile; fileRef = 40C4655E15B14A860047BB60 /* Foundation.framework */; };
		40C4656115B14A860047BB60 /* CoreGraphics.framework in Frameworks */ = {isa = PBXBuildFile; fileRef = 40C4656015B14A860047BB60 /* CoreGraphics.framework */; };
		40C4656715B14A860047BB60 /* InfoPlist.strings in Resources */ = {isa = PBXBuildFile; fileRef = 40C4656515B14A860047BB60 /* InfoPlist.strings */; };
		40C4656915B14A860047BB60 /* main.m in Sources */ = {isa = PBXBuildFile; fileRef = 40C4656815B14A860047BB60 /* main.m */; };
		40C4656D15B14A860047BB60 /* SIAppDelegate.m in Sources */ = {isa = PBXBuildFile; fileRef = 40C4656C15B14A860047BB60 /* SIAppDelegate.m */; };
		40C4657015B14A860047BB60 /* MainStoryboard.storyboard in Resources */ = {isa = PBXBuildFile; fileRef = 40C4656E15B14A860047BB60 /* MainStoryboard.storyboard */; };
		40D7D93515B24F8D004978C7 /* NSString+SIAdditions.m in Sources */ = {isa = PBXBuildFile; fileRef = 40D7D93415B24F8D004978C7 /* NSString+SIAdditions.m */; };
		CA981AF818274AD1B8C0BDB8 /* libPods.a in Frameworks */ = {isa = PBXBuildFile; fileRef = 9BA99C302FC849A3831190EE /* libPods.a */; };
/* End PBXBuildFile section */

/* Begin PBXFileReference section */
		405AC1F015B202DE001BB625 /* SIReceipt.h */ = {isa = PBXFileReference; fileEncoding = 4; lastKnownFileType = sourcecode.c.h; path = SIReceipt.h; sourceTree = "<group>"; };
		405AC1F115B202DE001BB625 /* SIReceipt.m */ = {isa = PBXFileReference; fileEncoding = 4; lastKnownFileType = sourcecode.c.objc; path = SIReceipt.m; sourceTree = "<group>"; };
		405AC1F715B2072E001BB625 /* SIPerson.h */ = {isa = PBXFileReference; fileEncoding = 4; lastKnownFileType = sourcecode.c.h; path = SIPerson.h; sourceTree = "<group>"; };
		405AC1F815B2072E001BB625 /* SIPerson.m */ = {isa = PBXFileReference; fileEncoding = 4; lastKnownFileType = sourcecode.c.objc; path = SIPerson.m; sourceTree = "<group>"; };
		4066B90916D190BA0082E878 /* SIReceiptPersonCollectionViewCell.h */ = {isa = PBXFileReference; fileEncoding = 4; lastKnownFileType = sourcecode.c.h; path = SIReceiptPersonCollectionViewCell.h; sourceTree = "<group>"; };
		4066B90A16D190BA0082E878 /* SIReceiptPersonCollectionViewCell.m */ = {isa = PBXFileReference; fileEncoding = 4; lastKnownFileType = sourcecode.c.objc; path = SIReceiptPersonCollectionViewCell.m; sourceTree = "<group>"; };
		407E999C15B1E41B00B930EE /* allheaders.h */ = {isa = PBXFileReference; fileEncoding = 4; lastKnownFileType = sourcecode.c.h; path = allheaders.h; sourceTree = "<group>"; };
		407E999D15B1E41B00B930EE /* alltypes.h */ = {isa = PBXFileReference; fileEncoding = 4; lastKnownFileType = sourcecode.c.h; path = alltypes.h; sourceTree = "<group>"; };
		407E999E15B1E41B00B930EE /* array.h */ = {isa = PBXFileReference; fileEncoding = 4; lastKnownFileType = sourcecode.c.h; path = array.h; sourceTree = "<group>"; };
		407E999F15B1E41B00B930EE /* arrayaccess.h */ = {isa = PBXFileReference; fileEncoding = 4; lastKnownFileType = sourcecode.c.h; path = arrayaccess.h; sourceTree = "<group>"; };
		407E99A015B1E41B00B930EE /* bbuffer.h */ = {isa = PBXFileReference; fileEncoding = 4; lastKnownFileType = sourcecode.c.h; path = bbuffer.h; sourceTree = "<group>"; };
		407E99A115B1E41B00B930EE /* bmf.h */ = {isa = PBXFileReference; fileEncoding = 4; lastKnownFileType = sourcecode.c.h; path = bmf.h; sourceTree = "<group>"; };
		407E99A215B1E41B00B930EE /* bmp.h */ = {isa = PBXFileReference; fileEncoding = 4; lastKnownFileType = sourcecode.c.h; path = bmp.h; sourceTree = "<group>"; };
		407E99A315B1E41B00B930EE /* ccbord.h */ = {isa = PBXFileReference; fileEncoding = 4; lastKnownFileType = sourcecode.c.h; path = ccbord.h; sourceTree = "<group>"; };
		407E99A415B1E41B00B930EE /* dewarp.h */ = {isa = PBXFileReference; fileEncoding = 4; lastKnownFileType = sourcecode.c.h; path = dewarp.h; sourceTree = "<group>"; };
		407E99A515B1E41B00B930EE /* endianness.h */ = {isa = PBXFileReference; fileEncoding = 4; lastKnownFileType = sourcecode.c.h; path = endianness.h; sourceTree = "<group>"; };
		407E99A615B1E41B00B930EE /* environ.h */ = {isa = PBXFileReference; fileEncoding = 4; lastKnownFileType = sourcecode.c.h; path = environ.h; sourceTree = "<group>"; };
		407E99A715B1E41B00B930EE /* freetype.h */ = {isa = PBXFileReference; fileEncoding = 4; lastKnownFileType = sourcecode.c.h; path = freetype.h; sourceTree = "<group>"; };
		407E99A815B1E41B00B930EE /* gplot.h */ = {isa = PBXFileReference; fileEncoding = 4; lastKnownFileType = sourcecode.c.h; path = gplot.h; sourceTree = "<group>"; };
		407E99A915B1E41B00B930EE /* heap.h */ = {isa = PBXFileReference; fileEncoding = 4; lastKnownFileType = sourcecode.c.h; path = heap.h; sourceTree = "<group>"; };
		407E99AA15B1E41B00B930EE /* imageio.h */ = {isa = PBXFileReference; fileEncoding = 4; lastKnownFileType = sourcecode.c.h; path = imageio.h; sourceTree = "<group>"; };
		407E99AB15B1E41B00B930EE /* jbclass.h */ = {isa = PBXFileReference; fileEncoding = 4; lastKnownFileType = sourcecode.c.h; path = jbclass.h; sourceTree = "<group>"; };
		407E99AC15B1E41B00B930EE /* leptwin.h */ = {isa = PBXFileReference; fileEncoding = 4; lastKnownFileType = sourcecode.c.h; path = leptwin.h; sourceTree = "<group>"; };
		407E99AD15B1E41B00B930EE /* list.h */ = {isa = PBXFileReference; fileEncoding = 4; lastKnownFileType = sourcecode.c.h; path = list.h; sourceTree = "<group>"; };
		407E99AE15B1E41B00B930EE /* morph.h */ = {isa = PBXFileReference; fileEncoding = 4; lastKnownFileType = sourcecode.c.h; path = morph.h; sourceTree = "<group>"; };
		407E99AF15B1E41B00B930EE /* pix.h */ = {isa = PBXFileReference; fileEncoding = 4; lastKnownFileType = sourcecode.c.h; path = pix.h; sourceTree = "<group>"; };
		407E99B015B1E41B00B930EE /* ptra.h */ = {isa = PBXFileReference; fileEncoding = 4; lastKnownFileType = sourcecode.c.h; path = ptra.h; sourceTree = "<group>"; };
		407E99B115B1E41B00B930EE /* queue.h */ = {isa = PBXFileReference; fileEncoding = 4; lastKnownFileType = sourcecode.c.h; path = queue.h; sourceTree = "<group>"; };
		407E99B215B1E41B00B930EE /* readbarcode.h */ = {isa = PBXFileReference; fileEncoding = 4; lastKnownFileType = sourcecode.c.h; path = readbarcode.h; sourceTree = "<group>"; };
		407E99B315B1E41B00B930EE /* regutils.h */ = {isa = PBXFileReference; fileEncoding = 4; lastKnownFileType = sourcecode.c.h; path = regutils.h; sourceTree = "<group>"; };
		407E99B415B1E41B00B930EE /* stack.h */ = {isa = PBXFileReference; fileEncoding = 4; lastKnownFileType = sourcecode.c.h; path = stack.h; sourceTree = "<group>"; };
		407E99B515B1E41B00B930EE /* sudoku.h */ = {isa = PBXFileReference; fileEncoding = 4; lastKnownFileType = sourcecode.c.h; path = sudoku.h; sourceTree = "<group>"; };
		407E99B615B1E41B00B930EE /* watershed.h */ = {isa = PBXFileReference; fileEncoding = 4; lastKnownFileType = sourcecode.c.h; path = watershed.h; sourceTree = "<group>"; };
		407E99B815B1E41B00B930EE /* apitypes.h */ = {isa = PBXFileReference; fileEncoding = 4; lastKnownFileType = sourcecode.c.h; path = apitypes.h; sourceTree = "<group>"; };
		407E99B915B1E41B00B930EE /* baseapi.h */ = {isa = PBXFileReference; fileEncoding = 4; lastKnownFileType = sourcecode.c.h; path = baseapi.h; sourceTree = "<group>"; };
		407E99BA15B1E41B00B930EE /* errcode.h */ = {isa = PBXFileReference; fileEncoding = 4; lastKnownFileType = sourcecode.c.h; path = errcode.h; sourceTree = "<group>"; };
		407E99BB15B1E41B00B930EE /* genericvector.h */ = {isa = PBXFileReference; fileEncoding = 4; lastKnownFileType = sourcecode.c.h; path = genericvector.h; sourceTree = "<group>"; };
		407E99BC15B1E41B00B930EE /* helpers.h */ = {isa = PBXFileReference; fileEncoding = 4; lastKnownFileType = sourcecode.c.h; path = helpers.h; sourceTree = "<group>"; };
		407E99BD15B1E41B00B930EE /* host.h */ = {isa = PBXFileReference; fileEncoding = 4; lastKnownFileType = sourcecode.c.h; path = host.h; sourceTree = "<group>"; };
		407E99BE15B1E41B00B930EE /* ndminx.h */ = {isa = PBXFileReference; fileEncoding = 4; lastKnownFileType = sourcecode.c.h; path = ndminx.h; sourceTree = "<group>"; };
		407E99BF15B1E41B00B930EE /* ocrclass.h */ = {isa = PBXFileReference; fileEncoding = 4; lastKnownFileType = sourcecode.c.h; path = ocrclass.h; sourceTree = "<group>"; };
		407E99C015B1E41B00B930EE /* platform.h */ = {isa = PBXFileReference; fileEncoding = 4; lastKnownFileType = sourcecode.c.h; path = platform.h; sourceTree = "<group>"; };
		407E99C115B1E41B00B930EE /* publictypes.h */ = {isa = PBXFileReference; fileEncoding = 4; lastKnownFileType = sourcecode.c.h; path = publictypes.h; sourceTree = "<group>"; };
		407E99C215B1E41B00B930EE /* tesscallback.h */ = {isa = PBXFileReference; fileEncoding = 4; lastKnownFileType = sourcecode.c.h; path = tesscallback.h; sourceTree = "<group>"; };
		407E99C315B1E41B00B930EE /* thresholder.h */ = {isa = PBXFileReference; fileEncoding = 4; lastKnownFileType = sourcecode.c.h; path = thresholder.h; sourceTree = "<group>"; };
		407E99C415B1E41B00B930EE /* unichar.h */ = {isa = PBXFileReference; fileEncoding = 4; lastKnownFileType = sourcecode.c.h; path = unichar.h; sourceTree = "<group>"; };
		407E99C615B1E41B00B930EE /* liblept.a */ = {isa = PBXFileReference; lastKnownFileType = archive.ar; path = liblept.a; sourceTree = "<group>"; };
		407E99C715B1E41B00B930EE /* libtesseract.a */ = {isa = PBXFileReference; lastKnownFileType = archive.ar; path = libtesseract.a; sourceTree = "<group>"; };
		407E99C815B1E41B00B930EE /* libtesseract_all.a */ = {isa = PBXFileReference; lastKnownFileType = archive.ar; path = libtesseract_all.a; sourceTree = "<group>"; };
		407E99C915B1E41B00B930EE /* libtesseract_api.a */ = {isa = PBXFileReference; lastKnownFileType = archive.ar; path = libtesseract_api.a; sourceTree = "<group>"; };
		407E99CA15B1E41B00B930EE /* libtesseract_ccstruct.a */ = {isa = PBXFileReference; lastKnownFileType = archive.ar; path = libtesseract_ccstruct.a; sourceTree = "<group>"; };
		407E99CB15B1E41B00B930EE /* libtesseract_ccutil.a */ = {isa = PBXFileReference; lastKnownFileType = archive.ar; path = libtesseract_ccutil.a; sourceTree = "<group>"; };
		407E99CC15B1E41B00B930EE /* libtesseract_classify.a */ = {isa = PBXFileReference; lastKnownFileType = archive.ar; path = libtesseract_classify.a; sourceTree = "<group>"; };
		407E99CD15B1E41B00B930EE /* libtesseract_cube.a */ = {isa = PBXFileReference; lastKnownFileType = archive.ar; path = libtesseract_cube.a; sourceTree = "<group>"; };
		407E99CE15B1E41B00B930EE /* libtesseract_cutil.a */ = {isa = PBXFileReference; lastKnownFileType = archive.ar; path = libtesseract_cutil.a; sourceTree = "<group>"; };
		407E99CF15B1E41B00B930EE /* libtesseract_dict.a */ = {isa = PBXFileReference; lastKnownFileType = archive.ar; path = libtesseract_dict.a; sourceTree = "<group>"; };
		407E99D015B1E41B00B930EE /* libtesseract_image.a */ = {isa = PBXFileReference; lastKnownFileType = archive.ar; path = libtesseract_image.a; sourceTree = "<group>"; };
		407E99D115B1E41B00B930EE /* libtesseract_main.a */ = {isa = PBXFileReference; lastKnownFileType = archive.ar; path = libtesseract_main.a; sourceTree = "<group>"; };
		407E99D215B1E41B00B930EE /* libtesseract_neural.a */ = {isa = PBXFileReference; lastKnownFileType = archive.ar; path = libtesseract_neural.a; sourceTree = "<group>"; };
		407E99D315B1E41B00B930EE /* libtesseract_tessopt.a */ = {isa = PBXFileReference; lastKnownFileType = archive.ar; path = libtesseract_tessopt.a; sourceTree = "<group>"; };
		407E99D415B1E41B00B930EE /* libtesseract_textord.a */ = {isa = PBXFileReference; lastKnownFileType = archive.ar; path = libtesseract_textord.a; sourceTree = "<group>"; };
		407E99D515B1E41B00B930EE /* libtesseract_training.a */ = {isa = PBXFileReference; lastKnownFileType = archive.ar; path = libtesseract_training.a; sourceTree = "<group>"; };
		407E99D615B1E41B00B930EE /* libtesseract_viewer.a */ = {isa = PBXFileReference; lastKnownFileType = archive.ar; path = libtesseract_viewer.a; sourceTree = "<group>"; };
		407E99D715B1E41B00B930EE /* libtesseract_wordrec.a */ = {isa = PBXFileReference; lastKnownFileType = archive.ar; path = libtesseract_wordrec.a; sourceTree = "<group>"; };
		407E99EA15B1E8C000B930EE /* SITesseractParser.h */ = {isa = PBXFileReference; fileEncoding = 4; lastKnownFileType = sourcecode.c.h; path = SITesseractParser.h; sourceTree = "<group>"; };
		407E99EB15B1E8C000B930EE /* SITesseractParser.mm */ = {isa = PBXFileReference; fileEncoding = 4; lastKnownFileType = sourcecode.cpp.objcpp; path = SITesseractParser.mm; sourceTree = "<group>"; };
		407E99ED15B1E9D300B930EE /* tessdata */ = {isa = PBXFileReference; lastKnownFileType = folder; path = tessdata; sourceTree = "<group>"; };
		409A716816F7EF8B008D1DA0 /* SIReceiptPeopleViewController.h */ = {isa = PBXFileReference; fileEncoding = 4; lastKnownFileType = sourcecode.c.h; path = SIReceiptPeopleViewController.h; sourceTree = "<group>"; };
		409A716916F7EF8B008D1DA0 /* SIReceiptPeopleViewController.m */ = {isa = PBXFileReference; fileEncoding = 4; lastKnownFileType = sourcecode.c.objc; path = SIReceiptPeopleViewController.m; sourceTree = "<group>"; };
		40A6D4F916D01FDC0019AC60 /* Default-568h@2x.png */ = {isa = PBXFileReference; lastKnownFileType = image.png; path = "Default-568h@2x.png"; sourceTree = "<group>"; };
		40A6D4FB16D0200E0019AC60 /* CoreData.framework */ = {isa = PBXFileReference; lastKnownFileType = wrapper.framework; name = CoreData.framework; path = System/Library/Frameworks/CoreData.framework; sourceTree = SDKROOT; };
		40A6D50E16D025520019AC60 /* SIReceiptItem.h */ = {isa = PBXFileReference; fileEncoding = 4; lastKnownFileType = sourcecode.c.h; path = SIReceiptItem.h; sourceTree = "<group>"; };
		40A6D50F16D025520019AC60 /* SIReceiptItem.m */ = {isa = PBXFileReference; fileEncoding = 4; lastKnownFileType = sourcecode.c.objc; path = SIReceiptItem.m; sourceTree = "<group>"; };
		40A6D51116D026C40019AC60 /* SIReceiptListViewController.h */ = {isa = PBXFileReference; fileEncoding = 4; lastKnownFileType = sourcecode.c.h; path = SIReceiptListViewController.h; sourceTree = "<group>"; };
		40A6D51216D026C40019AC60 /* SIReceiptListViewController.m */ = {isa = PBXFileReference; fileEncoding = 4; lastKnownFileType = sourcecode.c.objc; path = SIReceiptListViewController.m; sourceTree = "<group>"; };
		40A6D51416D02BD90019AC60 /* SIReceiptItemsViewController.h */ = {isa = PBXFileReference; fileEncoding = 4; lastKnownFileType = sourcecode.c.h; path = SIReceiptItemsViewController.h; sourceTree = "<group>"; };
		40A6D51516D02BD90019AC60 /* SIReceiptItemsViewController.m */ = {isa = PBXFileReference; fileEncoding = 4; lastKnownFileType = sourcecode.c.objc; path = SIReceiptItemsViewController.m; sourceTree = "<group>"; };
		40A905F216F692460039677F /* SIReceiptViewController.h */ = {isa = PBXFileReference; fileEncoding = 4; lastKnownFileType = sourcecode.c.h; path = SIReceiptViewController.h; sourceTree = "<group>"; };
		40A905F316F692460039677F /* SIReceiptViewController.m */ = {isa = PBXFileReference; fileEncoding = 4; lastKnownFileType = sourcecode.c.objc; path = SIReceiptViewController.m; sourceTree = "<group>"; };
		40C4655815B14A860047BB60 /* Mince.app */ = {isa = PBXFileReference; explicitFileType = wrapper.application; includeInIndex = 0; path = Mince.app; sourceTree = BUILT_PRODUCTS_DIR; };
		40C4655C15B14A860047BB60 /* UIKit.framework */ = {isa = PBXFileReference; lastKnownFileType = wrapper.framework; name = UIKit.framework; path = System/Library/Frameworks/UIKit.framework; sourceTree = SDKROOT; };
		40C4655E15B14A860047BB60 /* Foundation.framework */ = {isa = PBXFileReference; lastKnownFileType = wrapper.framework; name = Foundation.framework; path = System/Library/Frameworks/Foundation.framework; sourceTree = SDKROOT; };
		40C4656015B14A860047BB60 /* CoreGraphics.framework */ = {isa = PBXFileReference; lastKnownFileType = wrapper.framework; name = CoreGraphics.framework; path = System/Library/Frameworks/CoreGraphics.framework; sourceTree = SDKROOT; };
		40C4656415B14A860047BB60 /* Mince-Info.plist */ = {isa = PBXFileReference; lastKnownFileType = text.plist.xml; path = "Mince-Info.plist"; sourceTree = "<group>"; };
		40C4656615B14A860047BB60 /* en */ = {isa = PBXFileReference; lastKnownFileType = text.plist.strings; name = en; path = en.lproj/InfoPlist.strings; sourceTree = "<group>"; };
		40C4656815B14A860047BB60 /* main.m */ = {isa = PBXFileReference; lastKnownFileType = sourcecode.c.objc; path = main.m; sourceTree = "<group>"; };
		40C4656A15B14A860047BB60 /* Mince-Prefix.pch */ = {isa = PBXFileReference; lastKnownFileType = sourcecode.c.h; path = "Mince-Prefix.pch"; sourceTree = "<group>"; };
		40C4656B15B14A860047BB60 /* SIAppDelegate.h */ = {isa = PBXFileReference; lastKnownFileType = sourcecode.c.h; path = SIAppDelegate.h; sourceTree = "<group>"; };
		40C4656C15B14A860047BB60 /* SIAppDelegate.m */ = {isa = PBXFileReference; lastKnownFileType = sourcecode.c.objc; path = SIAppDelegate.m; sourceTree = "<group>"; };
		40C4656F15B14A860047BB60 /* en */ = {isa = PBXFileReference; lastKnownFileType = file.storyboard; name = en; path = en.lproj/MainStoryboard.storyboard; sourceTree = "<group>"; };
		40D7D93315B24F8D004978C7 /* NSString+SIAdditions.h */ = {isa = PBXFileReference; fileEncoding = 4; lastKnownFileType = sourcecode.c.h; path = "NSString+SIAdditions.h"; sourceTree = "<group>"; };
		40D7D93415B24F8D004978C7 /* NSString+SIAdditions.m */ = {isa = PBXFileReference; fileEncoding = 4; lastKnownFileType = sourcecode.c.objc; path = "NSString+SIAdditions.m"; sourceTree = "<group>"; };
		810B94251A1A43C4B1316CEA /* Pods.xcconfig */ = {isa = PBXFileReference; includeInIndex = 1; lastKnownFileType = text.xcconfig; name = Pods.xcconfig; path = Pods/Pods.xcconfig; sourceTree = SOURCE_ROOT; };
		9BA99C302FC849A3831190EE /* libPods.a */ = {isa = PBXFileReference; explicitFileType = archive.ar; includeInIndex = 0; path = libPods.a; sourceTree = BUILT_PRODUCTS_DIR; };
/* End PBXFileReference section */

/* Begin PBXFrameworksBuildPhase section */
		40C4655515B14A860047BB60 /* Frameworks */ = {
			isa = PBXFrameworksBuildPhase;
			buildActionMask = 2147483647;
			files = (
				40C4655D15B14A860047BB60 /* UIKit.framework in Frameworks */,
				40C4655F15B14A860047BB60 /* Foundation.framework in Frameworks */,
				40C4656115B14A860047BB60 /* CoreGraphics.framework in Frameworks */,
				40A6D4FD16D020160019AC60 /* CoreData.framework in Frameworks */,
				CA981AF818274AD1B8C0BDB8 /* libPods.a in Frameworks */,
			);
			runOnlyForDeploymentPostprocessing = 0;
		};
/* End PBXFrameworksBuildPhase section */

/* Begin PBXGroup section */
		407E999915B1E3F000B930EE /* Tesseract */ = {
			isa = PBXGroup;
			children = (
				407E99ED15B1E9D300B930EE /* tessdata */,
				407E999A15B1E41B00B930EE /* include */,
				407E99C515B1E41B00B930EE /* lib */,
				407E99EA15B1E8C000B930EE /* SITesseractParser.h */,
				407E99EB15B1E8C000B930EE /* SITesseractParser.mm */,
			);
			path = Tesseract;
			sourceTree = "<group>";
		};
		407E999A15B1E41B00B930EE /* include */ = {
			isa = PBXGroup;
			children = (
				407E999B15B1E41B00B930EE /* leptonica */,
				407E99B715B1E41B00B930EE /* tesseract */,
			);
			path = include;
			sourceTree = "<group>";
		};
		407E999B15B1E41B00B930EE /* leptonica */ = {
			isa = PBXGroup;
			children = (
				407E999C15B1E41B00B930EE /* allheaders.h */,
				407E999D15B1E41B00B930EE /* alltypes.h */,
				407E999E15B1E41B00B930EE /* array.h */,
				407E999F15B1E41B00B930EE /* arrayaccess.h */,
				407E99A015B1E41B00B930EE /* bbuffer.h */,
				407E99A115B1E41B00B930EE /* bmf.h */,
				407E99A215B1E41B00B930EE /* bmp.h */,
				407E99A315B1E41B00B930EE /* ccbord.h */,
				407E99A415B1E41B00B930EE /* dewarp.h */,
				407E99A515B1E41B00B930EE /* endianness.h */,
				407E99A615B1E41B00B930EE /* environ.h */,
				407E99A715B1E41B00B930EE /* freetype.h */,
				407E99A815B1E41B00B930EE /* gplot.h */,
				407E99A915B1E41B00B930EE /* heap.h */,
				407E99AA15B1E41B00B930EE /* imageio.h */,
				407E99AB15B1E41B00B930EE /* jbclass.h */,
				407E99AC15B1E41B00B930EE /* leptwin.h */,
				407E99AD15B1E41B00B930EE /* list.h */,
				407E99AE15B1E41B00B930EE /* morph.h */,
				407E99AF15B1E41B00B930EE /* pix.h */,
				407E99B015B1E41B00B930EE /* ptra.h */,
				407E99B115B1E41B00B930EE /* queue.h */,
				407E99B215B1E41B00B930EE /* readbarcode.h */,
				407E99B315B1E41B00B930EE /* regutils.h */,
				407E99B415B1E41B00B930EE /* stack.h */,
				407E99B515B1E41B00B930EE /* sudoku.h */,
				407E99B615B1E41B00B930EE /* watershed.h */,
			);
			path = leptonica;
			sourceTree = "<group>";
		};
		407E99B715B1E41B00B930EE /* tesseract */ = {
			isa = PBXGroup;
			children = (
				407E99B815B1E41B00B930EE /* apitypes.h */,
				407E99B915B1E41B00B930EE /* baseapi.h */,
				407E99BA15B1E41B00B930EE /* errcode.h */,
				407E99BB15B1E41B00B930EE /* genericvector.h */,
				407E99BC15B1E41B00B930EE /* helpers.h */,
				407E99BD15B1E41B00B930EE /* host.h */,
				407E99BE15B1E41B00B930EE /* ndminx.h */,
				407E99BF15B1E41B00B930EE /* ocrclass.h */,
				407E99C015B1E41B00B930EE /* platform.h */,
				407E99C115B1E41B00B930EE /* publictypes.h */,
				407E99C215B1E41B00B930EE /* tesscallback.h */,
				407E99C315B1E41B00B930EE /* thresholder.h */,
				407E99C415B1E41B00B930EE /* unichar.h */,
			);
			path = tesseract;
			sourceTree = "<group>";
		};
		407E99C515B1E41B00B930EE /* lib */ = {
			isa = PBXGroup;
			children = (
				407E99C615B1E41B00B930EE /* liblept.a */,
				407E99C715B1E41B00B930EE /* libtesseract.a */,
				407E99C815B1E41B00B930EE /* libtesseract_all.a */,
				407E99C915B1E41B00B930EE /* libtesseract_api.a */,
				407E99CA15B1E41B00B930EE /* libtesseract_ccstruct.a */,
				407E99CB15B1E41B00B930EE /* libtesseract_ccutil.a */,
				407E99CC15B1E41B00B930EE /* libtesseract_classify.a */,
				407E99CD15B1E41B00B930EE /* libtesseract_cube.a */,
				407E99CE15B1E41B00B930EE /* libtesseract_cutil.a */,
				407E99CF15B1E41B00B930EE /* libtesseract_dict.a */,
				407E99D015B1E41B00B930EE /* libtesseract_image.a */,
				407E99D115B1E41B00B930EE /* libtesseract_main.a */,
				407E99D215B1E41B00B930EE /* libtesseract_neural.a */,
				407E99D315B1E41B00B930EE /* libtesseract_tessopt.a */,
				407E99D415B1E41B00B930EE /* libtesseract_textord.a */,
				407E99D515B1E41B00B930EE /* libtesseract_training.a */,
				407E99D615B1E41B00B930EE /* libtesseract_viewer.a */,
				407E99D715B1E41B00B930EE /* libtesseract_wordrec.a */,
			);
			path = lib;
			sourceTree = "<group>";
		};
		40A6D4FE16D021DF0019AC60 /* Model */ = {
			isa = PBXGroup;
			children = (
				405AC1F715B2072E001BB625 /* SIPerson.h */,
				405AC1F815B2072E001BB625 /* SIPerson.m */,
				405AC1F015B202DE001BB625 /* SIReceipt.h */,
				405AC1F115B202DE001BB625 /* SIReceipt.m */,
				40A6D50E16D025520019AC60 /* SIReceiptItem.h */,
				40A6D50F16D025520019AC60 /* SIReceiptItem.m */,
			);
			name = Model;
			sourceTree = "<group>";
		};
		40A6D4FF16D021E50019AC60 /* View */ = {
			isa = PBXGroup;
			children = (
				4066B90916D190BA0082E878 /* SIReceiptPersonCollectionViewCell.h */,
				4066B90A16D190BA0082E878 /* SIReceiptPersonCollectionViewCell.m */,
			);
			name = View;
			sourceTree = "<group>";
		};
		40A6D50016D021E90019AC60 /* Controller */ = {
			isa = PBXGroup;
			children = (
				40A6D51116D026C40019AC60 /* SIReceiptListViewController.h */,
				40A6D51216D026C40019AC60 /* SIReceiptListViewController.m */,
				40A905F216F692460039677F /* SIReceiptViewController.h */,
				40A905F316F692460039677F /* SIReceiptViewController.m */,
				40A6D51416D02BD90019AC60 /* SIReceiptItemsViewController.h */,
				40A6D51516D02BD90019AC60 /* SIReceiptItemsViewController.m */,
				409A716816F7EF8B008D1DA0 /* SIReceiptPeopleViewController.h */,
				409A716916F7EF8B008D1DA0 /* SIReceiptPeopleViewController.m */,
			);
			name = Controller;
			sourceTree = "<group>";
		};
		40C4654D15B14A860047BB60 = {
			isa = PBXGroup;
			children = (
				40A6D4F916D01FDC0019AC60 /* Default-568h@2x.png */,
				407E999915B1E3F000B930EE /* Tesseract */,
				40C4656215B14A860047BB60 /* Mince */,
				40C4655B15B14A860047BB60 /* Frameworks */,
				40C4655915B14A860047BB60 /* Products */,
				810B94251A1A43C4B1316CEA /* Pods.xcconfig */,
			);
			sourceTree = "<group>";
		};
		40C4655915B14A860047BB60 /* Products */ = {
			isa = PBXGroup;
			children = (
				40C4655815B14A860047BB60 /* Mince.app */,
			);
			name = Products;
			sourceTree = "<group>";
		};
		40C4655B15B14A860047BB60 /* Frameworks */ = {
			isa = PBXGroup;
			children = (
				40C4655C15B14A860047BB60 /* UIKit.framework */,
				40C4655E15B14A860047BB60 /* Foundation.framework */,
				40C4656015B14A860047BB60 /* CoreGraphics.framework */,
				40A6D4FB16D0200E0019AC60 /* CoreData.framework */,
				9BA99C302FC849A3831190EE /* libPods.a */,
			);
			name = Frameworks;
			sourceTree = "<group>";
		};
		40C4656215B14A860047BB60 /* Mince */ = {
			isa = PBXGroup;
			children = (
				40A6D4FE16D021DF0019AC60 /* Model */,
				40A6D4FF16D021E50019AC60 /* View */,
				40A6D50016D021E90019AC60 /* Controller */,
				40C4656B15B14A860047BB60 /* SIAppDelegate.h */,
				40C4656C15B14A860047BB60 /* SIAppDelegate.m */,
				40D7D93315B24F8D004978C7 /* NSString+SIAdditions.h */,
				40D7D93415B24F8D004978C7 /* NSString+SIAdditions.m */,
				40C4656E15B14A860047BB60 /* MainStoryboard.storyboard */,
				40C4656315B14A860047BB60 /* Supporting Files */,
			);
			name = Mince;
			path = Stab;
			sourceTree = "<group>";
		};
		40C4656315B14A860047BB60 /* Supporting Files */ = {
			isa = PBXGroup;
			children = (
				40C4656415B14A860047BB60 /* Mince-Info.plist */,
				40C4656515B14A860047BB60 /* InfoPlist.strings */,
				40C4656815B14A860047BB60 /* main.m */,
				40C4656A15B14A860047BB60 /* Mince-Prefix.pch */,
			);
			name = "Supporting Files";
			sourceTree = "<group>";
		};
/* End PBXGroup section */

/* Begin PBXNativeTarget section */
		40C4655715B14A860047BB60 /* Mince */ = {
			isa = PBXNativeTarget;
			buildConfigurationList = 40C4657615B14A860047BB60 /* Build configuration list for PBXNativeTarget "Mince" */;
			buildPhases = (
				663E5ACB32474C2DA0490293 /* Check Pods Manifest.lock */,
				40C4655415B14A860047BB60 /* Sources */,
				40C4655515B14A860047BB60 /* Frameworks */,
				40C4655615B14A860047BB60 /* Resources */,
				14648B55ADD247D58E6C151A /* Copy Pods Resources */,
			);
			buildRules = (
			);
			dependencies = (
			);
			name = Mince;
			productName = Stab;
			productReference = 40C4655815B14A860047BB60 /* Mince.app */;
			productType = "com.apple.product-type.application";
		};
/* End PBXNativeTarget section */

/* Begin PBXProject section */
		40C4654F15B14A860047BB60 /* Project object */ = {
			isa = PBXProject;
			attributes = {
				CLASSPREFIX = SI;
				LastUpgradeCheck = 0460;
			};
			buildConfigurationList = 40C4655215B14A860047BB60 /* Build configuration list for PBXProject "Mince" */;
			compatibilityVersion = "Xcode 3.2";
			developmentRegion = English;
			hasScannedForEncodings = 0;
			knownRegions = (
				en,
			);
			mainGroup = 40C4654D15B14A860047BB60;
			productRefGroup = 40C4655915B14A860047BB60 /* Products */;
			projectDirPath = "";
			projectRoot = "";
			targets = (
				40C4655715B14A860047BB60 /* Mince */,
			);
		};
/* End PBXProject section */

/* Begin PBXResourcesBuildPhase section */
		40C4655615B14A860047BB60 /* Resources */ = {
			isa = PBXResourcesBuildPhase;
			buildActionMask = 2147483647;
			files = (
				40C4656715B14A860047BB60 /* InfoPlist.strings in Resources */,
				40C4657015B14A860047BB60 /* MainStoryboard.storyboard in Resources */,
				40A6D4FA16D01FDC0019AC60 /* Default-568h@2x.png in Resources */,
			);
			runOnlyForDeploymentPostprocessing = 0;
		};
/* End PBXResourcesBuildPhase section */

/* Begin PBXShellScriptBuildPhase section */
		14648B55ADD247D58E6C151A /* Copy Pods Resources */ = {
			isa = PBXShellScriptBuildPhase;
			buildActionMask = 2147483647;
			files = (
			);
			inputPaths = (
			);
			name = "Copy Pods Resources";
			outputPaths = (
			);
			runOnlyForDeploymentPostprocessing = 0;
			shellPath = /bin/sh;
			shellScript = "\"${SRCROOT}/Pods/Pods-resources.sh\"\n";
		};
		663E5ACB32474C2DA0490293 /* Check Pods Manifest.lock */ = {
			isa = PBXShellScriptBuildPhase;
			buildActionMask = 2147483647;
			files = (
			);
			inputPaths = (
			);
			name = "Check Pods Manifest.lock";
			outputPaths = (
			);
			runOnlyForDeploymentPostprocessing = 0;
			shellPath = /bin/sh;
			shellScript = "diff \"${PODS_ROOT}/../Podfile.lock\" \"${PODS_ROOT}/Manifest.lock\" > /dev/null\nif [[ $? != 0 ]] ; then\n    cat << EOM\nerror: The sandbox is not in sync with the Podfile.lock. Run 'pod install' or update your CocoaPods installation.\nEOM\n    exit 1\nfi\n";
		};
/* End PBXShellScriptBuildPhase section */

/* Begin PBXSourcesBuildPhase section */
		40C4655415B14A860047BB60 /* Sources */ = {
			isa = PBXSourcesBuildPhase;
			buildActionMask = 2147483647;
			files = (
				40C4656915B14A860047BB60 /* main.m in Sources */,
				40C4656D15B14A860047BB60 /* SIAppDelegate.m in Sources */,
				405AC1F215B202DE001BB625 /* SIReceipt.m in Sources */,
				405AC1F915B2072E001BB625 /* SIPerson.m in Sources */,
				40D7D93515B24F8D004978C7 /* NSString+SIAdditions.m in Sources */,
				40A6D51016D025520019AC60 /* SIReceiptItem.m in Sources */,
				40A6D51316D026C40019AC60 /* SIReceiptListViewController.m in Sources */,
				40A6D51616D02BD90019AC60 /* SIReceiptItemsViewController.m in Sources */,
				4066B90B16D190BA0082E878 /* SIReceiptPersonCollectionViewCell.m in Sources */,
				40A905F416F692460039677F /* SIReceiptViewController.m in Sources */,
				409A716A16F7EF8B008D1DA0 /* SIReceiptPeopleViewController.m in Sources */,
			);
			runOnlyForDeploymentPostprocessing = 0;
		};
/* End PBXSourcesBuildPhase section */

/* Begin PBXVariantGroup section */
		40C4656515B14A860047BB60 /* InfoPlist.strings */ = {
			isa = PBXVariantGroup;
			children = (
				40C4656615B14A860047BB60 /* en */,
			);
			name = InfoPlist.strings;
			sourceTree = "<group>";
		};
		40C4656E15B14A860047BB60 /* MainStoryboard.storyboard */ = {
			isa = PBXVariantGroup;
			children = (
				40C4656F15B14A860047BB60 /* en */,
			);
			name = MainStoryboard.storyboard;
			sourceTree = "<group>";
		};
/* End PBXVariantGroup section */

/* Begin XCBuildConfiguration section */
		40C4657415B14A860047BB60 /* Debug */ = {
			isa = XCBuildConfiguration;
			buildSettings = {
				ALWAYS_SEARCH_USER_PATHS = NO;
				ARCHS = "$(ARCHS_STANDARD_32_BIT)";
				CLANG_ENABLE_OBJC_ARC = YES;
				CLANG_WARN_CONSTANT_CONVERSION = YES;
				CLANG_WARN_ENUM_CONVERSION = YES;
				CLANG_WARN_INT_CONVERSION = YES;
				CLANG_WARN__DUPLICATE_METHOD_MATCH = YES;
				"CODE_SIGN_IDENTITY[sdk=iphoneos*]" = "iPhone Developer";
				COPY_PHASE_STRIP = NO;
				GCC_C_LANGUAGE_STANDARD = gnu99;
				GCC_DYNAMIC_NO_PIC = NO;
				GCC_OPTIMIZATION_LEVEL = 0;
				GCC_PREPROCESSOR_DEFINITIONS = (
					"DEBUG=1",
					"$(inherited)",
				);
				GCC_SYMBOLS_PRIVATE_EXTERN = NO;
				GCC_VERSION = com.apple.compilers.llvm.clang.1_0;
				GCC_WARN_ABOUT_RETURN_TYPE = YES;
				GCC_WARN_UNINITIALIZED_AUTOS = YES;
				GCC_WARN_UNUSED_VARIABLE = YES;
				IPHONEOS_DEPLOYMENT_TARGET = 6.0;
				SDKROOT = iphoneos;
			};
			name = Debug;
		};
		40C4657515B14A860047BB60 /* Release */ = {
			isa = XCBuildConfiguration;
			buildSettings = {
				ALWAYS_SEARCH_USER_PATHS = NO;
				ARCHS = "$(ARCHS_STANDARD_32_BIT)";
				CLANG_ENABLE_OBJC_ARC = YES;
				CLANG_WARN_CONSTANT_CONVERSION = YES;
				CLANG_WARN_ENUM_CONVERSION = YES;
				CLANG_WARN_INT_CONVERSION = YES;
				CLANG_WARN__DUPLICATE_METHOD_MATCH = YES;
				"CODE_SIGN_IDENTITY[sdk=iphoneos*]" = "iPhone Developer";
				COPY_PHASE_STRIP = YES;
				GCC_C_LANGUAGE_STANDARD = gnu99;
				GCC_VERSION = com.apple.compilers.llvm.clang.1_0;
				GCC_WARN_ABOUT_RETURN_TYPE = YES;
				GCC_WARN_UNINITIALIZED_AUTOS = YES;
				GCC_WARN_UNUSED_VARIABLE = YES;
				IPHONEOS_DEPLOYMENT_TARGET = 6.0;
				OTHER_CFLAGS = "-DNS_BLOCK_ASSERTIONS=1";
				SDKROOT = iphoneos;
				VALIDATE_PRODUCT = YES;
			};
			name = Release;
		};
		40C4657715B14A860047BB60 /* Debug */ = {
			isa = XCBuildConfiguration;
			baseConfigurationReference = 810B94251A1A43C4B1316CEA /* Pods.xcconfig */;
			buildSettings = {
				GCC_PRECOMPILE_PREFIX_HEADER = YES;
				GCC_PREFIX_HEADER = "Stab/Mince-Prefix.pch";
				INFOPLIST_FILE = "Stab/Mince-Info.plist";
				IPHONEOS_DEPLOYMENT_TARGET = 6.0;
				LIBRARY_SEARCH_PATHS = (
					"$(inherited)",
					"\"$(SRCROOT)/Tesseract/lib\"",
				);
				PRODUCT_NAME = "$(TARGET_NAME)";
				WRAPPER_EXTENSION = app;
			};
			name = Debug;
		};
		40C4657815B14A860047BB60 /* Release */ = {
			isa = XCBuildConfiguration;
			baseConfigurationReference = 810B94251A1A43C4B1316CEA /* Pods.xcconfig */;
			buildSettings = {
				GCC_PRECOMPILE_PREFIX_HEADER = YES;
				GCC_PREFIX_HEADER = "Stab/Mince-Prefix.pch";
				INFOPLIST_FILE = "Stab/Mince-Info.plist";
				IPHONEOS_DEPLOYMENT_TARGET = 6.0;
				LIBRARY_SEARCH_PATHS = (
					"$(inherited)",
					"\"$(SRCROOT)/Tesseract/lib\"",
				);
				PRODUCT_NAME = "$(TARGET_NAME)";
				WRAPPER_EXTENSION = app;
			};
			name = Release;
		};
/* End XCBuildConfiguration section */

/* Begin XCConfigurationList section */
		40C4655215B14A860047BB60 /* Build configuration list for PBXProject "Mince" */ = {
			isa = XCConfigurationList;
			buildConfigurations = (
				40C4657415B14A860047BB60 /* Debug */,
				40C4657515B14A860047BB60 /* Release */,
			);
			defaultConfigurationIsVisible = 0;
			defaultConfigurationName = Release;
		};
		40C4657615B14A860047BB60 /* Build configuration list for PBXNativeTarget "Mince" */ = {
			isa = XCConfigurationList;
			buildConfigurations = (
				40C4657715B14A860047BB60 /* Debug */,
				40C4657815B14A860047BB60 /* Release */,
			);
			defaultConfigurationIsVisible = 0;
			defaultConfigurationName = Release;
		};
/* End XCConfigurationList section */
	};
	rootObject = 40C4654F15B14A860047BB60 /* Project object */;
}
