<?xml version="1.0" encoding="UTF-8"?>
<!DOCTYPE plist PUBLIC "-//Apple//DTD PLIST 1.0//EN" "http://www.apple.com/DTDs/PropertyList-1.0.dtd">
<plist version="1.0">
<dict>
	<key>archiveVersion</key>
	<string>1</string>
	<key>classes</key>
	<dict/>
	<key>objectVersion</key>
	<string>46</string>
	<key>objects</key>
	<dict>
		<key>14648B55ADD247D58E6C151A</key>
		<dict>
			<key>buildActionMask</key>
			<string>2147483647</string>
			<key>files</key>
			<array/>
			<key>inputPaths</key>
			<array/>
			<key>isa</key>
			<string>PBXShellScriptBuildPhase</string>
			<key>name</key>
			<string>Copy Pods Resources</string>
			<key>outputPaths</key>
			<array/>
			<key>runOnlyForDeploymentPostprocessing</key>
			<string>0</string>
			<key>shellPath</key>
			<string>/bin/sh</string>
			<key>shellScript</key>
			<string>"${SRCROOT}/Pods/Pods-resources.sh"
</string>
			<key>showEnvVarsInLog</key>
			<string>1</string>
		</dict>
		<key>405AC1F015B202DE001BB625</key>
		<dict>
			<key>fileEncoding</key>
			<string>4</string>
			<key>isa</key>
			<string>PBXFileReference</string>
			<key>lastKnownFileType</key>
			<string>sourcecode.c.h</string>
			<key>path</key>
			<string>SIReceipt.h</string>
			<key>sourceTree</key>
			<string>&lt;group&gt;</string>
		</dict>
		<key>405AC1F115B202DE001BB625</key>
		<dict>
			<key>fileEncoding</key>
			<string>4</string>
			<key>isa</key>
			<string>PBXFileReference</string>
			<key>lastKnownFileType</key>
			<string>sourcecode.c.objc</string>
			<key>path</key>
			<string>SIReceipt.m</string>
			<key>sourceTree</key>
			<string>&lt;group&gt;</string>
		</dict>
		<key>405AC1F215B202DE001BB625</key>
		<dict>
			<key>fileRef</key>
			<string>405AC1F115B202DE001BB625</string>
			<key>isa</key>
			<string>PBXBuildFile</string>
		</dict>
		<key>405AC1F715B2072E001BB625</key>
		<dict>
			<key>fileEncoding</key>
			<string>4</string>
			<key>isa</key>
			<string>PBXFileReference</string>
			<key>lastKnownFileType</key>
			<string>sourcecode.c.h</string>
			<key>path</key>
			<string>SIPerson.h</string>
			<key>sourceTree</key>
			<string>&lt;group&gt;</string>
		</dict>
		<key>405AC1F815B2072E001BB625</key>
		<dict>
			<key>fileEncoding</key>
			<string>4</string>
			<key>isa</key>
			<string>PBXFileReference</string>
			<key>lastKnownFileType</key>
			<string>sourcecode.c.objc</string>
			<key>path</key>
			<string>SIPerson.m</string>
			<key>sourceTree</key>
			<string>&lt;group&gt;</string>
		</dict>
		<key>405AC1F915B2072E001BB625</key>
		<dict>
			<key>fileRef</key>
			<string>405AC1F815B2072E001BB625</string>
			<key>isa</key>
			<string>PBXBuildFile</string>
		</dict>
		<key>4066B90916D190BA0082E878</key>
		<dict>
			<key>fileEncoding</key>
			<string>4</string>
			<key>isa</key>
			<string>PBXFileReference</string>
			<key>lastKnownFileType</key>
			<string>sourcecode.c.h</string>
			<key>path</key>
			<string>SIReceiptPersonCollectionViewCell.h</string>
			<key>sourceTree</key>
			<string>&lt;group&gt;</string>
		</dict>
		<key>4066B90A16D190BA0082E878</key>
		<dict>
			<key>fileEncoding</key>
			<string>4</string>
			<key>isa</key>
			<string>PBXFileReference</string>
			<key>lastKnownFileType</key>
			<string>sourcecode.c.objc</string>
			<key>path</key>
			<string>SIReceiptPersonCollectionViewCell.m</string>
			<key>sourceTree</key>
			<string>&lt;group&gt;</string>
		</dict>
		<key>4066B90B16D190BA0082E878</key>
		<dict>
			<key>fileRef</key>
			<string>4066B90A16D190BA0082E878</string>
			<key>isa</key>
			<string>PBXBuildFile</string>
		</dict>
		<key>407E999915B1E3F000B930EE</key>
		<dict>
			<key>children</key>
			<array>
				<string>407E99ED15B1E9D300B930EE</string>
				<string>407E999A15B1E41B00B930EE</string>
				<string>407E99C515B1E41B00B930EE</string>
				<string>407E99EA15B1E8C000B930EE</string>
				<string>407E99EB15B1E8C000B930EE</string>
			</array>
			<key>isa</key>
			<string>PBXGroup</string>
			<key>path</key>
			<string>Tesseract</string>
			<key>sourceTree</key>
			<string>&lt;group&gt;</string>
		</dict>
		<key>407E999A15B1E41B00B930EE</key>
		<dict>
			<key>children</key>
			<array>
				<string>407E999B15B1E41B00B930EE</string>
				<string>407E99B715B1E41B00B930EE</string>
			</array>
			<key>isa</key>
			<string>PBXGroup</string>
			<key>path</key>
			<string>include</string>
			<key>sourceTree</key>
			<string>&lt;group&gt;</string>
		</dict>
		<key>407E999B15B1E41B00B930EE</key>
		<dict>
			<key>children</key>
			<array>
				<string>407E999C15B1E41B00B930EE</string>
				<string>407E999D15B1E41B00B930EE</string>
				<string>407E999E15B1E41B00B930EE</string>
				<string>407E999F15B1E41B00B930EE</string>
				<string>407E99A015B1E41B00B930EE</string>
				<string>407E99A115B1E41B00B930EE</string>
				<string>407E99A215B1E41B00B930EE</string>
				<string>407E99A315B1E41B00B930EE</string>
				<string>407E99A415B1E41B00B930EE</string>
				<string>407E99A515B1E41B00B930EE</string>
				<string>407E99A615B1E41B00B930EE</string>
				<string>407E99A715B1E41B00B930EE</string>
				<string>407E99A815B1E41B00B930EE</string>
				<string>407E99A915B1E41B00B930EE</string>
				<string>407E99AA15B1E41B00B930EE</string>
				<string>407E99AB15B1E41B00B930EE</string>
				<string>407E99AC15B1E41B00B930EE</string>
				<string>407E99AD15B1E41B00B930EE</string>
				<string>407E99AE15B1E41B00B930EE</string>
				<string>407E99AF15B1E41B00B930EE</string>
				<string>407E99B015B1E41B00B930EE</string>
				<string>407E99B115B1E41B00B930EE</string>
				<string>407E99B215B1E41B00B930EE</string>
				<string>407E99B315B1E41B00B930EE</string>
				<string>407E99B415B1E41B00B930EE</string>
				<string>407E99B515B1E41B00B930EE</string>
				<string>407E99B615B1E41B00B930EE</string>
			</array>
			<key>isa</key>
			<string>PBXGroup</string>
			<key>path</key>
			<string>leptonica</string>
			<key>sourceTree</key>
			<string>&lt;group&gt;</string>
		</dict>
		<key>407E999C15B1E41B00B930EE</key>
		<dict>
			<key>fileEncoding</key>
			<string>4</string>
			<key>isa</key>
			<string>PBXFileReference</string>
			<key>lastKnownFileType</key>
			<string>sourcecode.c.h</string>
			<key>path</key>
			<string>allheaders.h</string>
			<key>sourceTree</key>
			<string>&lt;group&gt;</string>
		</dict>
		<key>407E999D15B1E41B00B930EE</key>
		<dict>
			<key>fileEncoding</key>
			<string>4</string>
			<key>isa</key>
			<string>PBXFileReference</string>
			<key>lastKnownFileType</key>
			<string>sourcecode.c.h</string>
			<key>path</key>
			<string>alltypes.h</string>
			<key>sourceTree</key>
			<string>&lt;group&gt;</string>
		</dict>
		<key>407E999E15B1E41B00B930EE</key>
		<dict>
			<key>fileEncoding</key>
			<string>4</string>
			<key>isa</key>
			<string>PBXFileReference</string>
			<key>lastKnownFileType</key>
			<string>sourcecode.c.h</string>
			<key>path</key>
			<string>array.h</string>
			<key>sourceTree</key>
			<string>&lt;group&gt;</string>
		</dict>
		<key>407E999F15B1E41B00B930EE</key>
		<dict>
			<key>fileEncoding</key>
			<string>4</string>
			<key>isa</key>
			<string>PBXFileReference</string>
			<key>lastKnownFileType</key>
			<string>sourcecode.c.h</string>
			<key>path</key>
			<string>arrayaccess.h</string>
			<key>sourceTree</key>
			<string>&lt;group&gt;</string>
		</dict>
		<key>407E99A015B1E41B00B930EE</key>
		<dict>
			<key>fileEncoding</key>
			<string>4</string>
			<key>isa</key>
			<string>PBXFileReference</string>
			<key>lastKnownFileType</key>
			<string>sourcecode.c.h</string>
			<key>path</key>
			<string>bbuffer.h</string>
			<key>sourceTree</key>
			<string>&lt;group&gt;</string>
		</dict>
		<key>407E99A115B1E41B00B930EE</key>
		<dict>
			<key>fileEncoding</key>
			<string>4</string>
			<key>isa</key>
			<string>PBXFileReference</string>
			<key>lastKnownFileType</key>
			<string>sourcecode.c.h</string>
			<key>path</key>
			<string>bmf.h</string>
			<key>sourceTree</key>
			<string>&lt;group&gt;</string>
		</dict>
		<key>407E99A215B1E41B00B930EE</key>
		<dict>
			<key>fileEncoding</key>
			<string>4</string>
			<key>isa</key>
			<string>PBXFileReference</string>
			<key>lastKnownFileType</key>
			<string>sourcecode.c.h</string>
			<key>path</key>
			<string>bmp.h</string>
			<key>sourceTree</key>
			<string>&lt;group&gt;</string>
		</dict>
		<key>407E99A315B1E41B00B930EE</key>
		<dict>
			<key>fileEncoding</key>
			<string>4</string>
			<key>isa</key>
			<string>PBXFileReference</string>
			<key>lastKnownFileType</key>
			<string>sourcecode.c.h</string>
			<key>path</key>
			<string>ccbord.h</string>
			<key>sourceTree</key>
			<string>&lt;group&gt;</string>
		</dict>
		<key>407E99A415B1E41B00B930EE</key>
		<dict>
			<key>fileEncoding</key>
			<string>4</string>
			<key>isa</key>
			<string>PBXFileReference</string>
			<key>lastKnownFileType</key>
			<string>sourcecode.c.h</string>
			<key>path</key>
			<string>dewarp.h</string>
			<key>sourceTree</key>
			<string>&lt;group&gt;</string>
		</dict>
		<key>407E99A515B1E41B00B930EE</key>
		<dict>
			<key>fileEncoding</key>
			<string>4</string>
			<key>isa</key>
			<string>PBXFileReference</string>
			<key>lastKnownFileType</key>
			<string>sourcecode.c.h</string>
			<key>path</key>
			<string>endianness.h</string>
			<key>sourceTree</key>
			<string>&lt;group&gt;</string>
		</dict>
		<key>407E99A615B1E41B00B930EE</key>
		<dict>
			<key>fileEncoding</key>
			<string>4</string>
			<key>isa</key>
			<string>PBXFileReference</string>
			<key>lastKnownFileType</key>
			<string>sourcecode.c.h</string>
			<key>path</key>
			<string>environ.h</string>
			<key>sourceTree</key>
			<string>&lt;group&gt;</string>
		</dict>
		<key>407E99A715B1E41B00B930EE</key>
		<dict>
			<key>fileEncoding</key>
			<string>4</string>
			<key>isa</key>
			<string>PBXFileReference</string>
			<key>lastKnownFileType</key>
			<string>sourcecode.c.h</string>
			<key>path</key>
			<string>freetype.h</string>
			<key>sourceTree</key>
			<string>&lt;group&gt;</string>
		</dict>
		<key>407E99A815B1E41B00B930EE</key>
		<dict>
			<key>fileEncoding</key>
			<string>4</string>
			<key>isa</key>
			<string>PBXFileReference</string>
			<key>lastKnownFileType</key>
			<string>sourcecode.c.h</string>
			<key>path</key>
			<string>gplot.h</string>
			<key>sourceTree</key>
			<string>&lt;group&gt;</string>
		</dict>
		<key>407E99A915B1E41B00B930EE</key>
		<dict>
			<key>fileEncoding</key>
			<string>4</string>
			<key>isa</key>
			<string>PBXFileReference</string>
			<key>lastKnownFileType</key>
			<string>sourcecode.c.h</string>
			<key>path</key>
			<string>heap.h</string>
			<key>sourceTree</key>
			<string>&lt;group&gt;</string>
		</dict>
		<key>407E99AA15B1E41B00B930EE</key>
		<dict>
			<key>fileEncoding</key>
			<string>4</string>
			<key>isa</key>
			<string>PBXFileReference</string>
			<key>lastKnownFileType</key>
			<string>sourcecode.c.h</string>
			<key>path</key>
			<string>imageio.h</string>
			<key>sourceTree</key>
			<string>&lt;group&gt;</string>
		</dict>
		<key>407E99AB15B1E41B00B930EE</key>
		<dict>
			<key>fileEncoding</key>
			<string>4</string>
			<key>isa</key>
			<string>PBXFileReference</string>
			<key>lastKnownFileType</key>
			<string>sourcecode.c.h</string>
			<key>path</key>
			<string>jbclass.h</string>
			<key>sourceTree</key>
			<string>&lt;group&gt;</string>
		</dict>
		<key>407E99AC15B1E41B00B930EE</key>
		<dict>
			<key>fileEncoding</key>
			<string>4</string>
			<key>isa</key>
			<string>PBXFileReference</string>
			<key>lastKnownFileType</key>
			<string>sourcecode.c.h</string>
			<key>path</key>
			<string>leptwin.h</string>
			<key>sourceTree</key>
			<string>&lt;group&gt;</string>
		</dict>
		<key>407E99AD15B1E41B00B930EE</key>
		<dict>
			<key>fileEncoding</key>
			<string>4</string>
			<key>isa</key>
			<string>PBXFileReference</string>
			<key>lastKnownFileType</key>
			<string>sourcecode.c.h</string>
			<key>path</key>
			<string>list.h</string>
			<key>sourceTree</key>
			<string>&lt;group&gt;</string>
		</dict>
		<key>407E99AE15B1E41B00B930EE</key>
		<dict>
			<key>fileEncoding</key>
			<string>4</string>
			<key>isa</key>
			<string>PBXFileReference</string>
			<key>lastKnownFileType</key>
			<string>sourcecode.c.h</string>
			<key>path</key>
			<string>morph.h</string>
			<key>sourceTree</key>
			<string>&lt;group&gt;</string>
		</dict>
		<key>407E99AF15B1E41B00B930EE</key>
		<dict>
			<key>fileEncoding</key>
			<string>4</string>
			<key>isa</key>
			<string>PBXFileReference</string>
			<key>lastKnownFileType</key>
			<string>sourcecode.c.h</string>
			<key>path</key>
			<string>pix.h</string>
			<key>sourceTree</key>
			<string>&lt;group&gt;</string>
		</dict>
		<key>407E99B015B1E41B00B930EE</key>
		<dict>
			<key>fileEncoding</key>
			<string>4</string>
			<key>isa</key>
			<string>PBXFileReference</string>
			<key>lastKnownFileType</key>
			<string>sourcecode.c.h</string>
			<key>path</key>
			<string>ptra.h</string>
			<key>sourceTree</key>
			<string>&lt;group&gt;</string>
		</dict>
		<key>407E99B115B1E41B00B930EE</key>
		<dict>
			<key>fileEncoding</key>
			<string>4</string>
			<key>isa</key>
			<string>PBXFileReference</string>
			<key>lastKnownFileType</key>
			<string>sourcecode.c.h</string>
			<key>path</key>
			<string>queue.h</string>
			<key>sourceTree</key>
			<string>&lt;group&gt;</string>
		</dict>
		<key>407E99B215B1E41B00B930EE</key>
		<dict>
			<key>fileEncoding</key>
			<string>4</string>
			<key>isa</key>
			<string>PBXFileReference</string>
			<key>lastKnownFileType</key>
			<string>sourcecode.c.h</string>
			<key>path</key>
			<string>readbarcode.h</string>
			<key>sourceTree</key>
			<string>&lt;group&gt;</string>
		</dict>
		<key>407E99B315B1E41B00B930EE</key>
		<dict>
			<key>fileEncoding</key>
			<string>4</string>
			<key>isa</key>
			<string>PBXFileReference</string>
			<key>lastKnownFileType</key>
			<string>sourcecode.c.h</string>
			<key>path</key>
			<string>regutils.h</string>
			<key>sourceTree</key>
			<string>&lt;group&gt;</string>
		</dict>
		<key>407E99B415B1E41B00B930EE</key>
		<dict>
			<key>fileEncoding</key>
			<string>4</string>
			<key>isa</key>
			<string>PBXFileReference</string>
			<key>lastKnownFileType</key>
			<string>sourcecode.c.h</string>
			<key>path</key>
			<string>stack.h</string>
			<key>sourceTree</key>
			<string>&lt;group&gt;</string>
		</dict>
		<key>407E99B515B1E41B00B930EE</key>
		<dict>
			<key>fileEncoding</key>
			<string>4</string>
			<key>isa</key>
			<string>PBXFileReference</string>
			<key>lastKnownFileType</key>
			<string>sourcecode.c.h</string>
			<key>path</key>
			<string>sudoku.h</string>
			<key>sourceTree</key>
			<string>&lt;group&gt;</string>
		</dict>
		<key>407E99B615B1E41B00B930EE</key>
		<dict>
			<key>fileEncoding</key>
			<string>4</string>
			<key>isa</key>
			<string>PBXFileReference</string>
			<key>lastKnownFileType</key>
			<string>sourcecode.c.h</string>
			<key>path</key>
			<string>watershed.h</string>
			<key>sourceTree</key>
			<string>&lt;group&gt;</string>
		</dict>
		<key>407E99B715B1E41B00B930EE</key>
		<dict>
			<key>children</key>
			<array>
				<string>407E99B815B1E41B00B930EE</string>
				<string>407E99B915B1E41B00B930EE</string>
				<string>407E99BA15B1E41B00B930EE</string>
				<string>407E99BB15B1E41B00B930EE</string>
				<string>407E99BC15B1E41B00B930EE</string>
				<string>407E99BD15B1E41B00B930EE</string>
				<string>407E99BE15B1E41B00B930EE</string>
				<string>407E99BF15B1E41B00B930EE</string>
				<string>407E99C015B1E41B00B930EE</string>
				<string>407E99C115B1E41B00B930EE</string>
				<string>407E99C215B1E41B00B930EE</string>
				<string>407E99C315B1E41B00B930EE</string>
				<string>407E99C415B1E41B00B930EE</string>
			</array>
			<key>isa</key>
			<string>PBXGroup</string>
			<key>path</key>
			<string>tesseract</string>
			<key>sourceTree</key>
			<string>&lt;group&gt;</string>
		</dict>
		<key>407E99B815B1E41B00B930EE</key>
		<dict>
			<key>fileEncoding</key>
			<string>4</string>
			<key>isa</key>
			<string>PBXFileReference</string>
			<key>lastKnownFileType</key>
			<string>sourcecode.c.h</string>
			<key>path</key>
			<string>apitypes.h</string>
			<key>sourceTree</key>
			<string>&lt;group&gt;</string>
		</dict>
		<key>407E99B915B1E41B00B930EE</key>
		<dict>
			<key>fileEncoding</key>
			<string>4</string>
			<key>isa</key>
			<string>PBXFileReference</string>
			<key>lastKnownFileType</key>
			<string>sourcecode.c.h</string>
			<key>path</key>
			<string>baseapi.h</string>
			<key>sourceTree</key>
			<string>&lt;group&gt;</string>
		</dict>
		<key>407E99BA15B1E41B00B930EE</key>
		<dict>
			<key>fileEncoding</key>
			<string>4</string>
			<key>isa</key>
			<string>PBXFileReference</string>
			<key>lastKnownFileType</key>
			<string>sourcecode.c.h</string>
			<key>path</key>
			<string>errcode.h</string>
			<key>sourceTree</key>
			<string>&lt;group&gt;</string>
		</dict>
		<key>407E99BB15B1E41B00B930EE</key>
		<dict>
			<key>fileEncoding</key>
			<string>4</string>
			<key>isa</key>
			<string>PBXFileReference</string>
			<key>lastKnownFileType</key>
			<string>sourcecode.c.h</string>
			<key>path</key>
			<string>genericvector.h</string>
			<key>sourceTree</key>
			<string>&lt;group&gt;</string>
		</dict>
		<key>407E99BC15B1E41B00B930EE</key>
		<dict>
			<key>fileEncoding</key>
			<string>4</string>
			<key>isa</key>
			<string>PBXFileReference</string>
			<key>lastKnownFileType</key>
			<string>sourcecode.c.h</string>
			<key>path</key>
			<string>helpers.h</string>
			<key>sourceTree</key>
			<string>&lt;group&gt;</string>
		</dict>
		<key>407E99BD15B1E41B00B930EE</key>
		<dict>
			<key>fileEncoding</key>
			<string>4</string>
			<key>isa</key>
			<string>PBXFileReference</string>
			<key>lastKnownFileType</key>
			<string>sourcecode.c.h</string>
			<key>path</key>
			<string>host.h</string>
			<key>sourceTree</key>
			<string>&lt;group&gt;</string>
		</dict>
		<key>407E99BE15B1E41B00B930EE</key>
		<dict>
			<key>fileEncoding</key>
			<string>4</string>
			<key>isa</key>
			<string>PBXFileReference</string>
			<key>lastKnownFileType</key>
			<string>sourcecode.c.h</string>
			<key>path</key>
			<string>ndminx.h</string>
			<key>sourceTree</key>
			<string>&lt;group&gt;</string>
		</dict>
		<key>407E99BF15B1E41B00B930EE</key>
		<dict>
			<key>fileEncoding</key>
			<string>4</string>
			<key>isa</key>
			<string>PBXFileReference</string>
			<key>lastKnownFileType</key>
			<string>sourcecode.c.h</string>
			<key>path</key>
			<string>ocrclass.h</string>
			<key>sourceTree</key>
			<string>&lt;group&gt;</string>
		</dict>
		<key>407E99C015B1E41B00B930EE</key>
		<dict>
			<key>fileEncoding</key>
			<string>4</string>
			<key>isa</key>
			<string>PBXFileReference</string>
			<key>lastKnownFileType</key>
			<string>sourcecode.c.h</string>
			<key>path</key>
			<string>platform.h</string>
			<key>sourceTree</key>
			<string>&lt;group&gt;</string>
		</dict>
		<key>407E99C115B1E41B00B930EE</key>
		<dict>
			<key>fileEncoding</key>
			<string>4</string>
			<key>isa</key>
			<string>PBXFileReference</string>
			<key>lastKnownFileType</key>
			<string>sourcecode.c.h</string>
			<key>path</key>
			<string>publictypes.h</string>
			<key>sourceTree</key>
			<string>&lt;group&gt;</string>
		</dict>
		<key>407E99C215B1E41B00B930EE</key>
		<dict>
			<key>fileEncoding</key>
			<string>4</string>
			<key>isa</key>
			<string>PBXFileReference</string>
			<key>lastKnownFileType</key>
			<string>sourcecode.c.h</string>
			<key>path</key>
			<string>tesscallback.h</string>
			<key>sourceTree</key>
			<string>&lt;group&gt;</string>
		</dict>
		<key>407E99C315B1E41B00B930EE</key>
		<dict>
			<key>fileEncoding</key>
			<string>4</string>
			<key>isa</key>
			<string>PBXFileReference</string>
			<key>lastKnownFileType</key>
			<string>sourcecode.c.h</string>
			<key>path</key>
			<string>thresholder.h</string>
			<key>sourceTree</key>
			<string>&lt;group&gt;</string>
		</dict>
		<key>407E99C415B1E41B00B930EE</key>
		<dict>
			<key>fileEncoding</key>
			<string>4</string>
			<key>isa</key>
			<string>PBXFileReference</string>
			<key>lastKnownFileType</key>
			<string>sourcecode.c.h</string>
			<key>path</key>
			<string>unichar.h</string>
			<key>sourceTree</key>
			<string>&lt;group&gt;</string>
		</dict>
		<key>407E99C515B1E41B00B930EE</key>
		<dict>
			<key>children</key>
			<array>
				<string>407E99C615B1E41B00B930EE</string>
				<string>407E99C715B1E41B00B930EE</string>
				<string>407E99C815B1E41B00B930EE</string>
				<string>407E99C915B1E41B00B930EE</string>
				<string>407E99CA15B1E41B00B930EE</string>
				<string>407E99CB15B1E41B00B930EE</string>
				<string>407E99CC15B1E41B00B930EE</string>
				<string>407E99CD15B1E41B00B930EE</string>
				<string>407E99CE15B1E41B00B930EE</string>
				<string>407E99CF15B1E41B00B930EE</string>
				<string>407E99D015B1E41B00B930EE</string>
				<string>407E99D115B1E41B00B930EE</string>
				<string>407E99D215B1E41B00B930EE</string>
				<string>407E99D315B1E41B00B930EE</string>
				<string>407E99D415B1E41B00B930EE</string>
				<string>407E99D515B1E41B00B930EE</string>
				<string>407E99D615B1E41B00B930EE</string>
				<string>407E99D715B1E41B00B930EE</string>
			</array>
			<key>isa</key>
			<string>PBXGroup</string>
			<key>path</key>
			<string>lib</string>
			<key>sourceTree</key>
			<string>&lt;group&gt;</string>
		</dict>
		<key>407E99C615B1E41B00B930EE</key>
		<dict>
			<key>isa</key>
			<string>PBXFileReference</string>
			<key>lastKnownFileType</key>
			<string>archive.ar</string>
			<key>path</key>
			<string>liblept.a</string>
			<key>sourceTree</key>
			<string>&lt;group&gt;</string>
		</dict>
		<key>407E99C715B1E41B00B930EE</key>
		<dict>
			<key>isa</key>
			<string>PBXFileReference</string>
			<key>lastKnownFileType</key>
			<string>archive.ar</string>
			<key>path</key>
			<string>libtesseract.a</string>
			<key>sourceTree</key>
			<string>&lt;group&gt;</string>
		</dict>
		<key>407E99C815B1E41B00B930EE</key>
		<dict>
			<key>isa</key>
			<string>PBXFileReference</string>
			<key>lastKnownFileType</key>
			<string>archive.ar</string>
			<key>path</key>
			<string>libtesseract_all.a</string>
			<key>sourceTree</key>
			<string>&lt;group&gt;</string>
		</dict>
		<key>407E99C915B1E41B00B930EE</key>
		<dict>
			<key>isa</key>
			<string>PBXFileReference</string>
			<key>lastKnownFileType</key>
			<string>archive.ar</string>
			<key>path</key>
			<string>libtesseract_api.a</string>
			<key>sourceTree</key>
			<string>&lt;group&gt;</string>
		</dict>
		<key>407E99CA15B1E41B00B930EE</key>
		<dict>
			<key>isa</key>
			<string>PBXFileReference</string>
			<key>lastKnownFileType</key>
			<string>archive.ar</string>
			<key>path</key>
			<string>libtesseract_ccstruct.a</string>
			<key>sourceTree</key>
			<string>&lt;group&gt;</string>
		</dict>
		<key>407E99CB15B1E41B00B930EE</key>
		<dict>
			<key>isa</key>
			<string>PBXFileReference</string>
			<key>lastKnownFileType</key>
			<string>archive.ar</string>
			<key>path</key>
			<string>libtesseract_ccutil.a</string>
			<key>sourceTree</key>
			<string>&lt;group&gt;</string>
		</dict>
		<key>407E99CC15B1E41B00B930EE</key>
		<dict>
			<key>isa</key>
			<string>PBXFileReference</string>
			<key>lastKnownFileType</key>
			<string>archive.ar</string>
			<key>path</key>
			<string>libtesseract_classify.a</string>
			<key>sourceTree</key>
			<string>&lt;group&gt;</string>
		</dict>
		<key>407E99CD15B1E41B00B930EE</key>
		<dict>
			<key>isa</key>
			<string>PBXFileReference</string>
			<key>lastKnownFileType</key>
			<string>archive.ar</string>
			<key>path</key>
			<string>libtesseract_cube.a</string>
			<key>sourceTree</key>
			<string>&lt;group&gt;</string>
		</dict>
		<key>407E99CE15B1E41B00B930EE</key>
		<dict>
			<key>isa</key>
			<string>PBXFileReference</string>
			<key>lastKnownFileType</key>
			<string>archive.ar</string>
			<key>path</key>
			<string>libtesseract_cutil.a</string>
			<key>sourceTree</key>
			<string>&lt;group&gt;</string>
		</dict>
		<key>407E99CF15B1E41B00B930EE</key>
		<dict>
			<key>isa</key>
			<string>PBXFileReference</string>
			<key>lastKnownFileType</key>
			<string>archive.ar</string>
			<key>path</key>
			<string>libtesseract_dict.a</string>
			<key>sourceTree</key>
			<string>&lt;group&gt;</string>
		</dict>
		<key>407E99D015B1E41B00B930EE</key>
		<dict>
			<key>isa</key>
			<string>PBXFileReference</string>
			<key>lastKnownFileType</key>
			<string>archive.ar</string>
			<key>path</key>
			<string>libtesseract_image.a</string>
			<key>sourceTree</key>
			<string>&lt;group&gt;</string>
		</dict>
		<key>407E99D115B1E41B00B930EE</key>
		<dict>
			<key>isa</key>
			<string>PBXFileReference</string>
			<key>lastKnownFileType</key>
			<string>archive.ar</string>
			<key>path</key>
			<string>libtesseract_main.a</string>
			<key>sourceTree</key>
			<string>&lt;group&gt;</string>
		</dict>
		<key>407E99D215B1E41B00B930EE</key>
		<dict>
			<key>isa</key>
			<string>PBXFileReference</string>
			<key>lastKnownFileType</key>
			<string>archive.ar</string>
			<key>path</key>
			<string>libtesseract_neural.a</string>
			<key>sourceTree</key>
			<string>&lt;group&gt;</string>
		</dict>
		<key>407E99D315B1E41B00B930EE</key>
		<dict>
			<key>isa</key>
			<string>PBXFileReference</string>
			<key>lastKnownFileType</key>
			<string>archive.ar</string>
			<key>path</key>
			<string>libtesseract_tessopt.a</string>
			<key>sourceTree</key>
			<string>&lt;group&gt;</string>
		</dict>
		<key>407E99D415B1E41B00B930EE</key>
		<dict>
			<key>isa</key>
			<string>PBXFileReference</string>
			<key>lastKnownFileType</key>
			<string>archive.ar</string>
			<key>path</key>
			<string>libtesseract_textord.a</string>
			<key>sourceTree</key>
			<string>&lt;group&gt;</string>
		</dict>
		<key>407E99D515B1E41B00B930EE</key>
		<dict>
			<key>isa</key>
			<string>PBXFileReference</string>
			<key>lastKnownFileType</key>
			<string>archive.ar</string>
			<key>path</key>
			<string>libtesseract_training.a</string>
			<key>sourceTree</key>
			<string>&lt;group&gt;</string>
		</dict>
		<key>407E99D615B1E41B00B930EE</key>
		<dict>
			<key>isa</key>
			<string>PBXFileReference</string>
			<key>lastKnownFileType</key>
			<string>archive.ar</string>
			<key>path</key>
			<string>libtesseract_viewer.a</string>
			<key>sourceTree</key>
			<string>&lt;group&gt;</string>
		</dict>
		<key>407E99D715B1E41B00B930EE</key>
		<dict>
			<key>isa</key>
			<string>PBXFileReference</string>
			<key>lastKnownFileType</key>
			<string>archive.ar</string>
			<key>path</key>
			<string>libtesseract_wordrec.a</string>
			<key>sourceTree</key>
			<string>&lt;group&gt;</string>
		</dict>
		<key>407E99EA15B1E8C000B930EE</key>
		<dict>
			<key>fileEncoding</key>
			<string>4</string>
			<key>isa</key>
			<string>PBXFileReference</string>
			<key>lastKnownFileType</key>
			<string>sourcecode.c.h</string>
			<key>path</key>
			<string>SITesseractParser.h</string>
			<key>sourceTree</key>
			<string>&lt;group&gt;</string>
		</dict>
		<key>407E99EB15B1E8C000B930EE</key>
		<dict>
			<key>fileEncoding</key>
			<string>4</string>
			<key>isa</key>
			<string>PBXFileReference</string>
			<key>lastKnownFileType</key>
			<string>sourcecode.cpp.objcpp</string>
			<key>path</key>
			<string>SITesseractParser.mm</string>
			<key>sourceTree</key>
			<string>&lt;group&gt;</string>
		</dict>
		<key>407E99ED15B1E9D300B930EE</key>
		<dict>
			<key>isa</key>
			<string>PBXFileReference</string>
			<key>lastKnownFileType</key>
			<string>folder</string>
			<key>path</key>
			<string>tessdata</string>
			<key>sourceTree</key>
			<string>&lt;group&gt;</string>
		</dict>
		<key>4094D83616D3137F0088DC7E</key>
		<dict>
			<key>fileEncoding</key>
			<string>4</string>
			<key>isa</key>
			<string>PBXFileReference</string>
			<key>lastKnownFileType</key>
			<string>sourcecode.c.h</string>
			<key>name</key>
			<string>NSDate-Utilities.h</string>
			<key>path</key>
			<string>NSDate-Extensions/NSDate-Utilities.h</string>
			<key>sourceTree</key>
			<string>SOURCE_ROOT</string>
		</dict>
		<key>4094D83716D3137F0088DC7E</key>
		<dict>
			<key>fileEncoding</key>
			<string>4</string>
			<key>isa</key>
			<string>PBXFileReference</string>
			<key>lastKnownFileType</key>
			<string>sourcecode.c.objc</string>
			<key>name</key>
			<string>NSDate-Utilities.m</string>
			<key>path</key>
			<string>NSDate-Extensions/NSDate-Utilities.m</string>
			<key>sourceTree</key>
			<string>SOURCE_ROOT</string>
		</dict>
		<key>4094D83816D3137F0088DC7E</key>
		<dict>
			<key>fileRef</key>
			<string>4094D83716D3137F0088DC7E</string>
			<key>isa</key>
			<string>PBXBuildFile</string>
		</dict>
		<key>409A716816F7EF8B008D1DA0</key>
		<dict>
			<key>fileEncoding</key>
			<string>4</string>
			<key>isa</key>
			<string>PBXFileReference</string>
			<key>lastKnownFileType</key>
			<string>sourcecode.c.h</string>
			<key>path</key>
			<string>SIReceiptPeopleViewController.h</string>
			<key>sourceTree</key>
			<string>&lt;group&gt;</string>
		</dict>
		<key>409A716916F7EF8B008D1DA0</key>
		<dict>
			<key>fileEncoding</key>
			<string>4</string>
			<key>isa</key>
			<string>PBXFileReference</string>
			<key>lastKnownFileType</key>
			<string>sourcecode.c.objc</string>
			<key>path</key>
			<string>SIReceiptPeopleViewController.m</string>
			<key>sourceTree</key>
			<string>&lt;group&gt;</string>
		</dict>
		<key>409A716A16F7EF8B008D1DA0</key>
		<dict>
			<key>fileRef</key>
			<string>409A716916F7EF8B008D1DA0</string>
			<key>isa</key>
			<string>PBXBuildFile</string>
		</dict>
		<key>40A6D4A316D01F560019AC60</key>
		<dict>
			<key>children</key>
			<array>
				<string>40A6D4A416D01F560019AC60</string>
				<string>40A6D4CE16D01F560019AC60</string>
				<string>40A6D4DE16D01F560019AC60</string>
			</array>
			<key>isa</key>
			<string>PBXGroup</string>
			<key>name</key>
			<string>MagicalRecord</string>
			<key>path</key>
			<string>MagicalRecord/MagicalRecord</string>
			<key>sourceTree</key>
			<string>&lt;group&gt;</string>
		</dict>
		<key>40A6D4A416D01F560019AC60</key>
		<dict>
			<key>children</key>
			<array>
				<string>40A6D4A516D01F560019AC60</string>
				<string>40A6D4B416D01F560019AC60</string>
				<string>40A6D4BF16D01F560019AC60</string>
				<string>40A6D4C816D01F560019AC60</string>
				<string>40A6D4C916D01F560019AC60</string>
				<string>40A6D4CA16D01F560019AC60</string>
				<string>40A6D4CB16D01F560019AC60</string>
				<string>40A6D4CC16D01F560019AC60</string>
				<string>40A6D4CD16D01F560019AC60</string>
			</array>
			<key>isa</key>
			<string>PBXGroup</string>
			<key>path</key>
			<string>Categories</string>
			<key>sourceTree</key>
			<string>&lt;group&gt;</string>
		</dict>
		<key>40A6D4A516D01F560019AC60</key>
		<dict>
			<key>children</key>
			<array>
				<string>40A6D4A616D01F560019AC60</string>
				<string>40A6D4A716D01F560019AC60</string>
				<string>40A6D4A816D01F560019AC60</string>
				<string>40A6D4A916D01F560019AC60</string>
				<string>40A6D4AA16D01F560019AC60</string>
				<string>40A6D4AB16D01F560019AC60</string>
				<string>40A6D4AC16D01F560019AC60</string>
				<string>40A6D4AD16D01F560019AC60</string>
				<string>40A6D4AE16D01F560019AC60</string>
				<string>40A6D4AF16D01F560019AC60</string>
				<string>40A6D4B016D01F560019AC60</string>
				<string>40A6D4B116D01F560019AC60</string>
				<string>40A6D4B216D01F560019AC60</string>
				<string>40A6D4B316D01F560019AC60</string>
			</array>
			<key>isa</key>
			<string>PBXGroup</string>
			<key>path</key>
			<string>DataImport</string>
			<key>sourceTree</key>
			<string>&lt;group&gt;</string>
		</dict>
		<key>40A6D4A616D01F560019AC60</key>
		<dict>
			<key>fileEncoding</key>
			<string>4</string>
			<key>isa</key>
			<string>PBXFileReference</string>
			<key>lastKnownFileType</key>
			<string>sourcecode.c.h</string>
			<key>path</key>
			<string>MagicalImportFunctions.h</string>
			<key>sourceTree</key>
			<string>&lt;group&gt;</string>
		</dict>
		<key>40A6D4A716D01F560019AC60</key>
		<dict>
			<key>fileEncoding</key>
			<string>4</string>
			<key>isa</key>
			<string>PBXFileReference</string>
			<key>lastKnownFileType</key>
			<string>sourcecode.c.objc</string>
			<key>path</key>
			<string>MagicalImportFunctions.m</string>
			<key>sourceTree</key>
			<string>&lt;group&gt;</string>
		</dict>
		<key>40A6D4A816D01F560019AC60</key>
		<dict>
			<key>fileEncoding</key>
			<string>4</string>
			<key>isa</key>
			<string>PBXFileReference</string>
			<key>lastKnownFileType</key>
			<string>sourcecode.c.h</string>
			<key>path</key>
			<string>NSAttributeDescription+MagicalDataImport.h</string>
			<key>sourceTree</key>
			<string>&lt;group&gt;</string>
		</dict>
		<key>40A6D4A916D01F560019AC60</key>
		<dict>
			<key>fileEncoding</key>
			<string>4</string>
			<key>isa</key>
			<string>PBXFileReference</string>
			<key>lastKnownFileType</key>
			<string>sourcecode.c.objc</string>
			<key>path</key>
			<string>NSAttributeDescription+MagicalDataImport.m</string>
			<key>sourceTree</key>
			<string>&lt;group&gt;</string>
		</dict>
		<key>40A6D4AA16D01F560019AC60</key>
		<dict>
			<key>fileEncoding</key>
			<string>4</string>
			<key>isa</key>
			<string>PBXFileReference</string>
			<key>lastKnownFileType</key>
			<string>sourcecode.c.h</string>
			<key>path</key>
			<string>NSEntityDescription+MagicalDataImport.h</string>
			<key>sourceTree</key>
			<string>&lt;group&gt;</string>
		</dict>
		<key>40A6D4AB16D01F560019AC60</key>
		<dict>
			<key>fileEncoding</key>
			<string>4</string>
			<key>isa</key>
			<string>PBXFileReference</string>
			<key>lastKnownFileType</key>
			<string>sourcecode.c.objc</string>
			<key>path</key>
			<string>NSEntityDescription+MagicalDataImport.m</string>
			<key>sourceTree</key>
			<string>&lt;group&gt;</string>
		</dict>
		<key>40A6D4AC16D01F560019AC60</key>
		<dict>
			<key>fileEncoding</key>
			<string>4</string>
			<key>isa</key>
			<string>PBXFileReference</string>
			<key>lastKnownFileType</key>
			<string>sourcecode.c.h</string>
			<key>path</key>
			<string>NSNumber+MagicalDataImport.h</string>
			<key>sourceTree</key>
			<string>&lt;group&gt;</string>
		</dict>
		<key>40A6D4AD16D01F560019AC60</key>
		<dict>
			<key>fileEncoding</key>
			<string>4</string>
			<key>isa</key>
			<string>PBXFileReference</string>
			<key>lastKnownFileType</key>
			<string>sourcecode.c.objc</string>
			<key>path</key>
			<string>NSNumber+MagicalDataImport.m</string>
			<key>sourceTree</key>
			<string>&lt;group&gt;</string>
		</dict>
		<key>40A6D4AE16D01F560019AC60</key>
		<dict>
			<key>fileEncoding</key>
			<string>4</string>
			<key>isa</key>
			<string>PBXFileReference</string>
			<key>lastKnownFileType</key>
			<string>sourcecode.c.h</string>
			<key>path</key>
			<string>NSObject+MagicalDataImport.h</string>
			<key>sourceTree</key>
			<string>&lt;group&gt;</string>
		</dict>
		<key>40A6D4AF16D01F560019AC60</key>
		<dict>
			<key>fileEncoding</key>
			<string>4</string>
			<key>isa</key>
			<string>PBXFileReference</string>
			<key>lastKnownFileType</key>
			<string>sourcecode.c.objc</string>
			<key>path</key>
			<string>NSObject+MagicalDataImport.m</string>
			<key>sourceTree</key>
			<string>&lt;group&gt;</string>
		</dict>
		<key>40A6D4B016D01F560019AC60</key>
		<dict>
			<key>fileEncoding</key>
			<string>4</string>
			<key>isa</key>
			<string>PBXFileReference</string>
			<key>lastKnownFileType</key>
			<string>sourcecode.c.h</string>
			<key>path</key>
			<string>NSRelationshipDescription+MagicalDataImport.h</string>
			<key>sourceTree</key>
			<string>&lt;group&gt;</string>
		</dict>
		<key>40A6D4B116D01F560019AC60</key>
		<dict>
			<key>fileEncoding</key>
			<string>4</string>
			<key>isa</key>
			<string>PBXFileReference</string>
			<key>lastKnownFileType</key>
			<string>sourcecode.c.objc</string>
			<key>path</key>
			<string>NSRelationshipDescription+MagicalDataImport.m</string>
			<key>sourceTree</key>
			<string>&lt;group&gt;</string>
		</dict>
		<key>40A6D4B216D01F560019AC60</key>
		<dict>
			<key>fileEncoding</key>
			<string>4</string>
			<key>isa</key>
			<string>PBXFileReference</string>
			<key>lastKnownFileType</key>
			<string>sourcecode.c.h</string>
			<key>path</key>
			<string>NSString+MagicalDataImport.h</string>
			<key>sourceTree</key>
			<string>&lt;group&gt;</string>
		</dict>
		<key>40A6D4B316D01F560019AC60</key>
		<dict>
			<key>fileEncoding</key>
			<string>4</string>
			<key>isa</key>
			<string>PBXFileReference</string>
			<key>lastKnownFileType</key>
			<string>sourcecode.c.objc</string>
			<key>path</key>
			<string>NSString+MagicalDataImport.m</string>
			<key>sourceTree</key>
			<string>&lt;group&gt;</string>
		</dict>
		<key>40A6D4B416D01F560019AC60</key>
		<dict>
			<key>children</key>
			<array>
				<string>40A6D4B516D01F560019AC60</string>
				<string>40A6D4B616D01F560019AC60</string>
				<string>40A6D4B716D01F560019AC60</string>
				<string>40A6D4B816D01F560019AC60</string>
				<string>40A6D4B916D01F560019AC60</string>
				<string>40A6D4BA16D01F560019AC60</string>
				<string>40A6D4BB16D01F560019AC60</string>
				<string>40A6D4BC16D01F560019AC60</string>
				<string>40A6D4BD16D01F560019AC60</string>
				<string>40A6D4BE16D01F560019AC60</string>
			</array>
			<key>isa</key>
			<string>PBXGroup</string>
			<key>path</key>
			<string>NSManagedObject</string>
			<key>sourceTree</key>
			<string>&lt;group&gt;</string>
		</dict>
		<key>40A6D4B516D01F560019AC60</key>
		<dict>
			<key>fileEncoding</key>
			<string>4</string>
			<key>isa</key>
			<string>PBXFileReference</string>
			<key>lastKnownFileType</key>
			<string>sourcecode.c.h</string>
			<key>path</key>
			<string>NSManagedObject+MagicalAggregation.h</string>
			<key>sourceTree</key>
			<string>&lt;group&gt;</string>
		</dict>
		<key>40A6D4B616D01F560019AC60</key>
		<dict>
			<key>fileEncoding</key>
			<string>4</string>
			<key>isa</key>
			<string>PBXFileReference</string>
			<key>lastKnownFileType</key>
			<string>sourcecode.c.objc</string>
			<key>path</key>
			<string>NSManagedObject+MagicalAggregation.m</string>
			<key>sourceTree</key>
			<string>&lt;group&gt;</string>
		</dict>
		<key>40A6D4B716D01F560019AC60</key>
		<dict>
			<key>fileEncoding</key>
			<string>4</string>
			<key>isa</key>
			<string>PBXFileReference</string>
			<key>lastKnownFileType</key>
			<string>sourcecode.c.h</string>
			<key>path</key>
			<string>NSManagedObject+MagicalDataImport.h</string>
			<key>sourceTree</key>
			<string>&lt;group&gt;</string>
		</dict>
		<key>40A6D4B816D01F560019AC60</key>
		<dict>
			<key>fileEncoding</key>
			<string>4</string>
			<key>isa</key>
			<string>PBXFileReference</string>
			<key>lastKnownFileType</key>
			<string>sourcecode.c.objc</string>
			<key>path</key>
			<string>NSManagedObject+MagicalDataImport.m</string>
			<key>sourceTree</key>
			<string>&lt;group&gt;</string>
		</dict>
		<key>40A6D4B916D01F560019AC60</key>
		<dict>
			<key>fileEncoding</key>
			<string>4</string>
			<key>isa</key>
			<string>PBXFileReference</string>
			<key>lastKnownFileType</key>
			<string>sourcecode.c.h</string>
			<key>path</key>
			<string>NSManagedObject+MagicalFinders.h</string>
			<key>sourceTree</key>
			<string>&lt;group&gt;</string>
		</dict>
		<key>40A6D4BA16D01F560019AC60</key>
		<dict>
			<key>fileEncoding</key>
			<string>4</string>
			<key>isa</key>
			<string>PBXFileReference</string>
			<key>lastKnownFileType</key>
			<string>sourcecode.c.objc</string>
			<key>path</key>
			<string>NSManagedObject+MagicalFinders.m</string>
			<key>sourceTree</key>
			<string>&lt;group&gt;</string>
		</dict>
		<key>40A6D4BB16D01F560019AC60</key>
		<dict>
			<key>fileEncoding</key>
			<string>4</string>
			<key>isa</key>
			<string>PBXFileReference</string>
			<key>lastKnownFileType</key>
			<string>sourcecode.c.h</string>
			<key>path</key>
			<string>NSManagedObject+MagicalRecord.h</string>
			<key>sourceTree</key>
			<string>&lt;group&gt;</string>
		</dict>
		<key>40A6D4BC16D01F560019AC60</key>
		<dict>
			<key>fileEncoding</key>
			<string>4</string>
			<key>isa</key>
			<string>PBXFileReference</string>
			<key>lastKnownFileType</key>
			<string>sourcecode.c.objc</string>
			<key>path</key>
			<string>NSManagedObject+MagicalRecord.m</string>
			<key>sourceTree</key>
			<string>&lt;group&gt;</string>
		</dict>
		<key>40A6D4BD16D01F560019AC60</key>
		<dict>
			<key>fileEncoding</key>
			<string>4</string>
			<key>isa</key>
			<string>PBXFileReference</string>
			<key>lastKnownFileType</key>
			<string>sourcecode.c.h</string>
			<key>path</key>
			<string>NSManagedObject+MagicalRequests.h</string>
			<key>sourceTree</key>
			<string>&lt;group&gt;</string>
		</dict>
		<key>40A6D4BE16D01F560019AC60</key>
		<dict>
			<key>fileEncoding</key>
			<string>4</string>
			<key>isa</key>
			<string>PBXFileReference</string>
			<key>lastKnownFileType</key>
			<string>sourcecode.c.objc</string>
			<key>path</key>
			<string>NSManagedObject+MagicalRequests.m</string>
			<key>sourceTree</key>
			<string>&lt;group&gt;</string>
		</dict>
		<key>40A6D4BF16D01F560019AC60</key>
		<dict>
			<key>children</key>
			<array>
				<string>40A6D4C016D01F560019AC60</string>
				<string>40A6D4C116D01F560019AC60</string>
				<string>40A6D4C216D01F560019AC60</string>
				<string>40A6D4C316D01F560019AC60</string>
				<string>40A6D4C416D01F560019AC60</string>
				<string>40A6D4C516D01F560019AC60</string>
				<string>40A6D4C616D01F560019AC60</string>
				<string>40A6D4C716D01F560019AC60</string>
			</array>
			<key>isa</key>
			<string>PBXGroup</string>
			<key>path</key>
			<string>NSManagedObjectContext</string>
			<key>sourceTree</key>
			<string>&lt;group&gt;</string>
		</dict>
		<key>40A6D4C016D01F560019AC60</key>
		<dict>
			<key>fileEncoding</key>
			<string>4</string>
			<key>isa</key>
			<string>PBXFileReference</string>
			<key>lastKnownFileType</key>
			<string>sourcecode.c.h</string>
			<key>path</key>
			<string>NSManagedObjectContext+MagicalObserving.h</string>
			<key>sourceTree</key>
			<string>&lt;group&gt;</string>
		</dict>
		<key>40A6D4C116D01F560019AC60</key>
		<dict>
			<key>fileEncoding</key>
			<string>4</string>
			<key>isa</key>
			<string>PBXFileReference</string>
			<key>lastKnownFileType</key>
			<string>sourcecode.c.objc</string>
			<key>path</key>
			<string>NSManagedObjectContext+MagicalObserving.m</string>
			<key>sourceTree</key>
			<string>&lt;group&gt;</string>
		</dict>
		<key>40A6D4C216D01F560019AC60</key>
		<dict>
			<key>fileEncoding</key>
			<string>4</string>
			<key>isa</key>
			<string>PBXFileReference</string>
			<key>lastKnownFileType</key>
			<string>sourcecode.c.h</string>
			<key>path</key>
			<string>NSManagedObjectContext+MagicalRecord.h</string>
			<key>sourceTree</key>
			<string>&lt;group&gt;</string>
		</dict>
		<key>40A6D4C316D01F560019AC60</key>
		<dict>
			<key>fileEncoding</key>
			<string>4</string>
			<key>isa</key>
			<string>PBXFileReference</string>
			<key>lastKnownFileType</key>
			<string>sourcecode.c.objc</string>
			<key>path</key>
			<string>NSManagedObjectContext+MagicalRecord.m</string>
			<key>sourceTree</key>
			<string>&lt;group&gt;</string>
		</dict>
		<key>40A6D4C416D01F560019AC60</key>
		<dict>
			<key>fileEncoding</key>
			<string>4</string>
			<key>isa</key>
			<string>PBXFileReference</string>
			<key>lastKnownFileType</key>
			<string>sourcecode.c.h</string>
			<key>path</key>
			<string>NSManagedObjectContext+MagicalSaves.h</string>
			<key>sourceTree</key>
			<string>&lt;group&gt;</string>
		</dict>
		<key>40A6D4C516D01F560019AC60</key>
		<dict>
			<key>fileEncoding</key>
			<string>4</string>
			<key>isa</key>
			<string>PBXFileReference</string>
			<key>lastKnownFileType</key>
			<string>sourcecode.c.objc</string>
			<key>path</key>
			<string>NSManagedObjectContext+MagicalSaves.m</string>
			<key>sourceTree</key>
			<string>&lt;group&gt;</string>
		</dict>
		<key>40A6D4C616D01F560019AC60</key>
		<dict>
			<key>fileEncoding</key>
			<string>4</string>
			<key>isa</key>
			<string>PBXFileReference</string>
			<key>lastKnownFileType</key>
			<string>sourcecode.c.h</string>
			<key>path</key>
			<string>NSManagedObjectContext+MagicalThreading.h</string>
			<key>sourceTree</key>
			<string>&lt;group&gt;</string>
		</dict>
		<key>40A6D4C716D01F560019AC60</key>
		<dict>
			<key>fileEncoding</key>
			<string>4</string>
			<key>isa</key>
			<string>PBXFileReference</string>
			<key>lastKnownFileType</key>
			<string>sourcecode.c.objc</string>
			<key>path</key>
			<string>NSManagedObjectContext+MagicalThreading.m</string>
			<key>sourceTree</key>
			<string>&lt;group&gt;</string>
		</dict>
		<key>40A6D4C816D01F560019AC60</key>
		<dict>
			<key>fileEncoding</key>
			<string>4</string>
			<key>isa</key>
			<string>PBXFileReference</string>
			<key>lastKnownFileType</key>
			<string>sourcecode.c.h</string>
			<key>path</key>
			<string>NSManagedObjectModel+MagicalRecord.h</string>
			<key>sourceTree</key>
			<string>&lt;group&gt;</string>
		</dict>
		<key>40A6D4C916D01F560019AC60</key>
		<dict>
			<key>fileEncoding</key>
			<string>4</string>
			<key>isa</key>
			<string>PBXFileReference</string>
			<key>lastKnownFileType</key>
			<string>sourcecode.c.objc</string>
			<key>path</key>
			<string>NSManagedObjectModel+MagicalRecord.m</string>
			<key>sourceTree</key>
			<string>&lt;group&gt;</string>
		</dict>
		<key>40A6D4CA16D01F560019AC60</key>
		<dict>
			<key>fileEncoding</key>
			<string>4</string>
			<key>isa</key>
			<string>PBXFileReference</string>
			<key>lastKnownFileType</key>
			<string>sourcecode.c.h</string>
			<key>path</key>
			<string>NSPersistentStore+MagicalRecord.h</string>
			<key>sourceTree</key>
			<string>&lt;group&gt;</string>
		</dict>
		<key>40A6D4CB16D01F560019AC60</key>
		<dict>
			<key>fileEncoding</key>
			<string>4</string>
			<key>isa</key>
			<string>PBXFileReference</string>
			<key>lastKnownFileType</key>
			<string>sourcecode.c.objc</string>
			<key>path</key>
			<string>NSPersistentStore+MagicalRecord.m</string>
			<key>sourceTree</key>
			<string>&lt;group&gt;</string>
		</dict>
		<key>40A6D4CC16D01F560019AC60</key>
		<dict>
			<key>fileEncoding</key>
			<string>4</string>
			<key>isa</key>
			<string>PBXFileReference</string>
			<key>lastKnownFileType</key>
			<string>sourcecode.c.h</string>
			<key>path</key>
			<string>NSPersistentStoreCoordinator+MagicalRecord.h</string>
			<key>sourceTree</key>
			<string>&lt;group&gt;</string>
		</dict>
		<key>40A6D4CD16D01F560019AC60</key>
		<dict>
			<key>fileEncoding</key>
			<string>4</string>
			<key>isa</key>
			<string>PBXFileReference</string>
			<key>lastKnownFileType</key>
			<string>sourcecode.c.objc</string>
			<key>path</key>
			<string>NSPersistentStoreCoordinator+MagicalRecord.m</string>
			<key>sourceTree</key>
			<string>&lt;group&gt;</string>
		</dict>
		<key>40A6D4CE16D01F560019AC60</key>
		<dict>
			<key>children</key>
			<array>
				<string>40A6D4CF16D01F560019AC60</string>
				<string>40A6D4D016D01F560019AC60</string>
				<string>40A6D4D116D01F560019AC60</string>
				<string>40A6D4D216D01F560019AC60</string>
				<string>40A6D4D316D01F560019AC60</string>
				<string>40A6D4D416D01F560019AC60</string>
				<string>40A6D4D516D01F560019AC60</string>
				<string>40A6D4D616D01F560019AC60</string>
				<string>40A6D4D716D01F560019AC60</string>
				<string>40A6D4D816D01F560019AC60</string>
				<string>40A6D4D916D01F560019AC60</string>
				<string>40A6D4DA16D01F560019AC60</string>
				<string>40A6D4DB16D01F560019AC60</string>
				<string>40A6D4DC16D01F560019AC60</string>
				<string>40A6D4DD16D01F560019AC60</string>
			</array>
			<key>isa</key>
			<string>PBXGroup</string>
			<key>path</key>
			<string>Core</string>
			<key>sourceTree</key>
			<string>&lt;group&gt;</string>
		</dict>
		<key>40A6D4CF16D01F560019AC60</key>
		<dict>
			<key>fileEncoding</key>
			<string>4</string>
			<key>isa</key>
			<string>PBXFileReference</string>
			<key>lastKnownFileType</key>
			<string>sourcecode.c.h</string>
			<key>path</key>
			<string>MagicalRecord+Actions.h</string>
			<key>sourceTree</key>
			<string>&lt;group&gt;</string>
		</dict>
		<key>40A6D4D016D01F560019AC60</key>
		<dict>
			<key>fileEncoding</key>
			<string>4</string>
			<key>isa</key>
			<string>PBXFileReference</string>
			<key>lastKnownFileType</key>
			<string>sourcecode.c.objc</string>
			<key>path</key>
			<string>MagicalRecord+Actions.m</string>
			<key>sourceTree</key>
			<string>&lt;group&gt;</string>
		</dict>
		<key>40A6D4D116D01F560019AC60</key>
		<dict>
			<key>fileEncoding</key>
			<string>4</string>
			<key>isa</key>
			<string>PBXFileReference</string>
			<key>lastKnownFileType</key>
			<string>sourcecode.c.h</string>
			<key>path</key>
			<string>MagicalRecord+ErrorHandling.h</string>
			<key>sourceTree</key>
			<string>&lt;group&gt;</string>
		</dict>
		<key>40A6D4D216D01F560019AC60</key>
		<dict>
			<key>fileEncoding</key>
			<string>4</string>
			<key>isa</key>
			<string>PBXFileReference</string>
			<key>lastKnownFileType</key>
			<string>sourcecode.c.objc</string>
			<key>path</key>
			<string>MagicalRecord+ErrorHandling.m</string>
			<key>sourceTree</key>
			<string>&lt;group&gt;</string>
		</dict>
		<key>40A6D4D316D01F560019AC60</key>
		<dict>
			<key>fileEncoding</key>
			<string>4</string>
			<key>isa</key>
			<string>PBXFileReference</string>
			<key>lastKnownFileType</key>
			<string>sourcecode.c.h</string>
			<key>path</key>
			<string>MagicalRecord+iCloud.h</string>
			<key>sourceTree</key>
			<string>&lt;group&gt;</string>
		</dict>
		<key>40A6D4D416D01F560019AC60</key>
		<dict>
			<key>fileEncoding</key>
			<string>4</string>
			<key>isa</key>
			<string>PBXFileReference</string>
			<key>lastKnownFileType</key>
			<string>sourcecode.c.objc</string>
			<key>path</key>
			<string>MagicalRecord+iCloud.m</string>
			<key>sourceTree</key>
			<string>&lt;group&gt;</string>
		</dict>
		<key>40A6D4D516D01F560019AC60</key>
		<dict>
			<key>fileEncoding</key>
			<string>4</string>
			<key>isa</key>
			<string>PBXFileReference</string>
			<key>lastKnownFileType</key>
			<string>sourcecode.c.h</string>
			<key>path</key>
			<string>MagicalRecord+Options.h</string>
			<key>sourceTree</key>
			<string>&lt;group&gt;</string>
		</dict>
		<key>40A6D4D616D01F560019AC60</key>
		<dict>
			<key>fileEncoding</key>
			<string>4</string>
			<key>isa</key>
			<string>PBXFileReference</string>
			<key>lastKnownFileType</key>
			<string>sourcecode.c.objc</string>
			<key>path</key>
			<string>MagicalRecord+Options.m</string>
			<key>sourceTree</key>
			<string>&lt;group&gt;</string>
		</dict>
		<key>40A6D4D716D01F560019AC60</key>
		<dict>
			<key>fileEncoding</key>
			<string>4</string>
			<key>isa</key>
			<string>PBXFileReference</string>
			<key>lastKnownFileType</key>
			<string>sourcecode.c.h</string>
			<key>path</key>
			<string>MagicalRecord+Setup.h</string>
			<key>sourceTree</key>
			<string>&lt;group&gt;</string>
		</dict>
		<key>40A6D4D816D01F560019AC60</key>
		<dict>
			<key>fileEncoding</key>
			<string>4</string>
			<key>isa</key>
			<string>PBXFileReference</string>
			<key>lastKnownFileType</key>
			<string>sourcecode.c.objc</string>
			<key>path</key>
			<string>MagicalRecord+Setup.m</string>
			<key>sourceTree</key>
			<string>&lt;group&gt;</string>
		</dict>
		<key>40A6D4D916D01F560019AC60</key>
		<dict>
			<key>fileEncoding</key>
			<string>4</string>
			<key>isa</key>
			<string>PBXFileReference</string>
			<key>lastKnownFileType</key>
			<string>sourcecode.c.h</string>
			<key>path</key>
			<string>MagicalRecord+ShorthandSupport.h</string>
			<key>sourceTree</key>
			<string>&lt;group&gt;</string>
		</dict>
		<key>40A6D4DA16D01F560019AC60</key>
		<dict>
			<key>fileEncoding</key>
			<string>4</string>
			<key>isa</key>
			<string>PBXFileReference</string>
			<key>lastKnownFileType</key>
			<string>sourcecode.c.objc</string>
			<key>path</key>
			<string>MagicalRecord+ShorthandSupport.m</string>
			<key>sourceTree</key>
			<string>&lt;group&gt;</string>
		</dict>
		<key>40A6D4DB16D01F560019AC60</key>
		<dict>
			<key>fileEncoding</key>
			<string>4</string>
			<key>isa</key>
			<string>PBXFileReference</string>
			<key>lastKnownFileType</key>
			<string>sourcecode.c.h</string>
			<key>path</key>
			<string>MagicalRecord.h</string>
			<key>sourceTree</key>
			<string>&lt;group&gt;</string>
		</dict>
		<key>40A6D4DC16D01F560019AC60</key>
		<dict>
			<key>fileEncoding</key>
			<string>4</string>
			<key>isa</key>
			<string>PBXFileReference</string>
			<key>lastKnownFileType</key>
			<string>sourcecode.c.objc</string>
			<key>path</key>
			<string>MagicalRecord.m</string>
			<key>sourceTree</key>
			<string>&lt;group&gt;</string>
		</dict>
		<key>40A6D4DD16D01F560019AC60</key>
		<dict>
			<key>fileEncoding</key>
			<string>4</string>
			<key>isa</key>
			<string>PBXFileReference</string>
			<key>lastKnownFileType</key>
			<string>sourcecode.c.h</string>
			<key>path</key>
			<string>MagicalRecordShorthand.h</string>
			<key>sourceTree</key>
			<string>&lt;group&gt;</string>
		</dict>
		<key>40A6D4DE16D01F560019AC60</key>
		<dict>
			<key>fileEncoding</key>
			<string>4</string>
			<key>isa</key>
			<string>PBXFileReference</string>
			<key>lastKnownFileType</key>
			<string>sourcecode.c.h</string>
			<key>path</key>
			<string>CoreData+MagicalRecord.h</string>
			<key>sourceTree</key>
			<string>&lt;group&gt;</string>
		</dict>
		<key>40A6D4DF16D01F560019AC60</key>
		<dict>
			<key>fileRef</key>
			<string>40A6D4A716D01F560019AC60</string>
			<key>isa</key>
			<string>PBXBuildFile</string>
		</dict>
		<key>40A6D4E016D01F560019AC60</key>
		<dict>
			<key>fileRef</key>
			<string>40A6D4A916D01F560019AC60</string>
			<key>isa</key>
			<string>PBXBuildFile</string>
		</dict>
		<key>40A6D4E116D01F560019AC60</key>
		<dict>
			<key>fileRef</key>
			<string>40A6D4AB16D01F560019AC60</string>
			<key>isa</key>
			<string>PBXBuildFile</string>
		</dict>
		<key>40A6D4E216D01F560019AC60</key>
		<dict>
			<key>fileRef</key>
			<string>40A6D4AD16D01F560019AC60</string>
			<key>isa</key>
			<string>PBXBuildFile</string>
		</dict>
		<key>40A6D4E316D01F560019AC60</key>
		<dict>
			<key>fileRef</key>
			<string>40A6D4AF16D01F560019AC60</string>
			<key>isa</key>
			<string>PBXBuildFile</string>
		</dict>
		<key>40A6D4E416D01F560019AC60</key>
		<dict>
			<key>fileRef</key>
			<string>40A6D4B116D01F560019AC60</string>
			<key>isa</key>
			<string>PBXBuildFile</string>
		</dict>
		<key>40A6D4E516D01F560019AC60</key>
		<dict>
			<key>fileRef</key>
			<string>40A6D4B316D01F560019AC60</string>
			<key>isa</key>
			<string>PBXBuildFile</string>
		</dict>
		<key>40A6D4E616D01F560019AC60</key>
		<dict>
			<key>fileRef</key>
			<string>40A6D4B616D01F560019AC60</string>
			<key>isa</key>
			<string>PBXBuildFile</string>
		</dict>
		<key>40A6D4E716D01F560019AC60</key>
		<dict>
			<key>fileRef</key>
			<string>40A6D4B816D01F560019AC60</string>
			<key>isa</key>
			<string>PBXBuildFile</string>
		</dict>
		<key>40A6D4E816D01F560019AC60</key>
		<dict>
			<key>fileRef</key>
			<string>40A6D4BA16D01F560019AC60</string>
			<key>isa</key>
			<string>PBXBuildFile</string>
		</dict>
		<key>40A6D4E916D01F560019AC60</key>
		<dict>
			<key>fileRef</key>
			<string>40A6D4BC16D01F560019AC60</string>
			<key>isa</key>
			<string>PBXBuildFile</string>
		</dict>
		<key>40A6D4EA16D01F560019AC60</key>
		<dict>
			<key>fileRef</key>
			<string>40A6D4BE16D01F560019AC60</string>
			<key>isa</key>
			<string>PBXBuildFile</string>
		</dict>
		<key>40A6D4EB16D01F560019AC60</key>
		<dict>
			<key>fileRef</key>
			<string>40A6D4C116D01F560019AC60</string>
			<key>isa</key>
			<string>PBXBuildFile</string>
		</dict>
		<key>40A6D4EC16D01F560019AC60</key>
		<dict>
			<key>fileRef</key>
			<string>40A6D4C316D01F560019AC60</string>
			<key>isa</key>
			<string>PBXBuildFile</string>
		</dict>
		<key>40A6D4ED16D01F560019AC60</key>
		<dict>
			<key>fileRef</key>
			<string>40A6D4C516D01F560019AC60</string>
			<key>isa</key>
			<string>PBXBuildFile</string>
		</dict>
		<key>40A6D4EE16D01F560019AC60</key>
		<dict>
			<key>fileRef</key>
			<string>40A6D4C716D01F560019AC60</string>
			<key>isa</key>
			<string>PBXBuildFile</string>
		</dict>
		<key>40A6D4EF16D01F560019AC60</key>
		<dict>
			<key>fileRef</key>
			<string>40A6D4C916D01F560019AC60</string>
			<key>isa</key>
			<string>PBXBuildFile</string>
		</dict>
		<key>40A6D4F016D01F560019AC60</key>
		<dict>
			<key>fileRef</key>
			<string>40A6D4CB16D01F560019AC60</string>
			<key>isa</key>
			<string>PBXBuildFile</string>
		</dict>
		<key>40A6D4F116D01F560019AC60</key>
		<dict>
			<key>fileRef</key>
			<string>40A6D4CD16D01F560019AC60</string>
			<key>isa</key>
			<string>PBXBuildFile</string>
		</dict>
		<key>40A6D4F216D01F560019AC60</key>
		<dict>
			<key>fileRef</key>
			<string>40A6D4D016D01F560019AC60</string>
			<key>isa</key>
			<string>PBXBuildFile</string>
		</dict>
		<key>40A6D4F316D01F560019AC60</key>
		<dict>
			<key>fileRef</key>
			<string>40A6D4D216D01F560019AC60</string>
			<key>isa</key>
			<string>PBXBuildFile</string>
		</dict>
		<key>40A6D4F416D01F560019AC60</key>
		<dict>
			<key>fileRef</key>
			<string>40A6D4D416D01F560019AC60</string>
			<key>isa</key>
			<string>PBXBuildFile</string>
		</dict>
		<key>40A6D4F516D01F560019AC60</key>
		<dict>
			<key>fileRef</key>
			<string>40A6D4D616D01F560019AC60</string>
			<key>isa</key>
			<string>PBXBuildFile</string>
		</dict>
		<key>40A6D4F616D01F560019AC60</key>
		<dict>
			<key>fileRef</key>
			<string>40A6D4D816D01F560019AC60</string>
			<key>isa</key>
			<string>PBXBuildFile</string>
		</dict>
		<key>40A6D4F716D01F560019AC60</key>
		<dict>
			<key>fileRef</key>
			<string>40A6D4DA16D01F560019AC60</string>
			<key>isa</key>
			<string>PBXBuildFile</string>
		</dict>
		<key>40A6D4F816D01F560019AC60</key>
		<dict>
			<key>fileRef</key>
			<string>40A6D4DC16D01F560019AC60</string>
			<key>isa</key>
			<string>PBXBuildFile</string>
		</dict>
		<key>40A6D4F916D01FDC0019AC60</key>
		<dict>
			<key>isa</key>
			<string>PBXFileReference</string>
			<key>lastKnownFileType</key>
			<string>image.png</string>
			<key>path</key>
			<string>Default-568h@2x.png</string>
			<key>sourceTree</key>
			<string>&lt;group&gt;</string>
		</dict>
		<key>40A6D4FA16D01FDC0019AC60</key>
		<dict>
			<key>fileRef</key>
			<string>40A6D4F916D01FDC0019AC60</string>
			<key>isa</key>
			<string>PBXBuildFile</string>
		</dict>
		<key>40A6D4FB16D0200E0019AC60</key>
		<dict>
			<key>isa</key>
			<string>PBXFileReference</string>
			<key>lastKnownFileType</key>
			<string>wrapper.framework</string>
			<key>name</key>
			<string>CoreData.framework</string>
			<key>path</key>
			<string>System/Library/Frameworks/CoreData.framework</string>
			<key>sourceTree</key>
			<string>SDKROOT</string>
		</dict>
		<key>40A6D4FD16D020160019AC60</key>
		<dict>
			<key>fileRef</key>
			<string>40A6D4FB16D0200E0019AC60</string>
			<key>isa</key>
			<string>PBXBuildFile</string>
		</dict>
		<key>40A6D4FE16D021DF0019AC60</key>
		<dict>
			<key>children</key>
			<array>
				<string>40A6D50416D025250019AC60</string>
				<string>405AC1F715B2072E001BB625</string>
				<string>405AC1F815B2072E001BB625</string>
				<string>405AC1F015B202DE001BB625</string>
				<string>405AC1F115B202DE001BB625</string>
				<string>40A6D50E16D025520019AC60</string>
				<string>40A6D50F16D025520019AC60</string>
				<string>40A6D50116D0225C0019AC60</string>
			</array>
			<key>isa</key>
			<string>PBXGroup</string>
			<key>name</key>
			<string>Model</string>
			<key>sourceTree</key>
			<string>&lt;group&gt;</string>
		</dict>
		<key>40A6D4FF16D021E50019AC60</key>
		<dict>
			<key>children</key>
			<array>
				<string>4066B90916D190BA0082E878</string>
				<string>4066B90A16D190BA0082E878</string>
			</array>
			<key>isa</key>
			<string>PBXGroup</string>
			<key>name</key>
			<string>View</string>
			<key>sourceTree</key>
			<string>&lt;group&gt;</string>
		</dict>
		<key>40A6D50016D021E90019AC60</key>
		<dict>
			<key>children</key>
			<array>
				<string>40A6D51116D026C40019AC60</string>
				<string>40A6D51216D026C40019AC60</string>
				<string>40A6D51716D0387C0019AC60</string>
				<string>40A6D51816D0387C0019AC60</string>
				<string>40A905F216F692460039677F</string>
				<string>40A905F316F692460039677F</string>
				<string>40A6D51416D02BD90019AC60</string>
				<string>40A6D51516D02BD90019AC60</string>
				<string>409A716816F7EF8B008D1DA0</string>
				<string>409A716916F7EF8B008D1DA0</string>
			</array>
			<key>isa</key>
			<string>PBXGroup</string>
			<key>name</key>
			<string>Controller</string>
			<key>sourceTree</key>
			<string>&lt;group&gt;</string>
		</dict>
		<key>40A6D50116D0225C0019AC60</key>
		<dict>
			<key>children</key>
			<array>
				<string>40A6D50216D0225C0019AC60</string>
			</array>
			<key>currentVersion</key>
			<string>40A6D50216D0225C0019AC60</string>
			<key>isa</key>
			<string>XCVersionGroup</string>
			<key>path</key>
			<string>SIDataModel.xcdatamodeld</string>
			<key>sourceTree</key>
			<string>&lt;group&gt;</string>
			<key>versionGroupType</key>
			<string>wrapper.xcdatamodel</string>
		</dict>
		<key>40A6D50216D0225C0019AC60</key>
		<dict>
			<key>isa</key>
			<string>PBXFileReference</string>
			<key>lastKnownFileType</key>
			<string>wrapper.xcdatamodel</string>
			<key>path</key>
			<string>SIDataModel.xcdatamodel</string>
			<key>sourceTree</key>
			<string>&lt;group&gt;</string>
		</dict>
		<key>40A6D50316D0225C0019AC60</key>
		<dict>
			<key>fileRef</key>
			<string>40A6D50116D0225C0019AC60</string>
			<key>isa</key>
			<string>PBXBuildFile</string>
		</dict>
		<key>40A6D50416D025250019AC60</key>
		<dict>
			<key>children</key>
			<array>
				<string>40A6D50516D025330019AC60</string>
				<string>40A6D50616D025330019AC60</string>
				<string>40A6D50716D025330019AC60</string>
				<string>40A6D50816D025330019AC60</string>
				<string>40A6D50916D025330019AC60</string>
				<string>40A6D50A16D025330019AC60</string>
			</array>
			<key>isa</key>
			<string>PBXGroup</string>
			<key>name</key>
			<string>Generated</string>
			<key>sourceTree</key>
			<string>&lt;group&gt;</string>
		</dict>
		<key>40A6D50516D025330019AC60</key>
		<dict>
			<key>fileEncoding</key>
			<string>4</string>
			<key>isa</key>
			<string>PBXFileReference</string>
			<key>lastKnownFileType</key>
			<string>sourcecode.c.h</string>
			<key>path</key>
			<string>_SIPerson.h</string>
			<key>sourceTree</key>
			<string>&lt;group&gt;</string>
		</dict>
		<key>40A6D50616D025330019AC60</key>
		<dict>
			<key>fileEncoding</key>
			<string>4</string>
			<key>isa</key>
			<string>PBXFileReference</string>
			<key>lastKnownFileType</key>
			<string>sourcecode.c.objc</string>
			<key>path</key>
			<string>_SIPerson.m</string>
			<key>sourceTree</key>
			<string>&lt;group&gt;</string>
		</dict>
		<key>40A6D50716D025330019AC60</key>
		<dict>
			<key>fileEncoding</key>
			<string>4</string>
			<key>isa</key>
			<string>PBXFileReference</string>
			<key>lastKnownFileType</key>
			<string>sourcecode.c.h</string>
			<key>path</key>
			<string>_SIReceipt.h</string>
			<key>sourceTree</key>
			<string>&lt;group&gt;</string>
		</dict>
		<key>40A6D50816D025330019AC60</key>
		<dict>
			<key>fileEncoding</key>
			<string>4</string>
			<key>isa</key>
			<string>PBXFileReference</string>
			<key>lastKnownFileType</key>
			<string>sourcecode.c.objc</string>
			<key>path</key>
			<string>_SIReceipt.m</string>
			<key>sourceTree</key>
			<string>&lt;group&gt;</string>
		</dict>
		<key>40A6D50916D025330019AC60</key>
		<dict>
			<key>fileEncoding</key>
			<string>4</string>
			<key>isa</key>
			<string>PBXFileReference</string>
			<key>lastKnownFileType</key>
			<string>sourcecode.c.h</string>
			<key>path</key>
			<string>_SIReceiptItem.h</string>
			<key>sourceTree</key>
			<string>&lt;group&gt;</string>
		</dict>
		<key>40A6D50A16D025330019AC60</key>
		<dict>
			<key>fileEncoding</key>
			<string>4</string>
			<key>isa</key>
			<string>PBXFileReference</string>
			<key>lastKnownFileType</key>
			<string>sourcecode.c.objc</string>
			<key>path</key>
			<string>_SIReceiptItem.m</string>
			<key>sourceTree</key>
			<string>&lt;group&gt;</string>
		</dict>
		<key>40A6D50B16D025330019AC60</key>
		<dict>
			<key>fileRef</key>
			<string>40A6D50616D025330019AC60</string>
			<key>isa</key>
			<string>PBXBuildFile</string>
		</dict>
		<key>40A6D50C16D025330019AC60</key>
		<dict>
			<key>fileRef</key>
			<string>40A6D50816D025330019AC60</string>
			<key>isa</key>
			<string>PBXBuildFile</string>
		</dict>
		<key>40A6D50D16D025330019AC60</key>
		<dict>
			<key>fileRef</key>
			<string>40A6D50A16D025330019AC60</string>
			<key>isa</key>
			<string>PBXBuildFile</string>
		</dict>
		<key>40A6D50E16D025520019AC60</key>
		<dict>
			<key>fileEncoding</key>
			<string>4</string>
			<key>isa</key>
			<string>PBXFileReference</string>
			<key>lastKnownFileType</key>
			<string>sourcecode.c.h</string>
			<key>path</key>
			<string>SIReceiptItem.h</string>
			<key>sourceTree</key>
			<string>&lt;group&gt;</string>
		</dict>
		<key>40A6D50F16D025520019AC60</key>
		<dict>
			<key>fileEncoding</key>
			<string>4</string>
			<key>isa</key>
			<string>PBXFileReference</string>
			<key>lastKnownFileType</key>
			<string>sourcecode.c.objc</string>
			<key>path</key>
			<string>SIReceiptItem.m</string>
			<key>sourceTree</key>
			<string>&lt;group&gt;</string>
		</dict>
		<key>40A6D51016D025520019AC60</key>
		<dict>
			<key>fileRef</key>
			<string>40A6D50F16D025520019AC60</string>
			<key>isa</key>
			<string>PBXBuildFile</string>
		</dict>
		<key>40A6D51116D026C40019AC60</key>
		<dict>
			<key>fileEncoding</key>
			<string>4</string>
			<key>isa</key>
			<string>PBXFileReference</string>
			<key>lastKnownFileType</key>
			<string>sourcecode.c.h</string>
			<key>path</key>
			<string>SIReceiptListViewController.h</string>
			<key>sourceTree</key>
			<string>&lt;group&gt;</string>
		</dict>
		<key>40A6D51216D026C40019AC60</key>
		<dict>
			<key>fileEncoding</key>
			<string>4</string>
			<key>isa</key>
			<string>PBXFileReference</string>
			<key>lastKnownFileType</key>
			<string>sourcecode.c.objc</string>
			<key>path</key>
			<string>SIReceiptListViewController.m</string>
			<key>sourceTree</key>
			<string>&lt;group&gt;</string>
		</dict>
		<key>40A6D51316D026C40019AC60</key>
		<dict>
			<key>fileRef</key>
			<string>40A6D51216D026C40019AC60</string>
			<key>isa</key>
			<string>PBXBuildFile</string>
		</dict>
		<key>40A6D51416D02BD90019AC60</key>
		<dict>
			<key>fileEncoding</key>
			<string>4</string>
			<key>isa</key>
			<string>PBXFileReference</string>
			<key>lastKnownFileType</key>
			<string>sourcecode.c.h</string>
			<key>path</key>
			<string>SIReceiptItemsViewController.h</string>
			<key>sourceTree</key>
			<string>&lt;group&gt;</string>
		</dict>
		<key>40A6D51516D02BD90019AC60</key>
		<dict>
			<key>fileEncoding</key>
			<string>4</string>
			<key>isa</key>
			<string>PBXFileReference</string>
			<key>lastKnownFileType</key>
			<string>sourcecode.c.objc</string>
			<key>path</key>
			<string>SIReceiptItemsViewController.m</string>
			<key>sourceTree</key>
			<string>&lt;group&gt;</string>
		</dict>
		<key>40A6D51616D02BD90019AC60</key>
		<dict>
			<key>fileRef</key>
			<string>40A6D51516D02BD90019AC60</string>
			<key>isa</key>
			<string>PBXBuildFile</string>
		</dict>
		<key>40A6D51716D0387C0019AC60</key>
		<dict>
			<key>fileEncoding</key>
			<string>4</string>
			<key>isa</key>
			<string>PBXFileReference</string>
			<key>lastKnownFileType</key>
			<string>sourcecode.c.h</string>
			<key>path</key>
			<string>SIReceiptCreateViewController.h</string>
			<key>sourceTree</key>
			<string>&lt;group&gt;</string>
		</dict>
		<key>40A6D51816D0387C0019AC60</key>
		<dict>
			<key>fileEncoding</key>
			<string>4</string>
			<key>isa</key>
			<string>PBXFileReference</string>
			<key>lastKnownFileType</key>
			<string>sourcecode.c.objc</string>
			<key>path</key>
			<string>SIReceiptCreateViewController.m</string>
			<key>sourceTree</key>
			<string>&lt;group&gt;</string>
		</dict>
		<key>40A6D51916D0387C0019AC60</key>
		<dict>
			<key>fileRef</key>
			<string>40A6D51816D0387C0019AC60</string>
			<key>isa</key>
			<string>PBXBuildFile</string>
		</dict>
		<key>40A905F216F692460039677F</key>
		<dict>
			<key>fileEncoding</key>
			<string>4</string>
			<key>isa</key>
			<string>PBXFileReference</string>
			<key>lastKnownFileType</key>
			<string>sourcecode.c.h</string>
			<key>path</key>
			<string>SIReceiptViewController.h</string>
			<key>sourceTree</key>
			<string>&lt;group&gt;</string>
		</dict>
		<key>40A905F316F692460039677F</key>
		<dict>
			<key>fileEncoding</key>
			<string>4</string>
			<key>isa</key>
			<string>PBXFileReference</string>
			<key>lastKnownFileType</key>
			<string>sourcecode.c.objc</string>
			<key>path</key>
			<string>SIReceiptViewController.m</string>
			<key>sourceTree</key>
			<string>&lt;group&gt;</string>
		</dict>
		<key>40A905F416F692460039677F</key>
		<dict>
			<key>fileRef</key>
			<string>40A905F316F692460039677F</string>
			<key>isa</key>
			<string>PBXBuildFile</string>
		</dict>
		<key>40C4654D15B14A860047BB60</key>
		<dict>
			<key>children</key>
			<array>
				<string>40A6D4F916D01FDC0019AC60</string>
				<string>40A6D4A316D01F560019AC60</string>
				<string>407E999915B1E3F000B930EE</string>
				<string>40C4656215B14A860047BB60</string>
				<string>40C4655B15B14A860047BB60</string>
				<string>40C4655915B14A860047BB60</string>
				<string>810B94251A1A43C4B1316CEA</string>
			</array>
			<key>isa</key>
			<string>PBXGroup</string>
			<key>sourceTree</key>
			<string>&lt;group&gt;</string>
		</dict>
		<key>40C4654F15B14A860047BB60</key>
		<dict>
			<key>attributes</key>
			<dict>
				<key>CLASSPREFIX</key>
				<string>SI</string>
				<key>LastUpgradeCheck</key>
				<string>0460</string>
			</dict>
			<key>buildConfigurationList</key>
			<string>40C4655215B14A860047BB60</string>
			<key>compatibilityVersion</key>
			<string>Xcode 3.2</string>
			<key>developmentRegion</key>
			<string>English</string>
			<key>hasScannedForEncodings</key>
			<string>0</string>
			<key>isa</key>
			<string>PBXProject</string>
			<key>knownRegions</key>
			<array>
				<string>en</string>
			</array>
			<key>mainGroup</key>
			<string>40C4654D15B14A860047BB60</string>
			<key>productRefGroup</key>
			<string>40C4655915B14A860047BB60</string>
			<key>projectDirPath</key>
			<string></string>
			<key>projectReferences</key>
			<array/>
			<key>projectRoot</key>
			<string></string>
			<key>targets</key>
			<array>
				<string>40C4655715B14A860047BB60</string>
			</array>
		</dict>
		<key>40C4655215B14A860047BB60</key>
		<dict>
			<key>buildConfigurations</key>
			<array>
				<string>40C4657415B14A860047BB60</string>
				<string>40C4657515B14A860047BB60</string>
			</array>
			<key>defaultConfigurationIsVisible</key>
			<string>0</string>
			<key>defaultConfigurationName</key>
			<string>Release</string>
			<key>isa</key>
			<string>XCConfigurationList</string>
		</dict>
		<key>40C4655415B14A860047BB60</key>
		<dict>
			<key>buildActionMask</key>
			<string>2147483647</string>
			<key>files</key>
			<array>
				<string>40C4656915B14A860047BB60</string>
				<string>40C4656D15B14A860047BB60</string>
				<string>405AC1F215B202DE001BB625</string>
				<string>405AC1F915B2072E001BB625</string>
				<string>40D7D93515B24F8D004978C7</string>
				<string>40A6D4DF16D01F560019AC60</string>
				<string>40A6D4E016D01F560019AC60</string>
				<string>40A6D4E116D01F560019AC60</string>
				<string>40A6D4E216D01F560019AC60</string>
				<string>40A6D4E316D01F560019AC60</string>
				<string>40A6D4E416D01F560019AC60</string>
				<string>40A6D4E516D01F560019AC60</string>
				<string>40A6D4E616D01F560019AC60</string>
				<string>40A6D4E716D01F560019AC60</string>
				<string>40A6D4E816D01F560019AC60</string>
				<string>40A6D4E916D01F560019AC60</string>
				<string>40A6D4EA16D01F560019AC60</string>
				<string>40A6D4EB16D01F560019AC60</string>
				<string>40A6D4EC16D01F560019AC60</string>
				<string>40A6D4ED16D01F560019AC60</string>
				<string>40A6D4EE16D01F560019AC60</string>
				<string>40A6D4EF16D01F560019AC60</string>
				<string>40A6D4F016D01F560019AC60</string>
				<string>40A6D4F116D01F560019AC60</string>
				<string>40A6D4F216D01F560019AC60</string>
				<string>40A6D4F316D01F560019AC60</string>
				<string>40A6D4F416D01F560019AC60</string>
				<string>40A6D4F516D01F560019AC60</string>
				<string>40A6D4F616D01F560019AC60</string>
				<string>40A6D4F716D01F560019AC60</string>
				<string>40A6D4F816D01F560019AC60</string>
				<string>40A6D50316D0225C0019AC60</string>
				<string>40A6D50B16D025330019AC60</string>
				<string>40A6D50C16D025330019AC60</string>
				<string>40A6D50D16D025330019AC60</string>
				<string>40A6D51016D025520019AC60</string>
				<string>40A6D51316D026C40019AC60</string>
				<string>40A6D51616D02BD90019AC60</string>
				<string>40A6D51916D0387C0019AC60</string>
				<string>4066B90B16D190BA0082E878</string>
				<string>4094D83816D3137F0088DC7E</string>
				<string>40A905F416F692460039677F</string>
				<string>409A716A16F7EF8B008D1DA0</string>
			</array>
			<key>isa</key>
			<string>PBXSourcesBuildPhase</string>
			<key>runOnlyForDeploymentPostprocessing</key>
			<string>0</string>
		</dict>
		<key>40C4655515B14A860047BB60</key>
		<dict>
			<key>buildActionMask</key>
			<string>2147483647</string>
			<key>files</key>
			<array>
				<string>40C4655D15B14A860047BB60</string>
				<string>40C4655F15B14A860047BB60</string>
				<string>40C4656115B14A860047BB60</string>
				<string>40A6D4FD16D020160019AC60</string>
				<string>CA981AF818274AD1B8C0BDB8</string>
			</array>
			<key>isa</key>
			<string>PBXFrameworksBuildPhase</string>
			<key>runOnlyForDeploymentPostprocessing</key>
			<string>0</string>
		</dict>
		<key>40C4655615B14A860047BB60</key>
		<dict>
			<key>buildActionMask</key>
			<string>2147483647</string>
			<key>files</key>
			<array>
				<string>40C4656715B14A860047BB60</string>
				<string>40C4657015B14A860047BB60</string>
				<string>40A6D4FA16D01FDC0019AC60</string>
			</array>
			<key>isa</key>
			<string>PBXResourcesBuildPhase</string>
			<key>runOnlyForDeploymentPostprocessing</key>
			<string>0</string>
		</dict>
		<key>40C4655715B14A860047BB60</key>
		<dict>
			<key>buildConfigurationList</key>
			<string>40C4657615B14A860047BB60</string>
			<key>buildPhases</key>
			<array>
				<string>663E5ACB32474C2DA0490293</string>
				<string>40C4655415B14A860047BB60</string>
				<string>40C4655515B14A860047BB60</string>
				<string>40C4655615B14A860047BB60</string>
				<string>14648B55ADD247D58E6C151A</string>
			</array>
			<key>buildRules</key>
			<array/>
			<key>dependencies</key>
			<array/>
			<key>isa</key>
			<string>PBXNativeTarget</string>
			<key>name</key>
			<string>Mince</string>
			<key>productName</key>
			<string>Stab</string>
			<key>productReference</key>
			<string>40C4655815B14A860047BB60</string>
			<key>productType</key>
			<string>com.apple.product-type.application</string>
		</dict>
		<key>40C4655815B14A860047BB60</key>
		<dict>
			<key>explicitFileType</key>
			<string>wrapper.application</string>
			<key>includeInIndex</key>
			<string>0</string>
			<key>isa</key>
			<string>PBXFileReference</string>
			<key>path</key>
			<string>Mince.app</string>
			<key>sourceTree</key>
			<string>BUILT_PRODUCTS_DIR</string>
		</dict>
		<key>40C4655915B14A860047BB60</key>
		<dict>
			<key>children</key>
			<array>
				<string>40C4655815B14A860047BB60</string>
			</array>
			<key>isa</key>
			<string>PBXGroup</string>
			<key>name</key>
			<string>Products</string>
			<key>sourceTree</key>
			<string>&lt;group&gt;</string>
		</dict>
		<key>40C4655B15B14A860047BB60</key>
		<dict>
			<key>children</key>
			<array>
				<string>40C4655C15B14A860047BB60</string>
				<string>40C4655E15B14A860047BB60</string>
				<string>40C4656015B14A860047BB60</string>
				<string>40A6D4FB16D0200E0019AC60</string>
				<string>9BA99C302FC849A3831190EE</string>
			</array>
			<key>isa</key>
			<string>PBXGroup</string>
			<key>name</key>
			<string>Frameworks</string>
			<key>sourceTree</key>
			<string>&lt;group&gt;</string>
		</dict>
		<key>40C4655C15B14A860047BB60</key>
		<dict>
			<key>isa</key>
			<string>PBXFileReference</string>
			<key>lastKnownFileType</key>
			<string>wrapper.framework</string>
			<key>name</key>
			<string>UIKit.framework</string>
			<key>path</key>
			<string>System/Library/Frameworks/UIKit.framework</string>
			<key>sourceTree</key>
			<string>SDKROOT</string>
		</dict>
		<key>40C4655D15B14A860047BB60</key>
		<dict>
			<key>fileRef</key>
			<string>40C4655C15B14A860047BB60</string>
			<key>isa</key>
			<string>PBXBuildFile</string>
		</dict>
		<key>40C4655E15B14A860047BB60</key>
		<dict>
			<key>isa</key>
			<string>PBXFileReference</string>
			<key>lastKnownFileType</key>
			<string>wrapper.framework</string>
			<key>name</key>
			<string>Foundation.framework</string>
			<key>path</key>
			<string>System/Library/Frameworks/Foundation.framework</string>
			<key>sourceTree</key>
			<string>SDKROOT</string>
		</dict>
		<key>40C4655F15B14A860047BB60</key>
		<dict>
			<key>fileRef</key>
			<string>40C4655E15B14A860047BB60</string>
			<key>isa</key>
			<string>PBXBuildFile</string>
		</dict>
		<key>40C4656015B14A860047BB60</key>
		<dict>
			<key>isa</key>
			<string>PBXFileReference</string>
			<key>lastKnownFileType</key>
			<string>wrapper.framework</string>
			<key>name</key>
			<string>CoreGraphics.framework</string>
			<key>path</key>
			<string>System/Library/Frameworks/CoreGraphics.framework</string>
			<key>sourceTree</key>
			<string>SDKROOT</string>
		</dict>
		<key>40C4656115B14A860047BB60</key>
		<dict>
			<key>fileRef</key>
			<string>40C4656015B14A860047BB60</string>
			<key>isa</key>
			<string>PBXBuildFile</string>
		</dict>
		<key>40C4656215B14A860047BB60</key>
		<dict>
			<key>children</key>
			<array>
				<string>40A6D4FE16D021DF0019AC60</string>
				<string>40A6D4FF16D021E50019AC60</string>
				<string>40A6D50016D021E90019AC60</string>
				<string>40C4656B15B14A860047BB60</string>
				<string>40C4656C15B14A860047BB60</string>
				<string>4094D83616D3137F0088DC7E</string>
				<string>4094D83716D3137F0088DC7E</string>
				<string>40D7D93315B24F8D004978C7</string>
				<string>40D7D93415B24F8D004978C7</string>
				<string>40C4656E15B14A860047BB60</string>
				<string>40C4656315B14A860047BB60</string>
			</array>
			<key>isa</key>
			<string>PBXGroup</string>
			<key>path</key>
			<string>Stab</string>
			<key>sourceTree</key>
			<string>&lt;group&gt;</string>
		</dict>
		<key>40C4656315B14A860047BB60</key>
		<dict>
			<key>children</key>
			<array>
				<string>40C4656415B14A860047BB60</string>
				<string>40C4656515B14A860047BB60</string>
				<string>40C4656815B14A860047BB60</string>
				<string>40C4656A15B14A860047BB60</string>
			</array>
			<key>isa</key>
			<string>PBXGroup</string>
			<key>name</key>
			<string>Supporting Files</string>
			<key>sourceTree</key>
			<string>&lt;group&gt;</string>
		</dict>
		<key>40C4656415B14A860047BB60</key>
		<dict>
			<key>isa</key>
			<string>PBXFileReference</string>
			<key>lastKnownFileType</key>
			<string>text.plist.xml</string>
			<key>path</key>
			<string>Mince-Info.plist</string>
			<key>sourceTree</key>
			<string>&lt;group&gt;</string>
		</dict>
		<key>40C4656515B14A860047BB60</key>
		<dict>
			<key>children</key>
			<array>
				<string>40C4656615B14A860047BB60</string>
			</array>
			<key>isa</key>
			<string>PBXVariantGroup</string>
			<key>name</key>
			<string>InfoPlist.strings</string>
			<key>sourceTree</key>
			<string>&lt;group&gt;</string>
		</dict>
		<key>40C4656615B14A860047BB60</key>
		<dict>
			<key>isa</key>
			<string>PBXFileReference</string>
			<key>lastKnownFileType</key>
			<string>text.plist.strings</string>
			<key>name</key>
			<string>en</string>
			<key>path</key>
			<string>en.lproj/InfoPlist.strings</string>
			<key>sourceTree</key>
			<string>&lt;group&gt;</string>
		</dict>
		<key>40C4656715B14A860047BB60</key>
		<dict>
			<key>fileRef</key>
			<string>40C4656515B14A860047BB60</string>
			<key>isa</key>
			<string>PBXBuildFile</string>
		</dict>
		<key>40C4656815B14A860047BB60</key>
		<dict>
			<key>isa</key>
			<string>PBXFileReference</string>
			<key>lastKnownFileType</key>
			<string>sourcecode.c.objc</string>
			<key>path</key>
			<string>main.m</string>
			<key>sourceTree</key>
			<string>&lt;group&gt;</string>
		</dict>
		<key>40C4656915B14A860047BB60</key>
		<dict>
			<key>fileRef</key>
			<string>40C4656815B14A860047BB60</string>
			<key>isa</key>
			<string>PBXBuildFile</string>
		</dict>
		<key>40C4656A15B14A860047BB60</key>
		<dict>
			<key>isa</key>
			<string>PBXFileReference</string>
			<key>lastKnownFileType</key>
			<string>sourcecode.c.h</string>
			<key>path</key>
			<string>Mince-Prefix.pch</string>
			<key>sourceTree</key>
			<string>&lt;group&gt;</string>
		</dict>
		<key>40C4656B15B14A860047BB60</key>
		<dict>
			<key>isa</key>
			<string>PBXFileReference</string>
			<key>lastKnownFileType</key>
			<string>sourcecode.c.h</string>
			<key>path</key>
			<string>SIAppDelegate.h</string>
			<key>sourceTree</key>
			<string>&lt;group&gt;</string>
		</dict>
		<key>40C4656C15B14A860047BB60</key>
		<dict>
			<key>isa</key>
			<string>PBXFileReference</string>
			<key>lastKnownFileType</key>
			<string>sourcecode.c.objc</string>
			<key>path</key>
			<string>SIAppDelegate.m</string>
			<key>sourceTree</key>
			<string>&lt;group&gt;</string>
		</dict>
		<key>40C4656D15B14A860047BB60</key>
		<dict>
			<key>fileRef</key>
			<string>40C4656C15B14A860047BB60</string>
			<key>isa</key>
			<string>PBXBuildFile</string>
		</dict>
		<key>40C4656E15B14A860047BB60</key>
		<dict>
			<key>children</key>
			<array>
				<string>40C4656F15B14A860047BB60</string>
			</array>
			<key>isa</key>
			<string>PBXVariantGroup</string>
			<key>name</key>
			<string>MainStoryboard.storyboard</string>
			<key>sourceTree</key>
			<string>&lt;group&gt;</string>
		</dict>
		<key>40C4656F15B14A860047BB60</key>
		<dict>
			<key>isa</key>
			<string>PBXFileReference</string>
			<key>lastKnownFileType</key>
			<string>file.storyboard</string>
			<key>name</key>
			<string>en</string>
			<key>path</key>
			<string>en.lproj/MainStoryboard.storyboard</string>
			<key>sourceTree</key>
			<string>&lt;group&gt;</string>
		</dict>
		<key>40C4657015B14A860047BB60</key>
		<dict>
			<key>fileRef</key>
			<string>40C4656E15B14A860047BB60</string>
			<key>isa</key>
			<string>PBXBuildFile</string>
		</dict>
		<key>40C4657415B14A860047BB60</key>
		<dict>
			<key>buildSettings</key>
			<dict>
				<key>ALWAYS_SEARCH_USER_PATHS</key>
				<string>NO</string>
				<key>ARCHS</key>
				<string>$(ARCHS_STANDARD_32_BIT)</string>
				<key>CLANG_ENABLE_OBJC_ARC</key>
				<string>YES</string>
				<key>CLANG_WARN_CONSTANT_CONVERSION</key>
				<string>YES</string>
				<key>CLANG_WARN_ENUM_CONVERSION</key>
				<string>YES</string>
				<key>CLANG_WARN_INT_CONVERSION</key>
				<string>YES</string>
				<key>CLANG_WARN__DUPLICATE_METHOD_MATCH</key>
				<string>YES</string>
				<key>CODE_SIGN_IDENTITY[sdk=iphoneos*]</key>
				<string>iPhone Developer</string>
				<key>COPY_PHASE_STRIP</key>
				<string>NO</string>
				<key>GCC_C_LANGUAGE_STANDARD</key>
				<string>gnu99</string>
				<key>GCC_DYNAMIC_NO_PIC</key>
				<string>NO</string>
				<key>GCC_OPTIMIZATION_LEVEL</key>
				<string>0</string>
				<key>GCC_PREPROCESSOR_DEFINITIONS</key>
				<array>
					<string>DEBUG=1</string>
					<string>$(inherited)</string>
				</array>
				<key>GCC_SYMBOLS_PRIVATE_EXTERN</key>
				<string>NO</string>
				<key>GCC_VERSION</key>
				<string>com.apple.compilers.llvm.clang.1_0</string>
				<key>GCC_WARN_ABOUT_RETURN_TYPE</key>
				<string>YES</string>
				<key>GCC_WARN_UNINITIALIZED_AUTOS</key>
				<string>YES</string>
				<key>GCC_WARN_UNUSED_VARIABLE</key>
				<string>YES</string>
				<key>IPHONEOS_DEPLOYMENT_TARGET</key>
				<string>6.0</string>
				<key>SDKROOT</key>
				<string>iphoneos</string>
			</dict>
			<key>isa</key>
			<string>XCBuildConfiguration</string>
			<key>name</key>
			<string>Debug</string>
		</dict>
		<key>40C4657515B14A860047BB60</key>
		<dict>
			<key>buildSettings</key>
			<dict>
				<key>ALWAYS_SEARCH_USER_PATHS</key>
				<string>NO</string>
				<key>ARCHS</key>
				<string>$(ARCHS_STANDARD_32_BIT)</string>
				<key>CLANG_ENABLE_OBJC_ARC</key>
				<string>YES</string>
				<key>CLANG_WARN_CONSTANT_CONVERSION</key>
				<string>YES</string>
				<key>CLANG_WARN_ENUM_CONVERSION</key>
				<string>YES</string>
				<key>CLANG_WARN_INT_CONVERSION</key>
				<string>YES</string>
				<key>CLANG_WARN__DUPLICATE_METHOD_MATCH</key>
				<string>YES</string>
				<key>CODE_SIGN_IDENTITY[sdk=iphoneos*]</key>
				<string>iPhone Developer</string>
				<key>COPY_PHASE_STRIP</key>
				<string>YES</string>
				<key>GCC_C_LANGUAGE_STANDARD</key>
				<string>gnu99</string>
				<key>GCC_VERSION</key>
				<string>com.apple.compilers.llvm.clang.1_0</string>
				<key>GCC_WARN_ABOUT_RETURN_TYPE</key>
				<string>YES</string>
				<key>GCC_WARN_UNINITIALIZED_AUTOS</key>
				<string>YES</string>
				<key>GCC_WARN_UNUSED_VARIABLE</key>
				<string>YES</string>
				<key>IPHONEOS_DEPLOYMENT_TARGET</key>
				<string>6.0</string>
				<key>OTHER_CFLAGS</key>
				<string>-DNS_BLOCK_ASSERTIONS=1</string>
				<key>SDKROOT</key>
				<string>iphoneos</string>
				<key>VALIDATE_PRODUCT</key>
				<string>YES</string>
			</dict>
			<key>isa</key>
			<string>XCBuildConfiguration</string>
			<key>name</key>
			<string>Release</string>
		</dict>
		<key>40C4657615B14A860047BB60</key>
		<dict>
			<key>buildConfigurations</key>
			<array>
				<string>40C4657715B14A860047BB60</string>
				<string>40C4657815B14A860047BB60</string>
			</array>
			<key>defaultConfigurationIsVisible</key>
			<string>0</string>
			<key>defaultConfigurationName</key>
			<string>Release</string>
			<key>isa</key>
			<string>XCConfigurationList</string>
		</dict>
		<key>40C4657715B14A860047BB60</key>
		<dict>
			<key>baseConfigurationReference</key>
			<string>810B94251A1A43C4B1316CEA</string>
			<key>buildSettings</key>
			<dict>
				<key>GCC_PRECOMPILE_PREFIX_HEADER</key>
				<string>YES</string>
				<key>GCC_PREFIX_HEADER</key>
				<string>Stab/Mince-Prefix.pch</string>
				<key>INFOPLIST_FILE</key>
				<string>Stab/Mince-Info.plist</string>
				<key>IPHONEOS_DEPLOYMENT_TARGET</key>
				<string>6.0</string>
				<key>LIBRARY_SEARCH_PATHS</key>
				<array>
					<string>$(inherited)</string>
					<string>"$(SRCROOT)/Tesseract/lib"</string>
				</array>
				<key>PRODUCT_NAME</key>
				<string>$(TARGET_NAME)</string>
				<key>WRAPPER_EXTENSION</key>
				<string>app</string>
			</dict>
			<key>isa</key>
			<string>XCBuildConfiguration</string>
			<key>name</key>
			<string>Debug</string>
		</dict>
		<key>40C4657815B14A860047BB60</key>
		<dict>
			<key>baseConfigurationReference</key>
			<string>810B94251A1A43C4B1316CEA</string>
			<key>buildSettings</key>
			<dict>
				<key>GCC_PRECOMPILE_PREFIX_HEADER</key>
				<string>YES</string>
				<key>GCC_PREFIX_HEADER</key>
				<string>Stab/Mince-Prefix.pch</string>
				<key>INFOPLIST_FILE</key>
				<string>Stab/Mince-Info.plist</string>
				<key>IPHONEOS_DEPLOYMENT_TARGET</key>
				<string>6.0</string>
				<key>LIBRARY_SEARCH_PATHS</key>
				<array>
					<string>$(inherited)</string>
					<string>"$(SRCROOT)/Tesseract/lib"</string>
				</array>
				<key>PRODUCT_NAME</key>
				<string>$(TARGET_NAME)</string>
				<key>WRAPPER_EXTENSION</key>
				<string>app</string>
			</dict>
			<key>isa</key>
			<string>XCBuildConfiguration</string>
			<key>name</key>
			<string>Release</string>
		</dict>
		<key>40D7D93315B24F8D004978C7</key>
		<dict>
			<key>fileEncoding</key>
			<string>4</string>
			<key>isa</key>
			<string>PBXFileReference</string>
			<key>lastKnownFileType</key>
			<string>sourcecode.c.h</string>
			<key>path</key>
			<string>NSString+SIAdditions.h</string>
			<key>sourceTree</key>
			<string>&lt;group&gt;</string>
		</dict>
		<key>40D7D93415B24F8D004978C7</key>
		<dict>
			<key>fileEncoding</key>
			<string>4</string>
			<key>isa</key>
			<string>PBXFileReference</string>
			<key>lastKnownFileType</key>
			<string>sourcecode.c.objc</string>
			<key>path</key>
			<string>NSString+SIAdditions.m</string>
			<key>sourceTree</key>
			<string>&lt;group&gt;</string>
		</dict>
		<key>40D7D93515B24F8D004978C7</key>
		<dict>
			<key>fileRef</key>
			<string>40D7D93415B24F8D004978C7</string>
			<key>isa</key>
			<string>PBXBuildFile</string>
		</dict>
		<key>663E5ACB32474C2DA0490293</key>
		<dict>
			<key>buildActionMask</key>
			<string>2147483647</string>
			<key>files</key>
			<array/>
			<key>inputPaths</key>
			<array/>
			<key>isa</key>
			<string>PBXShellScriptBuildPhase</string>
			<key>name</key>
			<string>Check Pods Manifest.lock</string>
			<key>outputPaths</key>
			<array/>
			<key>runOnlyForDeploymentPostprocessing</key>
			<string>0</string>
			<key>shellPath</key>
			<string>/bin/sh</string>
			<key>shellScript</key>
			<string>diff "${PODS_ROOT}/../Podfile.lock" "${PODS_ROOT}/Manifest.lock" &gt; /dev/null
if [[ $? != 0 ]] ; then
    cat &lt;&lt; EOM
error: The sandbox is not in sync with the Podfile.lock. Run 'pod install' or update your CocoaPods installation.
EOM
    exit 1
fi
</string>
			<key>showEnvVarsInLog</key>
			<string>1</string>
		</dict>
		<key>810B94251A1A43C4B1316CEA</key>
		<dict>
			<key>includeInIndex</key>
			<string>1</string>
			<key>isa</key>
			<string>PBXFileReference</string>
			<key>lastKnownFileType</key>
			<string>text.xcconfig</string>
			<key>name</key>
			<string>Pods.xcconfig</string>
			<key>path</key>
			<string>Pods/Pods.xcconfig</string>
			<key>sourceTree</key>
			<string>SOURCE_ROOT</string>
		</dict>
		<key>9BA99C302FC849A3831190EE</key>
		<dict>
			<key>explicitFileType</key>
			<string>archive.ar</string>
			<key>includeInIndex</key>
			<string>0</string>
			<key>isa</key>
			<string>PBXFileReference</string>
			<key>name</key>
			<string>libPods.a</string>
			<key>path</key>
			<string>libPods.a</string>
			<key>sourceTree</key>
			<string>BUILT_PRODUCTS_DIR</string>
		</dict>
		<key>CA981AF818274AD1B8C0BDB8</key>
		<dict>
			<key>fileRef</key>
			<string>9BA99C302FC849A3831190EE</string>
			<key>isa</key>
			<string>PBXBuildFile</string>
			<key>settings</key>
			<dict/>
		</dict>
	</dict>
	<key>rootObject</key>
	<string>40C4654F15B14A860047BB60</string>
</dict>
</plist>
